
Microsoft Visual Studio Solution File, Format Version 12.00
# Visual Studio Version 17
VisualStudioVersion = 17.6.33723.286
MinimumVisualStudioVersion = 10.0.40219.1
Project("{9A19103F-16F7-4668-BE54-9A1E7A4F7556}") = "GeometrySample", "GeometrySample\GeometrySample.csproj", "{744A727F-5503-4C38-BFC3-C0B41B41AE5D}"
EndProject
Project("{2150E333-8FDC-42A3-9474-1A3956D46DE8}") = "Solution Items", "Solution Items", "{7BC339FB-2C24-4471-AE8A-CDB275A5B963}"
	ProjectSection(SolutionItems) = preProject
		.editorconfig = .editorconfig
		.gitignore = .gitignore
		.vsconfig = .vsconfig
		DI and project structure.pdf = DI and project structure.pdf
		Directory.Build.props = Directory.Build.props
		Directory.Build.targets = Directory.Build.targets
		Directory.Packages.props = Directory.Packages.props
		global.json = global.json
		README.md = README.md
		VSSL.ruleset = VSSL.ruleset
	EndProjectSection
EndProject
Project("{2150E333-8FDC-42A3-9474-1A3956D46DE8}") = "ViewModels", "ViewModels", "{AA48E9EA-AB17-4827-B555-35BAE9EC8CED}"
EndProject
Project("{9A19103F-16F7-4668-BE54-9A1E7A4F7556}") = "ViewModelInterfaces", "ViewModelInterfaces\ViewModelInterfaces.csproj", "{2EF91CD6-10AB-4F7D-9456-8559F08C48C8}"
EndProject
Project("{9A19103F-16F7-4668-BE54-9A1E7A4F7556}") = "ViewModels", "ViewModels\ViewModels.csproj", "{8BCDFDC9-F661-4037-8CD1-E50AB2827F0C}"
EndProject
Project("{2150E333-8FDC-42A3-9474-1A3956D46DE8}") = "DITools", "DITools", "{E9E959AF-1828-40AA-8479-11191067A662}"
EndProject
Project("{9A19103F-16F7-4668-BE54-9A1E7A4F7556}") = "AutoFacDIFacade", "AutoFacDIFacade\AutoFacDIFacade.csproj", "{ABC12D97-E79A-458B-82AE-2BFBB74DF752}"
EndProject
Project("{9A19103F-16F7-4668-BE54-9A1E7A4F7556}") = "DryIocDIFacade", "DryIocDIFacade\DryIocDIFacade.csproj", "{D98F34B1-04AE-41ED-8C5D-BA5C2AFA5BCC}"
EndProject
Project("{2150E333-8FDC-42A3-9474-1A3956D46DE8}") = "Unit Tests", "Unit Tests", "{99F96A42-3805-43C2-AF19-808F78EFEAC1}"
EndProject
Project("{9A19103F-16F7-4668-BE54-9A1E7A4F7556}") = "DIUnitTests", "DIUnitTests\DIUnitTests.csproj", "{0235EDC9-4FDB-4F5C-B507-063A4305138E}"
EndProject
Project("{9A19103F-16F7-4668-BE54-9A1E7A4F7556}") = "LamarDiFacade", "LamarDiFacade\LamarDiFacade.csproj", "{FBF74B67-FD83-44A6-9A52-1653349AAE33}"
EndProject
Project("{2150E333-8FDC-42A3-9474-1A3956D46DE8}") = "Framework", "Framework", "{96356F46-BB81-45EB-AD21-DD3BECB5EFF9}"
EndProject
Project("{9A19103F-16F7-4668-BE54-9A1E7A4F7556}") = "Framework.Helpers", "Framework.Helpers\Framework.Helpers.csproj", "{55940D22-782F-4CE0-A97E-087AC1B620B7}"
EndProject
Project("{9A19103F-16F7-4668-BE54-9A1E7A4F7556}") = "Framework.VMUtilities", "Framework.VMUtilities\Framework.VMUtilities.csproj", "{03399FE9-1D79-422F-9013-664727E386E1}"
EndProject
Project("{9A19103F-16F7-4668-BE54-9A1E7A4F7556}") = "FrameworkInterfaces", "FrameworkInterfaces\FrameworkInterfaces.csproj", "{453A59BF-8594-4A4F-8E5C-841A8A5A47C6}"
EndProject
Project("{9A19103F-16F7-4668-BE54-9A1E7A4F7556}") = "MSExtFacade", "MSExtFacade\MSExtFacade.csproj", "{B38D4760-2AB1-4B0F-85E9-3F51B18C8753}"
EndProject
Project("{9A19103F-16F7-4668-BE54-9A1E7A4F7556}") = "SimInjDIFacade", "SimInjDIFacade\SimInjDIFacade.csproj", "{A38056B9-EE08-4F27-A7A8-A25AA416728F}"
EndProject
Project("{9A19103F-16F7-4668-BE54-9A1E7A4F7556}") = "TinyDIFacade", "TinyDIFacade\TinyDIFacade.csproj", "{3D53302B-8818-433D-AF59-5FFB3BE714C8}"
EndProject
Project("{9A19103F-16F7-4668-BE54-9A1E7A4F7556}") = "UnityDIFacade", "UnityDIFacade\UnityDIFacade.csproj", "{897390EF-2163-4191-9107-12435852A1EA}"
EndProject
Project("{9A19103F-16F7-4668-BE54-9A1E7A4F7556}") = "Framework.Net7", "Framework.Net7\Framework.Net7.csproj", "{95F61E61-80A8-470A-9D84-C94F2320330B}"
EndProject
Project("{9A19103F-16F7-4668-BE54-9A1E7A4F7556}") = "CastleWindsorDiFacade", "CastleWindsorDiFacade\CastleWindsorDiFacade.csproj", "{143D8779-C122-4902-98BB-1720947834AF}"
EndProject
Project("{9A19103F-16F7-4668-BE54-9A1E7A4F7556}") = "GraceDIFacade", "GraceDIFacade\GraceDIFacade.csproj", "{9EA09B04-CCC9-4A11-83CA-92B091D2E01F}"
EndProject
Project("{9A19103F-16F7-4668-BE54-9A1E7A4F7556}") = "StashBoxDIFacade", "StashBoxDIFacade\StashBoxDIFacade.csproj", "{DCEF0A59-B3DD-47CB-9015-C69FEFE804D0}"
EndProject
Project("{9A19103F-16F7-4668-BE54-9A1E7A4F7556}") = "SMDIFacade", "SMDIFacade\SMDIFacade.csproj", "{3645B2B9-0AFF-420F-9DCC-E37E22BA02D2}"
EndProject
Project("{2150E333-8FDC-42A3-9474-1A3956D46DE8}") = "Services", "Services", "{A7208489-6B66-43E5-B114-306E58E434DA}"
EndProject
Project("{FAE04EC0-301F-11D3-BF4B-00C04F79EFBC}") = "ServiceInterfaces", "ServiceInterfaces\ServiceInterfaces.csproj", "{B5E96A14-2690-4D3A-9C42-BD155E5CF54A}"
EndProject
Project("{FAE04EC0-301F-11D3-BF4B-00C04F79EFBC}") = "Services", "Services\Services.csproj", "{C4F2CBC7-261C-4805-8322-B5A67A0D4559}"
EndProject
Global
	GlobalSection(SolutionConfigurationPlatforms) = preSolution
		Debug|Any CPU = Debug|Any CPU
		Debug|ARM = Debug|ARM
		Debug|arm64 = Debug|arm64
		Debug|x64 = Debug|x64
		Debug|x86 = Debug|x86
		Release|Any CPU = Release|Any CPU
		Release|ARM = Release|ARM
		Release|arm64 = Release|arm64
		Release|x64 = Release|x64
		Release|x86 = Release|x86
	EndGlobalSection
	GlobalSection(ProjectConfigurationPlatforms) = postSolution
		{744A727F-5503-4C38-BFC3-C0B41B41AE5D}.Debug|Any CPU.ActiveCfg = Debug|Any CPU
		{744A727F-5503-4C38-BFC3-C0B41B41AE5D}.Debug|Any CPU.Build.0 = Debug|Any CPU
		{744A727F-5503-4C38-BFC3-C0B41B41AE5D}.Debug|ARM.ActiveCfg = Debug|Any CPU
		{744A727F-5503-4C38-BFC3-C0B41B41AE5D}.Debug|ARM.Build.0 = Debug|Any CPU
		{744A727F-5503-4C38-BFC3-C0B41B41AE5D}.Debug|arm64.ActiveCfg = Debug|Any CPU
		{744A727F-5503-4C38-BFC3-C0B41B41AE5D}.Debug|arm64.Build.0 = Debug|Any CPU
		{744A727F-5503-4C38-BFC3-C0B41B41AE5D}.Debug|x64.ActiveCfg = Debug|Any CPU
		{744A727F-5503-4C38-BFC3-C0B41B41AE5D}.Debug|x64.Build.0 = Debug|Any CPU
		{744A727F-5503-4C38-BFC3-C0B41B41AE5D}.Debug|x86.ActiveCfg = Debug|Any CPU
		{744A727F-5503-4C38-BFC3-C0B41B41AE5D}.Debug|x86.Build.0 = Debug|Any CPU
		{744A727F-5503-4C38-BFC3-C0B41B41AE5D}.Release|Any CPU.ActiveCfg = Release|Any CPU
		{744A727F-5503-4C38-BFC3-C0B41B41AE5D}.Release|Any CPU.Build.0 = Release|Any CPU
		{744A727F-5503-4C38-BFC3-C0B41B41AE5D}.Release|ARM.ActiveCfg = Release|Any CPU
		{744A727F-5503-4C38-BFC3-C0B41B41AE5D}.Release|ARM.Build.0 = Release|Any CPU
		{744A727F-5503-4C38-BFC3-C0B41B41AE5D}.Release|arm64.ActiveCfg = Release|Any CPU
		{744A727F-5503-4C38-BFC3-C0B41B41AE5D}.Release|arm64.Build.0 = Release|Any CPU
		{744A727F-5503-4C38-BFC3-C0B41B41AE5D}.Release|x64.ActiveCfg = Release|Any CPU
		{744A727F-5503-4C38-BFC3-C0B41B41AE5D}.Release|x64.Build.0 = Release|Any CPU
		{744A727F-5503-4C38-BFC3-C0B41B41AE5D}.Release|x86.ActiveCfg = Release|Any CPU
		{744A727F-5503-4C38-BFC3-C0B41B41AE5D}.Release|x86.Build.0 = Release|Any CPU
		{2EF91CD6-10AB-4F7D-9456-8559F08C48C8}.Debug|Any CPU.ActiveCfg = Debug|Any CPU
		{2EF91CD6-10AB-4F7D-9456-8559F08C48C8}.Debug|Any CPU.Build.0 = Debug|Any CPU
		{2EF91CD6-10AB-4F7D-9456-8559F08C48C8}.Debug|ARM.ActiveCfg = Debug|Any CPU
		{2EF91CD6-10AB-4F7D-9456-8559F08C48C8}.Debug|ARM.Build.0 = Debug|Any CPU
		{2EF91CD6-10AB-4F7D-9456-8559F08C48C8}.Debug|arm64.ActiveCfg = Debug|Any CPU
		{2EF91CD6-10AB-4F7D-9456-8559F08C48C8}.Debug|arm64.Build.0 = Debug|Any CPU
		{2EF91CD6-10AB-4F7D-9456-8559F08C48C8}.Debug|x64.ActiveCfg = Debug|Any CPU
		{2EF91CD6-10AB-4F7D-9456-8559F08C48C8}.Debug|x64.Build.0 = Debug|Any CPU
		{2EF91CD6-10AB-4F7D-9456-8559F08C48C8}.Debug|x86.ActiveCfg = Debug|Any CPU
		{2EF91CD6-10AB-4F7D-9456-8559F08C48C8}.Debug|x86.Build.0 = Debug|Any CPU
		{2EF91CD6-10AB-4F7D-9456-8559F08C48C8}.Release|Any CPU.ActiveCfg = Release|Any CPU
		{2EF91CD6-10AB-4F7D-9456-8559F08C48C8}.Release|Any CPU.Build.0 = Release|Any CPU
		{2EF91CD6-10AB-4F7D-9456-8559F08C48C8}.Release|ARM.ActiveCfg = Release|Any CPU
		{2EF91CD6-10AB-4F7D-9456-8559F08C48C8}.Release|ARM.Build.0 = Release|Any CPU
		{2EF91CD6-10AB-4F7D-9456-8559F08C48C8}.Release|arm64.ActiveCfg = Release|Any CPU
		{2EF91CD6-10AB-4F7D-9456-8559F08C48C8}.Release|arm64.Build.0 = Release|Any CPU
		{2EF91CD6-10AB-4F7D-9456-8559F08C48C8}.Release|x64.ActiveCfg = Release|Any CPU
		{2EF91CD6-10AB-4F7D-9456-8559F08C48C8}.Release|x64.Build.0 = Release|Any CPU
		{2EF91CD6-10AB-4F7D-9456-8559F08C48C8}.Release|x86.ActiveCfg = Release|Any CPU
		{2EF91CD6-10AB-4F7D-9456-8559F08C48C8}.Release|x86.Build.0 = Release|Any CPU
		{8BCDFDC9-F661-4037-8CD1-E50AB2827F0C}.Debug|Any CPU.ActiveCfg = Debug|Any CPU
		{8BCDFDC9-F661-4037-8CD1-E50AB2827F0C}.Debug|Any CPU.Build.0 = Debug|Any CPU
		{8BCDFDC9-F661-4037-8CD1-E50AB2827F0C}.Debug|ARM.ActiveCfg = Debug|Any CPU
		{8BCDFDC9-F661-4037-8CD1-E50AB2827F0C}.Debug|ARM.Build.0 = Debug|Any CPU
		{8BCDFDC9-F661-4037-8CD1-E50AB2827F0C}.Debug|arm64.ActiveCfg = Debug|Any CPU
		{8BCDFDC9-F661-4037-8CD1-E50AB2827F0C}.Debug|arm64.Build.0 = Debug|Any CPU
		{8BCDFDC9-F661-4037-8CD1-E50AB2827F0C}.Debug|x64.ActiveCfg = Debug|Any CPU
		{8BCDFDC9-F661-4037-8CD1-E50AB2827F0C}.Debug|x64.Build.0 = Debug|Any CPU
		{8BCDFDC9-F661-4037-8CD1-E50AB2827F0C}.Debug|x86.ActiveCfg = Debug|Any CPU
		{8BCDFDC9-F661-4037-8CD1-E50AB2827F0C}.Debug|x86.Build.0 = Debug|Any CPU
		{8BCDFDC9-F661-4037-8CD1-E50AB2827F0C}.Release|Any CPU.ActiveCfg = Release|Any CPU
		{8BCDFDC9-F661-4037-8CD1-E50AB2827F0C}.Release|Any CPU.Build.0 = Release|Any CPU
		{8BCDFDC9-F661-4037-8CD1-E50AB2827F0C}.Release|ARM.ActiveCfg = Release|Any CPU
		{8BCDFDC9-F661-4037-8CD1-E50AB2827F0C}.Release|ARM.Build.0 = Release|Any CPU
		{8BCDFDC9-F661-4037-8CD1-E50AB2827F0C}.Release|arm64.ActiveCfg = Release|Any CPU
		{8BCDFDC9-F661-4037-8CD1-E50AB2827F0C}.Release|arm64.Build.0 = Release|Any CPU
		{8BCDFDC9-F661-4037-8CD1-E50AB2827F0C}.Release|x64.ActiveCfg = Release|Any CPU
		{8BCDFDC9-F661-4037-8CD1-E50AB2827F0C}.Release|x64.Build.0 = Release|Any CPU
		{8BCDFDC9-F661-4037-8CD1-E50AB2827F0C}.Release|x86.ActiveCfg = Release|Any CPU
		{8BCDFDC9-F661-4037-8CD1-E50AB2827F0C}.Release|x86.Build.0 = Release|Any CPU
		{ABC12D97-E79A-458B-82AE-2BFBB74DF752}.Debug|Any CPU.ActiveCfg = Debug|Any CPU
		{ABC12D97-E79A-458B-82AE-2BFBB74DF752}.Debug|Any CPU.Build.0 = Debug|Any CPU
		{ABC12D97-E79A-458B-82AE-2BFBB74DF752}.Debug|ARM.ActiveCfg = Debug|Any CPU
		{ABC12D97-E79A-458B-82AE-2BFBB74DF752}.Debug|ARM.Build.0 = Debug|Any CPU
		{ABC12D97-E79A-458B-82AE-2BFBB74DF752}.Debug|arm64.ActiveCfg = Debug|Any CPU
		{ABC12D97-E79A-458B-82AE-2BFBB74DF752}.Debug|arm64.Build.0 = Debug|Any CPU
		{ABC12D97-E79A-458B-82AE-2BFBB74DF752}.Debug|x64.ActiveCfg = Debug|Any CPU
		{ABC12D97-E79A-458B-82AE-2BFBB74DF752}.Debug|x64.Build.0 = Debug|Any CPU
		{ABC12D97-E79A-458B-82AE-2BFBB74DF752}.Debug|x86.ActiveCfg = Debug|Any CPU
		{ABC12D97-E79A-458B-82AE-2BFBB74DF752}.Debug|x86.Build.0 = Debug|Any CPU
		{ABC12D97-E79A-458B-82AE-2BFBB74DF752}.Release|Any CPU.ActiveCfg = Release|Any CPU
		{ABC12D97-E79A-458B-82AE-2BFBB74DF752}.Release|Any CPU.Build.0 = Release|Any CPU
		{ABC12D97-E79A-458B-82AE-2BFBB74DF752}.Release|ARM.ActiveCfg = Release|Any CPU
		{ABC12D97-E79A-458B-82AE-2BFBB74DF752}.Release|ARM.Build.0 = Release|Any CPU
		{ABC12D97-E79A-458B-82AE-2BFBB74DF752}.Release|arm64.ActiveCfg = Release|Any CPU
		{ABC12D97-E79A-458B-82AE-2BFBB74DF752}.Release|arm64.Build.0 = Release|Any CPU
		{ABC12D97-E79A-458B-82AE-2BFBB74DF752}.Release|x64.ActiveCfg = Release|Any CPU
		{ABC12D97-E79A-458B-82AE-2BFBB74DF752}.Release|x64.Build.0 = Release|Any CPU
		{ABC12D97-E79A-458B-82AE-2BFBB74DF752}.Release|x86.ActiveCfg = Release|Any CPU
		{ABC12D97-E79A-458B-82AE-2BFBB74DF752}.Release|x86.Build.0 = Release|Any CPU
		{D98F34B1-04AE-41ED-8C5D-BA5C2AFA5BCC}.Debug|Any CPU.ActiveCfg = Debug|Any CPU
		{D98F34B1-04AE-41ED-8C5D-BA5C2AFA5BCC}.Debug|Any CPU.Build.0 = Debug|Any CPU
		{D98F34B1-04AE-41ED-8C5D-BA5C2AFA5BCC}.Debug|ARM.ActiveCfg = Debug|Any CPU
		{D98F34B1-04AE-41ED-8C5D-BA5C2AFA5BCC}.Debug|ARM.Build.0 = Debug|Any CPU
		{D98F34B1-04AE-41ED-8C5D-BA5C2AFA5BCC}.Debug|arm64.ActiveCfg = Debug|Any CPU
		{D98F34B1-04AE-41ED-8C5D-BA5C2AFA5BCC}.Debug|arm64.Build.0 = Debug|Any CPU
		{D98F34B1-04AE-41ED-8C5D-BA5C2AFA5BCC}.Debug|x64.ActiveCfg = Debug|Any CPU
		{D98F34B1-04AE-41ED-8C5D-BA5C2AFA5BCC}.Debug|x64.Build.0 = Debug|Any CPU
		{D98F34B1-04AE-41ED-8C5D-BA5C2AFA5BCC}.Debug|x86.ActiveCfg = Debug|Any CPU
		{D98F34B1-04AE-41ED-8C5D-BA5C2AFA5BCC}.Debug|x86.Build.0 = Debug|Any CPU
		{D98F34B1-04AE-41ED-8C5D-BA5C2AFA5BCC}.Release|Any CPU.ActiveCfg = Release|Any CPU
		{D98F34B1-04AE-41ED-8C5D-BA5C2AFA5BCC}.Release|Any CPU.Build.0 = Release|Any CPU
		{D98F34B1-04AE-41ED-8C5D-BA5C2AFA5BCC}.Release|ARM.ActiveCfg = Release|Any CPU
		{D98F34B1-04AE-41ED-8C5D-BA5C2AFA5BCC}.Release|ARM.Build.0 = Release|Any CPU
		{D98F34B1-04AE-41ED-8C5D-BA5C2AFA5BCC}.Release|arm64.ActiveCfg = Release|Any CPU
		{D98F34B1-04AE-41ED-8C5D-BA5C2AFA5BCC}.Release|arm64.Build.0 = Release|Any CPU
		{D98F34B1-04AE-41ED-8C5D-BA5C2AFA5BCC}.Release|x64.ActiveCfg = Release|Any CPU
		{D98F34B1-04AE-41ED-8C5D-BA5C2AFA5BCC}.Release|x64.Build.0 = Release|Any CPU
		{D98F34B1-04AE-41ED-8C5D-BA5C2AFA5BCC}.Release|x86.ActiveCfg = Release|Any CPU
		{D98F34B1-04AE-41ED-8C5D-BA5C2AFA5BCC}.Release|x86.Build.0 = Release|Any CPU
		{0235EDC9-4FDB-4F5C-B507-063A4305138E}.Debug|Any CPU.ActiveCfg = Debug|Any CPU
		{0235EDC9-4FDB-4F5C-B507-063A4305138E}.Debug|Any CPU.Build.0 = Debug|Any CPU
		{0235EDC9-4FDB-4F5C-B507-063A4305138E}.Debug|ARM.ActiveCfg = Debug|Any CPU
		{0235EDC9-4FDB-4F5C-B507-063A4305138E}.Debug|ARM.Build.0 = Debug|Any CPU
		{0235EDC9-4FDB-4F5C-B507-063A4305138E}.Debug|arm64.ActiveCfg = Debug|Any CPU
		{0235EDC9-4FDB-4F5C-B507-063A4305138E}.Debug|arm64.Build.0 = Debug|Any CPU
		{0235EDC9-4FDB-4F5C-B507-063A4305138E}.Debug|x64.ActiveCfg = Debug|Any CPU
		{0235EDC9-4FDB-4F5C-B507-063A4305138E}.Debug|x64.Build.0 = Debug|Any CPU
		{0235EDC9-4FDB-4F5C-B507-063A4305138E}.Debug|x86.ActiveCfg = Debug|Any CPU
		{0235EDC9-4FDB-4F5C-B507-063A4305138E}.Debug|x86.Build.0 = Debug|Any CPU
		{0235EDC9-4FDB-4F5C-B507-063A4305138E}.Release|Any CPU.ActiveCfg = Release|Any CPU
		{0235EDC9-4FDB-4F5C-B507-063A4305138E}.Release|Any CPU.Build.0 = Release|Any CPU
		{0235EDC9-4FDB-4F5C-B507-063A4305138E}.Release|ARM.ActiveCfg = Release|Any CPU
		{0235EDC9-4FDB-4F5C-B507-063A4305138E}.Release|ARM.Build.0 = Release|Any CPU
		{0235EDC9-4FDB-4F5C-B507-063A4305138E}.Release|arm64.ActiveCfg = Release|Any CPU
		{0235EDC9-4FDB-4F5C-B507-063A4305138E}.Release|arm64.Build.0 = Release|Any CPU
		{0235EDC9-4FDB-4F5C-B507-063A4305138E}.Release|x64.ActiveCfg = Release|Any CPU
		{0235EDC9-4FDB-4F5C-B507-063A4305138E}.Release|x64.Build.0 = Release|Any CPU
		{0235EDC9-4FDB-4F5C-B507-063A4305138E}.Release|x86.ActiveCfg = Release|Any CPU
		{0235EDC9-4FDB-4F5C-B507-063A4305138E}.Release|x86.Build.0 = Release|Any CPU
		{FBF74B67-FD83-44A6-9A52-1653349AAE33}.Debug|Any CPU.ActiveCfg = Debug|Any CPU
		{FBF74B67-FD83-44A6-9A52-1653349AAE33}.Debug|Any CPU.Build.0 = Debug|Any CPU
		{FBF74B67-FD83-44A6-9A52-1653349AAE33}.Debug|ARM.ActiveCfg = Debug|Any CPU
		{FBF74B67-FD83-44A6-9A52-1653349AAE33}.Debug|ARM.Build.0 = Debug|Any CPU
		{FBF74B67-FD83-44A6-9A52-1653349AAE33}.Debug|arm64.ActiveCfg = Debug|Any CPU
		{FBF74B67-FD83-44A6-9A52-1653349AAE33}.Debug|arm64.Build.0 = Debug|Any CPU
		{FBF74B67-FD83-44A6-9A52-1653349AAE33}.Debug|x64.ActiveCfg = Debug|Any CPU
		{FBF74B67-FD83-44A6-9A52-1653349AAE33}.Debug|x64.Build.0 = Debug|Any CPU
		{FBF74B67-FD83-44A6-9A52-1653349AAE33}.Debug|x86.ActiveCfg = Debug|Any CPU
		{FBF74B67-FD83-44A6-9A52-1653349AAE33}.Debug|x86.Build.0 = Debug|Any CPU
		{FBF74B67-FD83-44A6-9A52-1653349AAE33}.Release|Any CPU.ActiveCfg = Release|Any CPU
		{FBF74B67-FD83-44A6-9A52-1653349AAE33}.Release|Any CPU.Build.0 = Release|Any CPU
		{FBF74B67-FD83-44A6-9A52-1653349AAE33}.Release|ARM.ActiveCfg = Release|Any CPU
		{FBF74B67-FD83-44A6-9A52-1653349AAE33}.Release|ARM.Build.0 = Release|Any CPU
		{FBF74B67-FD83-44A6-9A52-1653349AAE33}.Release|arm64.ActiveCfg = Release|Any CPU
		{FBF74B67-FD83-44A6-9A52-1653349AAE33}.Release|arm64.Build.0 = Release|Any CPU
		{FBF74B67-FD83-44A6-9A52-1653349AAE33}.Release|x64.ActiveCfg = Release|Any CPU
		{FBF74B67-FD83-44A6-9A52-1653349AAE33}.Release|x64.Build.0 = Release|Any CPU
		{FBF74B67-FD83-44A6-9A52-1653349AAE33}.Release|x86.ActiveCfg = Release|Any CPU
		{FBF74B67-FD83-44A6-9A52-1653349AAE33}.Release|x86.Build.0 = Release|Any CPU
		{55940D22-782F-4CE0-A97E-087AC1B620B7}.Debug|Any CPU.ActiveCfg = Debug|Any CPU
		{55940D22-782F-4CE0-A97E-087AC1B620B7}.Debug|Any CPU.Build.0 = Debug|Any CPU
		{55940D22-782F-4CE0-A97E-087AC1B620B7}.Debug|ARM.ActiveCfg = Debug|Any CPU
		{55940D22-782F-4CE0-A97E-087AC1B620B7}.Debug|ARM.Build.0 = Debug|Any CPU
		{55940D22-782F-4CE0-A97E-087AC1B620B7}.Debug|arm64.ActiveCfg = Debug|Any CPU
		{55940D22-782F-4CE0-A97E-087AC1B620B7}.Debug|arm64.Build.0 = Debug|Any CPU
		{55940D22-782F-4CE0-A97E-087AC1B620B7}.Debug|x64.ActiveCfg = Debug|Any CPU
		{55940D22-782F-4CE0-A97E-087AC1B620B7}.Debug|x64.Build.0 = Debug|Any CPU
		{55940D22-782F-4CE0-A97E-087AC1B620B7}.Debug|x86.ActiveCfg = Debug|Any CPU
		{55940D22-782F-4CE0-A97E-087AC1B620B7}.Debug|x86.Build.0 = Debug|Any CPU
		{55940D22-782F-4CE0-A97E-087AC1B620B7}.Release|Any CPU.ActiveCfg = Release|Any CPU
		{55940D22-782F-4CE0-A97E-087AC1B620B7}.Release|Any CPU.Build.0 = Release|Any CPU
		{55940D22-782F-4CE0-A97E-087AC1B620B7}.Release|ARM.ActiveCfg = Release|Any CPU
		{55940D22-782F-4CE0-A97E-087AC1B620B7}.Release|ARM.Build.0 = Release|Any CPU
		{55940D22-782F-4CE0-A97E-087AC1B620B7}.Release|arm64.ActiveCfg = Release|Any CPU
		{55940D22-782F-4CE0-A97E-087AC1B620B7}.Release|arm64.Build.0 = Release|Any CPU
		{55940D22-782F-4CE0-A97E-087AC1B620B7}.Release|x64.ActiveCfg = Release|Any CPU
		{55940D22-782F-4CE0-A97E-087AC1B620B7}.Release|x64.Build.0 = Release|Any CPU
		{55940D22-782F-4CE0-A97E-087AC1B620B7}.Release|x86.ActiveCfg = Release|Any CPU
		{55940D22-782F-4CE0-A97E-087AC1B620B7}.Release|x86.Build.0 = Release|Any CPU
		{03399FE9-1D79-422F-9013-664727E386E1}.Debug|Any CPU.ActiveCfg = Debug|Any CPU
		{03399FE9-1D79-422F-9013-664727E386E1}.Debug|Any CPU.Build.0 = Debug|Any CPU
		{03399FE9-1D79-422F-9013-664727E386E1}.Debug|ARM.ActiveCfg = Debug|Any CPU
		{03399FE9-1D79-422F-9013-664727E386E1}.Debug|ARM.Build.0 = Debug|Any CPU
		{03399FE9-1D79-422F-9013-664727E386E1}.Debug|arm64.ActiveCfg = Debug|Any CPU
		{03399FE9-1D79-422F-9013-664727E386E1}.Debug|arm64.Build.0 = Debug|Any CPU
		{03399FE9-1D79-422F-9013-664727E386E1}.Debug|x64.ActiveCfg = Debug|Any CPU
		{03399FE9-1D79-422F-9013-664727E386E1}.Debug|x64.Build.0 = Debug|Any CPU
		{03399FE9-1D79-422F-9013-664727E386E1}.Debug|x86.ActiveCfg = Debug|Any CPU
		{03399FE9-1D79-422F-9013-664727E386E1}.Debug|x86.Build.0 = Debug|Any CPU
		{03399FE9-1D79-422F-9013-664727E386E1}.Release|Any CPU.ActiveCfg = Release|Any CPU
		{03399FE9-1D79-422F-9013-664727E386E1}.Release|Any CPU.Build.0 = Release|Any CPU
		{03399FE9-1D79-422F-9013-664727E386E1}.Release|ARM.ActiveCfg = Release|Any CPU
		{03399FE9-1D79-422F-9013-664727E386E1}.Release|ARM.Build.0 = Release|Any CPU
		{03399FE9-1D79-422F-9013-664727E386E1}.Release|arm64.ActiveCfg = Release|Any CPU
		{03399FE9-1D79-422F-9013-664727E386E1}.Release|arm64.Build.0 = Release|Any CPU
		{03399FE9-1D79-422F-9013-664727E386E1}.Release|x64.ActiveCfg = Release|Any CPU
		{03399FE9-1D79-422F-9013-664727E386E1}.Release|x64.Build.0 = Release|Any CPU
		{03399FE9-1D79-422F-9013-664727E386E1}.Release|x86.ActiveCfg = Release|Any CPU
		{03399FE9-1D79-422F-9013-664727E386E1}.Release|x86.Build.0 = Release|Any CPU
		{453A59BF-8594-4A4F-8E5C-841A8A5A47C6}.Debug|Any CPU.ActiveCfg = Debug|Any CPU
		{453A59BF-8594-4A4F-8E5C-841A8A5A47C6}.Debug|Any CPU.Build.0 = Debug|Any CPU
		{453A59BF-8594-4A4F-8E5C-841A8A5A47C6}.Debug|ARM.ActiveCfg = Debug|Any CPU
		{453A59BF-8594-4A4F-8E5C-841A8A5A47C6}.Debug|ARM.Build.0 = Debug|Any CPU
		{453A59BF-8594-4A4F-8E5C-841A8A5A47C6}.Debug|arm64.ActiveCfg = Debug|Any CPU
		{453A59BF-8594-4A4F-8E5C-841A8A5A47C6}.Debug|arm64.Build.0 = Debug|Any CPU
		{453A59BF-8594-4A4F-8E5C-841A8A5A47C6}.Debug|x64.ActiveCfg = Debug|Any CPU
		{453A59BF-8594-4A4F-8E5C-841A8A5A47C6}.Debug|x64.Build.0 = Debug|Any CPU
		{453A59BF-8594-4A4F-8E5C-841A8A5A47C6}.Debug|x86.ActiveCfg = Debug|Any CPU
		{453A59BF-8594-4A4F-8E5C-841A8A5A47C6}.Debug|x86.Build.0 = Debug|Any CPU
		{453A59BF-8594-4A4F-8E5C-841A8A5A47C6}.Release|Any CPU.ActiveCfg = Release|Any CPU
		{453A59BF-8594-4A4F-8E5C-841A8A5A47C6}.Release|Any CPU.Build.0 = Release|Any CPU
		{453A59BF-8594-4A4F-8E5C-841A8A5A47C6}.Release|ARM.ActiveCfg = Release|Any CPU
		{453A59BF-8594-4A4F-8E5C-841A8A5A47C6}.Release|ARM.Build.0 = Release|Any CPU
		{453A59BF-8594-4A4F-8E5C-841A8A5A47C6}.Release|arm64.ActiveCfg = Release|Any CPU
		{453A59BF-8594-4A4F-8E5C-841A8A5A47C6}.Release|arm64.Build.0 = Release|Any CPU
		{453A59BF-8594-4A4F-8E5C-841A8A5A47C6}.Release|x64.ActiveCfg = Release|Any CPU
		{453A59BF-8594-4A4F-8E5C-841A8A5A47C6}.Release|x64.Build.0 = Release|Any CPU
		{453A59BF-8594-4A4F-8E5C-841A8A5A47C6}.Release|x86.ActiveCfg = Release|Any CPU
		{453A59BF-8594-4A4F-8E5C-841A8A5A47C6}.Release|x86.Build.0 = Release|Any CPU
		{B38D4760-2AB1-4B0F-85E9-3F51B18C8753}.Debug|Any CPU.ActiveCfg = Debug|Any CPU
		{B38D4760-2AB1-4B0F-85E9-3F51B18C8753}.Debug|Any CPU.Build.0 = Debug|Any CPU
		{B38D4760-2AB1-4B0F-85E9-3F51B18C8753}.Debug|ARM.ActiveCfg = Debug|Any CPU
		{B38D4760-2AB1-4B0F-85E9-3F51B18C8753}.Debug|ARM.Build.0 = Debug|Any CPU
		{B38D4760-2AB1-4B0F-85E9-3F51B18C8753}.Debug|arm64.ActiveCfg = Debug|Any CPU
		{B38D4760-2AB1-4B0F-85E9-3F51B18C8753}.Debug|arm64.Build.0 = Debug|Any CPU
		{B38D4760-2AB1-4B0F-85E9-3F51B18C8753}.Debug|x64.ActiveCfg = Debug|Any CPU
		{B38D4760-2AB1-4B0F-85E9-3F51B18C8753}.Debug|x64.Build.0 = Debug|Any CPU
		{B38D4760-2AB1-4B0F-85E9-3F51B18C8753}.Debug|x86.ActiveCfg = Debug|Any CPU
		{B38D4760-2AB1-4B0F-85E9-3F51B18C8753}.Debug|x86.Build.0 = Debug|Any CPU
		{B38D4760-2AB1-4B0F-85E9-3F51B18C8753}.Release|Any CPU.ActiveCfg = Release|Any CPU
		{B38D4760-2AB1-4B0F-85E9-3F51B18C8753}.Release|Any CPU.Build.0 = Release|Any CPU
		{B38D4760-2AB1-4B0F-85E9-3F51B18C8753}.Release|ARM.ActiveCfg = Release|Any CPU
		{B38D4760-2AB1-4B0F-85E9-3F51B18C8753}.Release|ARM.Build.0 = Release|Any CPU
		{B38D4760-2AB1-4B0F-85E9-3F51B18C8753}.Release|arm64.ActiveCfg = Release|Any CPU
		{B38D4760-2AB1-4B0F-85E9-3F51B18C8753}.Release|arm64.Build.0 = Release|Any CPU
		{B38D4760-2AB1-4B0F-85E9-3F51B18C8753}.Release|x64.ActiveCfg = Release|Any CPU
		{B38D4760-2AB1-4B0F-85E9-3F51B18C8753}.Release|x64.Build.0 = Release|Any CPU
		{B38D4760-2AB1-4B0F-85E9-3F51B18C8753}.Release|x86.ActiveCfg = Release|Any CPU
		{B38D4760-2AB1-4B0F-85E9-3F51B18C8753}.Release|x86.Build.0 = Release|Any CPU
		{A38056B9-EE08-4F27-A7A8-A25AA416728F}.Debug|Any CPU.ActiveCfg = Debug|Any CPU
		{A38056B9-EE08-4F27-A7A8-A25AA416728F}.Debug|Any CPU.Build.0 = Debug|Any CPU
		{A38056B9-EE08-4F27-A7A8-A25AA416728F}.Debug|ARM.ActiveCfg = Debug|Any CPU
		{A38056B9-EE08-4F27-A7A8-A25AA416728F}.Debug|ARM.Build.0 = Debug|Any CPU
		{A38056B9-EE08-4F27-A7A8-A25AA416728F}.Debug|arm64.ActiveCfg = Debug|Any CPU
		{A38056B9-EE08-4F27-A7A8-A25AA416728F}.Debug|arm64.Build.0 = Debug|Any CPU
		{A38056B9-EE08-4F27-A7A8-A25AA416728F}.Debug|x64.ActiveCfg = Debug|Any CPU
		{A38056B9-EE08-4F27-A7A8-A25AA416728F}.Debug|x64.Build.0 = Debug|Any CPU
		{A38056B9-EE08-4F27-A7A8-A25AA416728F}.Debug|x86.ActiveCfg = Debug|Any CPU
		{A38056B9-EE08-4F27-A7A8-A25AA416728F}.Debug|x86.Build.0 = Debug|Any CPU
		{A38056B9-EE08-4F27-A7A8-A25AA416728F}.Release|Any CPU.ActiveCfg = Release|Any CPU
		{A38056B9-EE08-4F27-A7A8-A25AA416728F}.Release|Any CPU.Build.0 = Release|Any CPU
		{A38056B9-EE08-4F27-A7A8-A25AA416728F}.Release|ARM.ActiveCfg = Release|Any CPU
		{A38056B9-EE08-4F27-A7A8-A25AA416728F}.Release|ARM.Build.0 = Release|Any CPU
		{A38056B9-EE08-4F27-A7A8-A25AA416728F}.Release|arm64.ActiveCfg = Release|Any CPU
		{A38056B9-EE08-4F27-A7A8-A25AA416728F}.Release|arm64.Build.0 = Release|Any CPU
		{A38056B9-EE08-4F27-A7A8-A25AA416728F}.Release|x64.ActiveCfg = Release|Any CPU
		{A38056B9-EE08-4F27-A7A8-A25AA416728F}.Release|x64.Build.0 = Release|Any CPU
		{A38056B9-EE08-4F27-A7A8-A25AA416728F}.Release|x86.ActiveCfg = Release|Any CPU
		{A38056B9-EE08-4F27-A7A8-A25AA416728F}.Release|x86.Build.0 = Release|Any CPU
		{3D53302B-8818-433D-AF59-5FFB3BE714C8}.Debug|Any CPU.ActiveCfg = Debug|Any CPU
		{3D53302B-8818-433D-AF59-5FFB3BE714C8}.Debug|Any CPU.Build.0 = Debug|Any CPU
		{3D53302B-8818-433D-AF59-5FFB3BE714C8}.Debug|ARM.ActiveCfg = Debug|Any CPU
		{3D53302B-8818-433D-AF59-5FFB3BE714C8}.Debug|ARM.Build.0 = Debug|Any CPU
		{3D53302B-8818-433D-AF59-5FFB3BE714C8}.Debug|arm64.ActiveCfg = Debug|Any CPU
		{3D53302B-8818-433D-AF59-5FFB3BE714C8}.Debug|arm64.Build.0 = Debug|Any CPU
		{3D53302B-8818-433D-AF59-5FFB3BE714C8}.Debug|x64.ActiveCfg = Debug|Any CPU
		{3D53302B-8818-433D-AF59-5FFB3BE714C8}.Debug|x64.Build.0 = Debug|Any CPU
		{3D53302B-8818-433D-AF59-5FFB3BE714C8}.Debug|x86.ActiveCfg = Debug|Any CPU
		{3D53302B-8818-433D-AF59-5FFB3BE714C8}.Debug|x86.Build.0 = Debug|Any CPU
		{3D53302B-8818-433D-AF59-5FFB3BE714C8}.Release|Any CPU.ActiveCfg = Release|Any CPU
		{3D53302B-8818-433D-AF59-5FFB3BE714C8}.Release|Any CPU.Build.0 = Release|Any CPU
		{3D53302B-8818-433D-AF59-5FFB3BE714C8}.Release|ARM.ActiveCfg = Release|Any CPU
		{3D53302B-8818-433D-AF59-5FFB3BE714C8}.Release|ARM.Build.0 = Release|Any CPU
		{3D53302B-8818-433D-AF59-5FFB3BE714C8}.Release|arm64.ActiveCfg = Release|Any CPU
		{3D53302B-8818-433D-AF59-5FFB3BE714C8}.Release|arm64.Build.0 = Release|Any CPU
		{3D53302B-8818-433D-AF59-5FFB3BE714C8}.Release|x64.ActiveCfg = Release|Any CPU
		{3D53302B-8818-433D-AF59-5FFB3BE714C8}.Release|x64.Build.0 = Release|Any CPU
		{3D53302B-8818-433D-AF59-5FFB3BE714C8}.Release|x86.ActiveCfg = Release|Any CPU
		{3D53302B-8818-433D-AF59-5FFB3BE714C8}.Release|x86.Build.0 = Release|Any CPU
		{897390EF-2163-4191-9107-12435852A1EA}.Debug|Any CPU.ActiveCfg = Debug|Any CPU
		{897390EF-2163-4191-9107-12435852A1EA}.Debug|Any CPU.Build.0 = Debug|Any CPU
		{897390EF-2163-4191-9107-12435852A1EA}.Debug|ARM.ActiveCfg = Debug|Any CPU
		{897390EF-2163-4191-9107-12435852A1EA}.Debug|ARM.Build.0 = Debug|Any CPU
		{897390EF-2163-4191-9107-12435852A1EA}.Debug|arm64.ActiveCfg = Debug|Any CPU
		{897390EF-2163-4191-9107-12435852A1EA}.Debug|arm64.Build.0 = Debug|Any CPU
		{897390EF-2163-4191-9107-12435852A1EA}.Debug|x64.ActiveCfg = Debug|Any CPU
		{897390EF-2163-4191-9107-12435852A1EA}.Debug|x64.Build.0 = Debug|Any CPU
		{897390EF-2163-4191-9107-12435852A1EA}.Debug|x86.ActiveCfg = Debug|Any CPU
		{897390EF-2163-4191-9107-12435852A1EA}.Debug|x86.Build.0 = Debug|Any CPU
		{897390EF-2163-4191-9107-12435852A1EA}.Release|Any CPU.ActiveCfg = Release|Any CPU
		{897390EF-2163-4191-9107-12435852A1EA}.Release|Any CPU.Build.0 = Release|Any CPU
		{897390EF-2163-4191-9107-12435852A1EA}.Release|ARM.ActiveCfg = Release|Any CPU
		{897390EF-2163-4191-9107-12435852A1EA}.Release|ARM.Build.0 = Release|Any CPU
		{897390EF-2163-4191-9107-12435852A1EA}.Release|arm64.ActiveCfg = Release|Any CPU
		{897390EF-2163-4191-9107-12435852A1EA}.Release|arm64.Build.0 = Release|Any CPU
		{897390EF-2163-4191-9107-12435852A1EA}.Release|x64.ActiveCfg = Release|Any CPU
		{897390EF-2163-4191-9107-12435852A1EA}.Release|x64.Build.0 = Release|Any CPU
		{897390EF-2163-4191-9107-12435852A1EA}.Release|x86.ActiveCfg = Release|Any CPU
		{897390EF-2163-4191-9107-12435852A1EA}.Release|x86.Build.0 = Release|Any CPU
		{95F61E61-80A8-470A-9D84-C94F2320330B}.Debug|Any CPU.ActiveCfg = Debug|Any CPU
		{95F61E61-80A8-470A-9D84-C94F2320330B}.Debug|Any CPU.Build.0 = Debug|Any CPU
		{95F61E61-80A8-470A-9D84-C94F2320330B}.Debug|ARM.ActiveCfg = Debug|Any CPU
		{95F61E61-80A8-470A-9D84-C94F2320330B}.Debug|ARM.Build.0 = Debug|Any CPU
		{95F61E61-80A8-470A-9D84-C94F2320330B}.Debug|arm64.ActiveCfg = Debug|Any CPU
		{95F61E61-80A8-470A-9D84-C94F2320330B}.Debug|arm64.Build.0 = Debug|Any CPU
		{95F61E61-80A8-470A-9D84-C94F2320330B}.Debug|x64.ActiveCfg = Debug|Any CPU
		{95F61E61-80A8-470A-9D84-C94F2320330B}.Debug|x64.Build.0 = Debug|Any CPU
		{95F61E61-80A8-470A-9D84-C94F2320330B}.Debug|x86.ActiveCfg = Debug|Any CPU
		{95F61E61-80A8-470A-9D84-C94F2320330B}.Debug|x86.Build.0 = Debug|Any CPU
		{95F61E61-80A8-470A-9D84-C94F2320330B}.Release|Any CPU.ActiveCfg = Release|Any CPU
		{95F61E61-80A8-470A-9D84-C94F2320330B}.Release|Any CPU.Build.0 = Release|Any CPU
		{95F61E61-80A8-470A-9D84-C94F2320330B}.Release|ARM.ActiveCfg = Release|Any CPU
		{95F61E61-80A8-470A-9D84-C94F2320330B}.Release|ARM.Build.0 = Release|Any CPU
		{95F61E61-80A8-470A-9D84-C94F2320330B}.Release|arm64.ActiveCfg = Release|Any CPU
		{95F61E61-80A8-470A-9D84-C94F2320330B}.Release|arm64.Build.0 = Release|Any CPU
		{95F61E61-80A8-470A-9D84-C94F2320330B}.Release|x64.ActiveCfg = Release|Any CPU
		{95F61E61-80A8-470A-9D84-C94F2320330B}.Release|x64.Build.0 = Release|Any CPU
		{95F61E61-80A8-470A-9D84-C94F2320330B}.Release|x86.ActiveCfg = Release|Any CPU
		{95F61E61-80A8-470A-9D84-C94F2320330B}.Release|x86.Build.0 = Release|Any CPU
		{143D8779-C122-4902-98BB-1720947834AF}.Debug|Any CPU.ActiveCfg = Debug|Any CPU
		{143D8779-C122-4902-98BB-1720947834AF}.Debug|Any CPU.Build.0 = Debug|Any CPU
		{143D8779-C122-4902-98BB-1720947834AF}.Debug|ARM.ActiveCfg = Debug|Any CPU
		{143D8779-C122-4902-98BB-1720947834AF}.Debug|ARM.Build.0 = Debug|Any CPU
		{143D8779-C122-4902-98BB-1720947834AF}.Debug|arm64.ActiveCfg = Debug|Any CPU
		{143D8779-C122-4902-98BB-1720947834AF}.Debug|arm64.Build.0 = Debug|Any CPU
		{143D8779-C122-4902-98BB-1720947834AF}.Debug|x64.ActiveCfg = Debug|Any CPU
		{143D8779-C122-4902-98BB-1720947834AF}.Debug|x64.Build.0 = Debug|Any CPU
		{143D8779-C122-4902-98BB-1720947834AF}.Debug|x86.ActiveCfg = Debug|Any CPU
		{143D8779-C122-4902-98BB-1720947834AF}.Debug|x86.Build.0 = Debug|Any CPU
		{143D8779-C122-4902-98BB-1720947834AF}.Release|Any CPU.ActiveCfg = Release|Any CPU
		{143D8779-C122-4902-98BB-1720947834AF}.Release|Any CPU.Build.0 = Release|Any CPU
		{143D8779-C122-4902-98BB-1720947834AF}.Release|ARM.ActiveCfg = Release|Any CPU
		{143D8779-C122-4902-98BB-1720947834AF}.Release|ARM.Build.0 = Release|Any CPU
		{143D8779-C122-4902-98BB-1720947834AF}.Release|arm64.ActiveCfg = Release|Any CPU
		{143D8779-C122-4902-98BB-1720947834AF}.Release|arm64.Build.0 = Release|Any CPU
		{143D8779-C122-4902-98BB-1720947834AF}.Release|x64.ActiveCfg = Release|Any CPU
		{143D8779-C122-4902-98BB-1720947834AF}.Release|x64.Build.0 = Release|Any CPU
		{143D8779-C122-4902-98BB-1720947834AF}.Release|x86.ActiveCfg = Release|Any CPU
		{143D8779-C122-4902-98BB-1720947834AF}.Release|x86.Build.0 = Release|Any CPU
		{9EA09B04-CCC9-4A11-83CA-92B091D2E01F}.Debug|Any CPU.ActiveCfg = Debug|Any CPU
		{9EA09B04-CCC9-4A11-83CA-92B091D2E01F}.Debug|Any CPU.Build.0 = Debug|Any CPU
		{9EA09B04-CCC9-4A11-83CA-92B091D2E01F}.Debug|ARM.ActiveCfg = Debug|Any CPU
		{9EA09B04-CCC9-4A11-83CA-92B091D2E01F}.Debug|ARM.Build.0 = Debug|Any CPU
		{9EA09B04-CCC9-4A11-83CA-92B091D2E01F}.Debug|arm64.ActiveCfg = Debug|Any CPU
		{9EA09B04-CCC9-4A11-83CA-92B091D2E01F}.Debug|arm64.Build.0 = Debug|Any CPU
		{9EA09B04-CCC9-4A11-83CA-92B091D2E01F}.Debug|x64.ActiveCfg = Debug|Any CPU
		{9EA09B04-CCC9-4A11-83CA-92B091D2E01F}.Debug|x64.Build.0 = Debug|Any CPU
		{9EA09B04-CCC9-4A11-83CA-92B091D2E01F}.Debug|x86.ActiveCfg = Debug|Any CPU
		{9EA09B04-CCC9-4A11-83CA-92B091D2E01F}.Debug|x86.Build.0 = Debug|Any CPU
		{9EA09B04-CCC9-4A11-83CA-92B091D2E01F}.Release|Any CPU.ActiveCfg = Release|Any CPU
		{9EA09B04-CCC9-4A11-83CA-92B091D2E01F}.Release|Any CPU.Build.0 = Release|Any CPU
		{9EA09B04-CCC9-4A11-83CA-92B091D2E01F}.Release|ARM.ActiveCfg = Release|Any CPU
		{9EA09B04-CCC9-4A11-83CA-92B091D2E01F}.Release|ARM.Build.0 = Release|Any CPU
		{9EA09B04-CCC9-4A11-83CA-92B091D2E01F}.Release|arm64.ActiveCfg = Release|Any CPU
		{9EA09B04-CCC9-4A11-83CA-92B091D2E01F}.Release|arm64.Build.0 = Release|Any CPU
		{9EA09B04-CCC9-4A11-83CA-92B091D2E01F}.Release|x64.ActiveCfg = Release|Any CPU
		{9EA09B04-CCC9-4A11-83CA-92B091D2E01F}.Release|x64.Build.0 = Release|Any CPU
		{9EA09B04-CCC9-4A11-83CA-92B091D2E01F}.Release|x86.ActiveCfg = Release|Any CPU
		{9EA09B04-CCC9-4A11-83CA-92B091D2E01F}.Release|x86.Build.0 = Release|Any CPU
		{DCEF0A59-B3DD-47CB-9015-C69FEFE804D0}.Debug|Any CPU.ActiveCfg = Debug|Any CPU
		{DCEF0A59-B3DD-47CB-9015-C69FEFE804D0}.Debug|Any CPU.Build.0 = Debug|Any CPU
		{DCEF0A59-B3DD-47CB-9015-C69FEFE804D0}.Debug|ARM.ActiveCfg = Debug|Any CPU
		{DCEF0A59-B3DD-47CB-9015-C69FEFE804D0}.Debug|ARM.Build.0 = Debug|Any CPU
		{DCEF0A59-B3DD-47CB-9015-C69FEFE804D0}.Debug|arm64.ActiveCfg = Debug|Any CPU
		{DCEF0A59-B3DD-47CB-9015-C69FEFE804D0}.Debug|arm64.Build.0 = Debug|Any CPU
		{DCEF0A59-B3DD-47CB-9015-C69FEFE804D0}.Debug|x64.ActiveCfg = Debug|Any CPU
		{DCEF0A59-B3DD-47CB-9015-C69FEFE804D0}.Debug|x64.Build.0 = Debug|Any CPU
		{DCEF0A59-B3DD-47CB-9015-C69FEFE804D0}.Debug|x86.ActiveCfg = Debug|Any CPU
		{DCEF0A59-B3DD-47CB-9015-C69FEFE804D0}.Debug|x86.Build.0 = Debug|Any CPU
		{DCEF0A59-B3DD-47CB-9015-C69FEFE804D0}.Release|Any CPU.ActiveCfg = Release|Any CPU
		{DCEF0A59-B3DD-47CB-9015-C69FEFE804D0}.Release|Any CPU.Build.0 = Release|Any CPU
		{DCEF0A59-B3DD-47CB-9015-C69FEFE804D0}.Release|ARM.ActiveCfg = Release|Any CPU
		{DCEF0A59-B3DD-47CB-9015-C69FEFE804D0}.Release|ARM.Build.0 = Release|Any CPU
		{DCEF0A59-B3DD-47CB-9015-C69FEFE804D0}.Release|arm64.ActiveCfg = Release|Any CPU
		{DCEF0A59-B3DD-47CB-9015-C69FEFE804D0}.Release|arm64.Build.0 = Release|Any CPU
		{DCEF0A59-B3DD-47CB-9015-C69FEFE804D0}.Release|x64.ActiveCfg = Release|Any CPU
		{DCEF0A59-B3DD-47CB-9015-C69FEFE804D0}.Release|x64.Build.0 = Release|Any CPU
		{DCEF0A59-B3DD-47CB-9015-C69FEFE804D0}.Release|x86.ActiveCfg = Release|Any CPU
		{DCEF0A59-B3DD-47CB-9015-C69FEFE804D0}.Release|x86.Build.0 = Release|Any CPU
		{3645B2B9-0AFF-420F-9DCC-E37E22BA02D2}.Debug|Any CPU.ActiveCfg = Debug|Any CPU
		{3645B2B9-0AFF-420F-9DCC-E37E22BA02D2}.Debug|Any CPU.Build.0 = Debug|Any CPU
		{3645B2B9-0AFF-420F-9DCC-E37E22BA02D2}.Debug|ARM.ActiveCfg = Debug|Any CPU
		{3645B2B9-0AFF-420F-9DCC-E37E22BA02D2}.Debug|ARM.Build.0 = Debug|Any CPU
		{3645B2B9-0AFF-420F-9DCC-E37E22BA02D2}.Debug|arm64.ActiveCfg = Debug|Any CPU
		{3645B2B9-0AFF-420F-9DCC-E37E22BA02D2}.Debug|arm64.Build.0 = Debug|Any CPU
		{3645B2B9-0AFF-420F-9DCC-E37E22BA02D2}.Debug|x64.ActiveCfg = Debug|Any CPU
		{3645B2B9-0AFF-420F-9DCC-E37E22BA02D2}.Debug|x64.Build.0 = Debug|Any CPU
		{3645B2B9-0AFF-420F-9DCC-E37E22BA02D2}.Debug|x86.ActiveCfg = Debug|Any CPU
		{3645B2B9-0AFF-420F-9DCC-E37E22BA02D2}.Debug|x86.Build.0 = Debug|Any CPU
		{3645B2B9-0AFF-420F-9DCC-E37E22BA02D2}.Release|Any CPU.ActiveCfg = Release|Any CPU
		{3645B2B9-0AFF-420F-9DCC-E37E22BA02D2}.Release|Any CPU.Build.0 = Release|Any CPU
		{3645B2B9-0AFF-420F-9DCC-E37E22BA02D2}.Release|ARM.ActiveCfg = Release|Any CPU
		{3645B2B9-0AFF-420F-9DCC-E37E22BA02D2}.Release|ARM.Build.0 = Release|Any CPU
		{3645B2B9-0AFF-420F-9DCC-E37E22BA02D2}.Release|arm64.ActiveCfg = Release|Any CPU
		{3645B2B9-0AFF-420F-9DCC-E37E22BA02D2}.Release|arm64.Build.0 = Release|Any CPU
		{3645B2B9-0AFF-420F-9DCC-E37E22BA02D2}.Release|x64.ActiveCfg = Release|Any CPU
		{3645B2B9-0AFF-420F-9DCC-E37E22BA02D2}.Release|x64.Build.0 = Release|Any CPU
		{3645B2B9-0AFF-420F-9DCC-E37E22BA02D2}.Release|x86.ActiveCfg = Release|Any CPU
		{3645B2B9-0AFF-420F-9DCC-E37E22BA02D2}.Release|x86.Build.0 = Release|Any CPU
		{B5E96A14-2690-4D3A-9C42-BD155E5CF54A}.Debug|Any CPU.ActiveCfg = Debug|Any CPU
		{B5E96A14-2690-4D3A-9C42-BD155E5CF54A}.Debug|Any CPU.Build.0 = Debug|Any CPU
		{B5E96A14-2690-4D3A-9C42-BD155E5CF54A}.Debug|ARM.ActiveCfg = Debug|Any CPU
		{B5E96A14-2690-4D3A-9C42-BD155E5CF54A}.Debug|ARM.Build.0 = Debug|Any CPU
		{B5E96A14-2690-4D3A-9C42-BD155E5CF54A}.Debug|arm64.ActiveCfg = Debug|Any CPU
		{B5E96A14-2690-4D3A-9C42-BD155E5CF54A}.Debug|arm64.Build.0 = Debug|Any CPU
		{B5E96A14-2690-4D3A-9C42-BD155E5CF54A}.Debug|x64.ActiveCfg = Debug|Any CPU
		{B5E96A14-2690-4D3A-9C42-BD155E5CF54A}.Debug|x64.Build.0 = Debug|Any CPU
		{B5E96A14-2690-4D3A-9C42-BD155E5CF54A}.Debug|x86.ActiveCfg = Debug|Any CPU
		{B5E96A14-2690-4D3A-9C42-BD155E5CF54A}.Debug|x86.Build.0 = Debug|Any CPU
		{B5E96A14-2690-4D3A-9C42-BD155E5CF54A}.Release|Any CPU.ActiveCfg = Release|Any CPU
		{B5E96A14-2690-4D3A-9C42-BD155E5CF54A}.Release|Any CPU.Build.0 = Release|Any CPU
		{B5E96A14-2690-4D3A-9C42-BD155E5CF54A}.Release|ARM.ActiveCfg = Release|Any CPU
		{B5E96A14-2690-4D3A-9C42-BD155E5CF54A}.Release|ARM.Build.0 = Release|Any CPU
		{B5E96A14-2690-4D3A-9C42-BD155E5CF54A}.Release|arm64.ActiveCfg = Release|Any CPU
		{B5E96A14-2690-4D3A-9C42-BD155E5CF54A}.Release|arm64.Build.0 = Release|Any CPU
		{B5E96A14-2690-4D3A-9C42-BD155E5CF54A}.Release|x64.ActiveCfg = Release|Any CPU
		{B5E96A14-2690-4D3A-9C42-BD155E5CF54A}.Release|x64.Build.0 = Release|Any CPU
		{B5E96A14-2690-4D3A-9C42-BD155E5CF54A}.Release|x86.ActiveCfg = Release|Any CPU
		{B5E96A14-2690-4D3A-9C42-BD155E5CF54A}.Release|x86.Build.0 = Release|Any CPU
		{C4F2CBC7-261C-4805-8322-B5A67A0D4559}.Debug|Any CPU.ActiveCfg = Debug|Any CPU
		{C4F2CBC7-261C-4805-8322-B5A67A0D4559}.Debug|Any CPU.Build.0 = Debug|Any CPU
		{C4F2CBC7-261C-4805-8322-B5A67A0D4559}.Debug|ARM.ActiveCfg = Debug|Any CPU
		{C4F2CBC7-261C-4805-8322-B5A67A0D4559}.Debug|ARM.Build.0 = Debug|Any CPU
		{C4F2CBC7-261C-4805-8322-B5A67A0D4559}.Debug|arm64.ActiveCfg = Debug|Any CPU
		{C4F2CBC7-261C-4805-8322-B5A67A0D4559}.Debug|arm64.Build.0 = Debug|Any CPU
		{C4F2CBC7-261C-4805-8322-B5A67A0D4559}.Debug|x64.ActiveCfg = Debug|Any CPU
		{C4F2CBC7-261C-4805-8322-B5A67A0D4559}.Debug|x64.Build.0 = Debug|Any CPU
		{C4F2CBC7-261C-4805-8322-B5A67A0D4559}.Debug|x86.ActiveCfg = Debug|Any CPU
		{C4F2CBC7-261C-4805-8322-B5A67A0D4559}.Debug|x86.Build.0 = Debug|Any CPU
		{C4F2CBC7-261C-4805-8322-B5A67A0D4559}.Release|Any CPU.ActiveCfg = Release|Any CPU
		{C4F2CBC7-261C-4805-8322-B5A67A0D4559}.Release|Any CPU.Build.0 = Release|Any CPU
		{C4F2CBC7-261C-4805-8322-B5A67A0D4559}.Release|ARM.ActiveCfg = Release|Any CPU
		{C4F2CBC7-261C-4805-8322-B5A67A0D4559}.Release|ARM.Build.0 = Release|Any CPU
		{C4F2CBC7-261C-4805-8322-B5A67A0D4559}.Release|arm64.ActiveCfg = Release|Any CPU
		{C4F2CBC7-261C-4805-8322-B5A67A0D4559}.Release|arm64.Build.0 = Release|Any CPU
		{C4F2CBC7-261C-4805-8322-B5A67A0D4559}.Release|x64.ActiveCfg = Release|Any CPU
		{C4F2CBC7-261C-4805-8322-B5A67A0D4559}.Release|x64.Build.0 = Release|Any CPU
		{C4F2CBC7-261C-4805-8322-B5A67A0D4559}.Release|x86.ActiveCfg = Release|Any CPU
		{C4F2CBC7-261C-4805-8322-B5A67A0D4559}.Release|x86.Build.0 = Release|Any CPU
	EndGlobalSection
	GlobalSection(SolutionProperties) = preSolution
		HideSolutionNode = FALSE
	EndGlobalSection
	GlobalSection(NestedProjects) = preSolution
		{2EF91CD6-10AB-4F7D-9456-8559F08C48C8} = {AA48E9EA-AB17-4827-B555-35BAE9EC8CED}
		{8BCDFDC9-F661-4037-8CD1-E50AB2827F0C} = {AA48E9EA-AB17-4827-B555-35BAE9EC8CED}
		{ABC12D97-E79A-458B-82AE-2BFBB74DF752} = {E9E959AF-1828-40AA-8479-11191067A662}
		{D98F34B1-04AE-41ED-8C5D-BA5C2AFA5BCC} = {E9E959AF-1828-40AA-8479-11191067A662}
		{0235EDC9-4FDB-4F5C-B507-063A4305138E} = {99F96A42-3805-43C2-AF19-808F78EFEAC1}
		{FBF74B67-FD83-44A6-9A52-1653349AAE33} = {E9E959AF-1828-40AA-8479-11191067A662}
		{55940D22-782F-4CE0-A97E-087AC1B620B7} = {96356F46-BB81-45EB-AD21-DD3BECB5EFF9}
		{03399FE9-1D79-422F-9013-664727E386E1} = {96356F46-BB81-45EB-AD21-DD3BECB5EFF9}
		{453A59BF-8594-4A4F-8E5C-841A8A5A47C6} = {96356F46-BB81-45EB-AD21-DD3BECB5EFF9}
		{B38D4760-2AB1-4B0F-85E9-3F51B18C8753} = {E9E959AF-1828-40AA-8479-11191067A662}
		{A38056B9-EE08-4F27-A7A8-A25AA416728F} = {E9E959AF-1828-40AA-8479-11191067A662}
		{3D53302B-8818-433D-AF59-5FFB3BE714C8} = {E9E959AF-1828-40AA-8479-11191067A662}
		{897390EF-2163-4191-9107-12435852A1EA} = {E9E959AF-1828-40AA-8479-11191067A662}
		{95F61E61-80A8-470A-9D84-C94F2320330B} = {96356F46-BB81-45EB-AD21-DD3BECB5EFF9}
		{143D8779-C122-4902-98BB-1720947834AF} = {E9E959AF-1828-40AA-8479-11191067A662}
		{9EA09B04-CCC9-4A11-83CA-92B091D2E01F} = {E9E959AF-1828-40AA-8479-11191067A662}
		{DCEF0A59-B3DD-47CB-9015-C69FEFE804D0} = {E9E959AF-1828-40AA-8479-11191067A662}
		{3645B2B9-0AFF-420F-9DCC-E37E22BA02D2} = {E9E959AF-1828-40AA-8479-11191067A662}
		{B5E96A14-2690-4D3A-9C42-BD155E5CF54A} = {A7208489-6B66-43E5-B114-306E58E434DA}
		{C4F2CBC7-261C-4805-8322-B5A67A0D4559} = {A7208489-6B66-43E5-B114-306E58E434DA}
	EndGlobalSection
	GlobalSection(ExtensibilityGlobals) = postSolution
		SolutionGuid = {785C71D1-A8FB-457C-B160-978907FD3D0B}
	EndGlobalSection
EndGlobal
