
Microsoft Visual Studio Solution File, Format Version 12.00
# Visual Studio Version 17
VisualStudioVersion = 17.1.32210.238
MinimumVisualStudioVersion = 10.0.40219.1
Project("{2150E333-8FDC-42A3-9474-1A3956D46DE8}") = "ViewModel", "ViewModel", "{69A45CC6-0EED-46AE-B025-D180DC94406A}"
EndProject
Project("{9A19103F-16F7-4668-BE54-9A1E7A4F7556}") = "ViewModels", "ViewModels\ViewModels.csproj", "{2A53C117-0B2E-490C-81B5-3D6ADCE5735C}"
EndProject
Project("{9A19103F-16F7-4668-BE54-9A1E7A4F7556}") = "ViewModelInterfaces", "ViewModelInterfaces\ViewModelInterfaces.csproj", "{416D6544-D045-479F-A665-A37E8B366F3D}"
EndProject
Project("{2150E333-8FDC-42A3-9474-1A3956D46DE8}") = "Framework", "Framework", "{20463135-DA36-40DA-839D-33791F4A04BF}"
EndProject
Project("{9A19103F-16F7-4668-BE54-9A1E7A4F7556}") = "FrameworkInterfaces", "FrameworkInterfaces\FrameworkInterfaces.csproj", "{75E80166-9EF0-42AD-85E7-B4CE9CF97B9E}"
EndProject
Project("{9A19103F-16F7-4668-BE54-9A1E7A4F7556}") = "SMDIFacade", "SMDIFacade\SMDIFacade.csproj", "{449AF688-39D5-4E86-AB63-39501CF7C41F}"
EndProject
Project("{9A19103F-16F7-4668-BE54-9A1E7A4F7556}") = "LamarDiFacade", "LamarDiFacade\LamarDiFacade.csproj", "{331F6668-B1FB-4C1C-B3A1-B6F2A0C9A065}"
EndProject
Project("{D954291E-2A0B-460D-934E-DC6B0785DB48}") = "GeometrySample.Shared", "GeometrySample\GeometrySample.Shared\GeometrySample.Shared.shproj", "{6279C845-92F8-4333-AB99-3D213163593C}"
EndProject
Project("{FAE04EC0-301F-11D3-BF4B-00C04F79EFBC}") = "GeometrySample.Droid", "GeometrySample\GeometrySample.Droid\GeometrySample.Droid.csproj", "{4495DF87-1609-44BD-AC63-8CFC018BE9B8}"
EndProject
Project("{FAE04EC0-301F-11D3-BF4B-00C04F79EFBC}") = "GeometrySample.iOS", "GeometrySample\GeometrySample.iOS\GeometrySample.iOS.csproj", "{5D88CD36-EF28-49B8-80E8-E83165EE2CA2}"
EndProject
Project("{FAE04EC0-301F-11D3-BF4B-00C04F79EFBC}") = "GeometrySample.UWP", "GeometrySample\GeometrySample.UWP\GeometrySample.UWP.csproj", "{23E468EB-B449-4617-93E1-84654D0B1B77}"
EndProject
Project("{9A19103F-16F7-4668-BE54-9A1E7A4F7556}") = "GeometrySample.Wasm", "GeometrySample\GeometrySample.Wasm\GeometrySample.Wasm.csproj", "{5CDBD662-9DA0-429B-9E84-4A3142393EAC}"
EndProject
Project("{2150E333-8FDC-42A3-9474-1A3956D46DE8}") = "Views", "Views", "{E68ABFE1-D8C3-40A4-A9E5-EE2CED695AAF}"
EndProject
Project("{9A19103F-16F7-4668-BE54-9A1E7A4F7556}") = "UnityDIFacade", "UnityDIFacade\UnityDIFacade.csproj", "{EFB2CBB2-AF0E-4758-800F-50FA97A49664}"
EndProject
Project("{9A19103F-16F7-4668-BE54-9A1E7A4F7556}") = "Framework.Helpers", "Framework.Helpers\Framework.Helpers.csproj", "{31425516-1131-49DE-9B6D-2979AB7A44D8}"
EndProject
Project("{2150E333-8FDC-42A3-9474-1A3956D46DE8}") = "Solution Items", "Solution Items", "{B237ADC2-9015-4E98-8245-AEA0E2E3525C}"
	ProjectSection(SolutionItems) = preProject
		.gitignore = .gitignore
		README.md = README.md
		Settings.StyleCop = Settings.StyleCop
		VSSL.ruleset = VSSL.ruleset
	EndProjectSection
EndProject
Project("{9A19103F-16F7-4668-BE54-9A1E7A4F7556}") = "TinyDIFacade", "TinyDIFacade\TinyDIFacade.csproj", "{CB0264E1-D81A-425A-BB41-553A44F5BFD9}"
EndProject
Project("{9A19103F-16F7-4668-BE54-9A1E7A4F7556}") = "Framework.VMUtilities", "Framework.VMUtilities\Framework.VMUtilities.csproj", "{C49BE5B6-E867-4688-97A8-ACA029C91EED}"
EndProject
Project("{9A19103F-16F7-4668-BE54-9A1E7A4F7556}") = "Framework.Uno", "Framework.Uno\Framework.Uno.csproj", "{C2306C90-2667-4F81-BFD0-E4E932B0246E}"
EndProject
Project("{9A19103F-16F7-4668-BE54-9A1E7A4F7556}") = "GeometrySample.WinUI", "GeometrySample\GeometrySample.WinUI\GeometrySample.WinUI.csproj", "{76A92C31-8C3D-4B6B-8795-695747D35BA8}"
EndProject
Project("{C7167F0D-BC9F-4E6E-AFE1-012C56B48DB5}") = "GeometrySample.WinUI (Package)", "GeometrySample\GeometrySample.WinUI (Package)\GeometrySample.WinUI (Package).wapproj", "{950477E4-B5A3-4819-A5AF-D6AD8D787EBE}"
EndProject
Global
	GlobalSection(SharedMSBuildProjectFiles) = preSolution
		GeometrySample\GeometrySample.Shared\GeometrySample.Shared.projitems*{23e468eb-b449-4617-93e1-84654d0b1b77}*SharedItemsImports = 4
		GeometrySample\GeometrySample.Shared\GeometrySample.Shared.projitems*{4495df87-1609-44bd-ac63-8cfc018be9b8}*SharedItemsImports = 4
		GeometrySample\GeometrySample.Shared\GeometrySample.Shared.projitems*{5cdbd662-9da0-429b-9e84-4a3142393eac}*SharedItemsImports = 5
		GeometrySample\GeometrySample.Shared\GeometrySample.Shared.projitems*{5d88cd36-ef28-49b8-80e8-e83165ee2ca2}*SharedItemsImports = 4
		GeometrySample\GeometrySample.Shared\GeometrySample.Shared.projitems*{6279c845-92f8-4333-ab99-3d213163593c}*SharedItemsImports = 13
		GeometrySample\GeometrySample.Shared\GeometrySample.Shared.projitems*{76a92c31-8c3d-4b6b-8795-695747d35ba8}*SharedItemsImports = 5
	EndGlobalSection
	GlobalSection(SolutionConfigurationPlatforms) = preSolution
		Ad-Hoc|Any CPU = Ad-Hoc|Any CPU
		Ad-Hoc|ARM = Ad-Hoc|ARM
		Ad-Hoc|arm64 = Ad-Hoc|arm64
		Ad-Hoc|iPhone = Ad-Hoc|iPhone
		Ad-Hoc|iPhoneSimulator = Ad-Hoc|iPhoneSimulator
		Ad-Hoc|x64 = Ad-Hoc|x64
		Ad-Hoc|x86 = Ad-Hoc|x86
		AppStore|Any CPU = AppStore|Any CPU
		AppStore|ARM = AppStore|ARM
		AppStore|arm64 = AppStore|arm64
		AppStore|iPhone = AppStore|iPhone
		AppStore|iPhoneSimulator = AppStore|iPhoneSimulator
		AppStore|x64 = AppStore|x64
		AppStore|x86 = AppStore|x86
		Debug|Any CPU = Debug|Any CPU
		Debug|ARM = Debug|ARM
		Debug|arm64 = Debug|arm64
		Debug|iPhone = Debug|iPhone
		Debug|iPhoneSimulator = Debug|iPhoneSimulator
		Debug|x64 = Debug|x64
		Debug|x86 = Debug|x86
		Release|Any CPU = Release|Any CPU
		Release|ARM = Release|ARM
		Release|arm64 = Release|arm64
		Release|iPhone = Release|iPhone
		Release|iPhoneSimulator = Release|iPhoneSimulator
		Release|x64 = Release|x64
		Release|x86 = Release|x86
	EndGlobalSection
	GlobalSection(ProjectConfigurationPlatforms) = postSolution
		{2A53C117-0B2E-490C-81B5-3D6ADCE5735C}.Ad-Hoc|Any CPU.ActiveCfg = Debug|Any CPU
		{2A53C117-0B2E-490C-81B5-3D6ADCE5735C}.Ad-Hoc|Any CPU.Build.0 = Debug|Any CPU
		{2A53C117-0B2E-490C-81B5-3D6ADCE5735C}.Ad-Hoc|ARM.ActiveCfg = Debug|Any CPU
		{2A53C117-0B2E-490C-81B5-3D6ADCE5735C}.Ad-Hoc|ARM.Build.0 = Debug|Any CPU
		{2A53C117-0B2E-490C-81B5-3D6ADCE5735C}.Ad-Hoc|arm64.ActiveCfg = Release|Any CPU
		{2A53C117-0B2E-490C-81B5-3D6ADCE5735C}.Ad-Hoc|arm64.Build.0 = Release|Any CPU
		{2A53C117-0B2E-490C-81B5-3D6ADCE5735C}.Ad-Hoc|iPhone.ActiveCfg = Debug|Any CPU
		{2A53C117-0B2E-490C-81B5-3D6ADCE5735C}.Ad-Hoc|iPhone.Build.0 = Debug|Any CPU
		{2A53C117-0B2E-490C-81B5-3D6ADCE5735C}.Ad-Hoc|iPhoneSimulator.ActiveCfg = Debug|Any CPU
		{2A53C117-0B2E-490C-81B5-3D6ADCE5735C}.Ad-Hoc|iPhoneSimulator.Build.0 = Debug|Any CPU
		{2A53C117-0B2E-490C-81B5-3D6ADCE5735C}.Ad-Hoc|x64.ActiveCfg = Debug|Any CPU
		{2A53C117-0B2E-490C-81B5-3D6ADCE5735C}.Ad-Hoc|x64.Build.0 = Debug|Any CPU
		{2A53C117-0B2E-490C-81B5-3D6ADCE5735C}.Ad-Hoc|x86.ActiveCfg = Debug|Any CPU
		{2A53C117-0B2E-490C-81B5-3D6ADCE5735C}.Ad-Hoc|x86.Build.0 = Debug|Any CPU
		{2A53C117-0B2E-490C-81B5-3D6ADCE5735C}.AppStore|Any CPU.ActiveCfg = Debug|Any CPU
		{2A53C117-0B2E-490C-81B5-3D6ADCE5735C}.AppStore|Any CPU.Build.0 = Debug|Any CPU
		{2A53C117-0B2E-490C-81B5-3D6ADCE5735C}.AppStore|ARM.ActiveCfg = Debug|Any CPU
		{2A53C117-0B2E-490C-81B5-3D6ADCE5735C}.AppStore|ARM.Build.0 = Debug|Any CPU
		{2A53C117-0B2E-490C-81B5-3D6ADCE5735C}.AppStore|arm64.ActiveCfg = Release|Any CPU
		{2A53C117-0B2E-490C-81B5-3D6ADCE5735C}.AppStore|arm64.Build.0 = Release|Any CPU
		{2A53C117-0B2E-490C-81B5-3D6ADCE5735C}.AppStore|iPhone.ActiveCfg = Debug|Any CPU
		{2A53C117-0B2E-490C-81B5-3D6ADCE5735C}.AppStore|iPhone.Build.0 = Debug|Any CPU
		{2A53C117-0B2E-490C-81B5-3D6ADCE5735C}.AppStore|iPhoneSimulator.ActiveCfg = Debug|Any CPU
		{2A53C117-0B2E-490C-81B5-3D6ADCE5735C}.AppStore|iPhoneSimulator.Build.0 = Debug|Any CPU
		{2A53C117-0B2E-490C-81B5-3D6ADCE5735C}.AppStore|x64.ActiveCfg = Debug|Any CPU
		{2A53C117-0B2E-490C-81B5-3D6ADCE5735C}.AppStore|x64.Build.0 = Debug|Any CPU
		{2A53C117-0B2E-490C-81B5-3D6ADCE5735C}.AppStore|x86.ActiveCfg = Debug|Any CPU
		{2A53C117-0B2E-490C-81B5-3D6ADCE5735C}.AppStore|x86.Build.0 = Debug|Any CPU
		{2A53C117-0B2E-490C-81B5-3D6ADCE5735C}.Debug|Any CPU.ActiveCfg = Debug|Any CPU
		{2A53C117-0B2E-490C-81B5-3D6ADCE5735C}.Debug|Any CPU.Build.0 = Debug|Any CPU
		{2A53C117-0B2E-490C-81B5-3D6ADCE5735C}.Debug|ARM.ActiveCfg = Debug|Any CPU
		{2A53C117-0B2E-490C-81B5-3D6ADCE5735C}.Debug|ARM.Build.0 = Debug|Any CPU
		{2A53C117-0B2E-490C-81B5-3D6ADCE5735C}.Debug|arm64.ActiveCfg = Debug|Any CPU
		{2A53C117-0B2E-490C-81B5-3D6ADCE5735C}.Debug|arm64.Build.0 = Debug|Any CPU
		{2A53C117-0B2E-490C-81B5-3D6ADCE5735C}.Debug|iPhone.ActiveCfg = Debug|Any CPU
		{2A53C117-0B2E-490C-81B5-3D6ADCE5735C}.Debug|iPhone.Build.0 = Debug|Any CPU
		{2A53C117-0B2E-490C-81B5-3D6ADCE5735C}.Debug|iPhoneSimulator.ActiveCfg = Debug|Any CPU
		{2A53C117-0B2E-490C-81B5-3D6ADCE5735C}.Debug|iPhoneSimulator.Build.0 = Debug|Any CPU
		{2A53C117-0B2E-490C-81B5-3D6ADCE5735C}.Debug|x64.ActiveCfg = Debug|Any CPU
		{2A53C117-0B2E-490C-81B5-3D6ADCE5735C}.Debug|x64.Build.0 = Debug|Any CPU
		{2A53C117-0B2E-490C-81B5-3D6ADCE5735C}.Debug|x86.ActiveCfg = Debug|Any CPU
		{2A53C117-0B2E-490C-81B5-3D6ADCE5735C}.Debug|x86.Build.0 = Debug|Any CPU
		{2A53C117-0B2E-490C-81B5-3D6ADCE5735C}.Release|Any CPU.ActiveCfg = Release|Any CPU
		{2A53C117-0B2E-490C-81B5-3D6ADCE5735C}.Release|Any CPU.Build.0 = Release|Any CPU
		{2A53C117-0B2E-490C-81B5-3D6ADCE5735C}.Release|ARM.ActiveCfg = Release|Any CPU
		{2A53C117-0B2E-490C-81B5-3D6ADCE5735C}.Release|ARM.Build.0 = Release|Any CPU
		{2A53C117-0B2E-490C-81B5-3D6ADCE5735C}.Release|arm64.ActiveCfg = Release|Any CPU
		{2A53C117-0B2E-490C-81B5-3D6ADCE5735C}.Release|arm64.Build.0 = Release|Any CPU
		{2A53C117-0B2E-490C-81B5-3D6ADCE5735C}.Release|iPhone.ActiveCfg = Release|Any CPU
		{2A53C117-0B2E-490C-81B5-3D6ADCE5735C}.Release|iPhone.Build.0 = Release|Any CPU
		{2A53C117-0B2E-490C-81B5-3D6ADCE5735C}.Release|iPhoneSimulator.ActiveCfg = Release|Any CPU
		{2A53C117-0B2E-490C-81B5-3D6ADCE5735C}.Release|iPhoneSimulator.Build.0 = Release|Any CPU
		{2A53C117-0B2E-490C-81B5-3D6ADCE5735C}.Release|x64.ActiveCfg = Release|Any CPU
		{2A53C117-0B2E-490C-81B5-3D6ADCE5735C}.Release|x64.Build.0 = Release|Any CPU
		{2A53C117-0B2E-490C-81B5-3D6ADCE5735C}.Release|x86.ActiveCfg = Release|Any CPU
		{2A53C117-0B2E-490C-81B5-3D6ADCE5735C}.Release|x86.Build.0 = Release|Any CPU
		{416D6544-D045-479F-A665-A37E8B366F3D}.Ad-Hoc|Any CPU.ActiveCfg = Debug|Any CPU
		{416D6544-D045-479F-A665-A37E8B366F3D}.Ad-Hoc|Any CPU.Build.0 = Debug|Any CPU
		{416D6544-D045-479F-A665-A37E8B366F3D}.Ad-Hoc|ARM.ActiveCfg = Debug|Any CPU
		{416D6544-D045-479F-A665-A37E8B366F3D}.Ad-Hoc|ARM.Build.0 = Debug|Any CPU
		{416D6544-D045-479F-A665-A37E8B366F3D}.Ad-Hoc|arm64.ActiveCfg = Release|Any CPU
		{416D6544-D045-479F-A665-A37E8B366F3D}.Ad-Hoc|arm64.Build.0 = Release|Any CPU
		{416D6544-D045-479F-A665-A37E8B366F3D}.Ad-Hoc|iPhone.ActiveCfg = Debug|Any CPU
		{416D6544-D045-479F-A665-A37E8B366F3D}.Ad-Hoc|iPhone.Build.0 = Debug|Any CPU
		{416D6544-D045-479F-A665-A37E8B366F3D}.Ad-Hoc|iPhoneSimulator.ActiveCfg = Debug|Any CPU
		{416D6544-D045-479F-A665-A37E8B366F3D}.Ad-Hoc|iPhoneSimulator.Build.0 = Debug|Any CPU
		{416D6544-D045-479F-A665-A37E8B366F3D}.Ad-Hoc|x64.ActiveCfg = Debug|Any CPU
		{416D6544-D045-479F-A665-A37E8B366F3D}.Ad-Hoc|x64.Build.0 = Debug|Any CPU
		{416D6544-D045-479F-A665-A37E8B366F3D}.Ad-Hoc|x86.ActiveCfg = Debug|Any CPU
		{416D6544-D045-479F-A665-A37E8B366F3D}.Ad-Hoc|x86.Build.0 = Debug|Any CPU
		{416D6544-D045-479F-A665-A37E8B366F3D}.AppStore|Any CPU.ActiveCfg = Debug|Any CPU
		{416D6544-D045-479F-A665-A37E8B366F3D}.AppStore|Any CPU.Build.0 = Debug|Any CPU
		{416D6544-D045-479F-A665-A37E8B366F3D}.AppStore|ARM.ActiveCfg = Debug|Any CPU
		{416D6544-D045-479F-A665-A37E8B366F3D}.AppStore|ARM.Build.0 = Debug|Any CPU
		{416D6544-D045-479F-A665-A37E8B366F3D}.AppStore|arm64.ActiveCfg = Release|Any CPU
		{416D6544-D045-479F-A665-A37E8B366F3D}.AppStore|arm64.Build.0 = Release|Any CPU
		{416D6544-D045-479F-A665-A37E8B366F3D}.AppStore|iPhone.ActiveCfg = Debug|Any CPU
		{416D6544-D045-479F-A665-A37E8B366F3D}.AppStore|iPhone.Build.0 = Debug|Any CPU
		{416D6544-D045-479F-A665-A37E8B366F3D}.AppStore|iPhoneSimulator.ActiveCfg = Debug|Any CPU
		{416D6544-D045-479F-A665-A37E8B366F3D}.AppStore|iPhoneSimulator.Build.0 = Debug|Any CPU
		{416D6544-D045-479F-A665-A37E8B366F3D}.AppStore|x64.ActiveCfg = Debug|Any CPU
		{416D6544-D045-479F-A665-A37E8B366F3D}.AppStore|x64.Build.0 = Debug|Any CPU
		{416D6544-D045-479F-A665-A37E8B366F3D}.AppStore|x86.ActiveCfg = Debug|Any CPU
		{416D6544-D045-479F-A665-A37E8B366F3D}.AppStore|x86.Build.0 = Debug|Any CPU
		{416D6544-D045-479F-A665-A37E8B366F3D}.Debug|Any CPU.ActiveCfg = Debug|Any CPU
		{416D6544-D045-479F-A665-A37E8B366F3D}.Debug|Any CPU.Build.0 = Debug|Any CPU
		{416D6544-D045-479F-A665-A37E8B366F3D}.Debug|ARM.ActiveCfg = Debug|Any CPU
		{416D6544-D045-479F-A665-A37E8B366F3D}.Debug|ARM.Build.0 = Debug|Any CPU
		{416D6544-D045-479F-A665-A37E8B366F3D}.Debug|arm64.ActiveCfg = Debug|Any CPU
		{416D6544-D045-479F-A665-A37E8B366F3D}.Debug|arm64.Build.0 = Debug|Any CPU
		{416D6544-D045-479F-A665-A37E8B366F3D}.Debug|iPhone.ActiveCfg = Debug|Any CPU
		{416D6544-D045-479F-A665-A37E8B366F3D}.Debug|iPhone.Build.0 = Debug|Any CPU
		{416D6544-D045-479F-A665-A37E8B366F3D}.Debug|iPhoneSimulator.ActiveCfg = Debug|Any CPU
		{416D6544-D045-479F-A665-A37E8B366F3D}.Debug|iPhoneSimulator.Build.0 = Debug|Any CPU
		{416D6544-D045-479F-A665-A37E8B366F3D}.Debug|x64.ActiveCfg = Debug|Any CPU
		{416D6544-D045-479F-A665-A37E8B366F3D}.Debug|x64.Build.0 = Debug|Any CPU
		{416D6544-D045-479F-A665-A37E8B366F3D}.Debug|x86.ActiveCfg = Debug|Any CPU
		{416D6544-D045-479F-A665-A37E8B366F3D}.Debug|x86.Build.0 = Debug|Any CPU
		{416D6544-D045-479F-A665-A37E8B366F3D}.Release|Any CPU.ActiveCfg = Release|Any CPU
		{416D6544-D045-479F-A665-A37E8B366F3D}.Release|Any CPU.Build.0 = Release|Any CPU
		{416D6544-D045-479F-A665-A37E8B366F3D}.Release|ARM.ActiveCfg = Release|Any CPU
		{416D6544-D045-479F-A665-A37E8B366F3D}.Release|ARM.Build.0 = Release|Any CPU
		{416D6544-D045-479F-A665-A37E8B366F3D}.Release|arm64.ActiveCfg = Release|Any CPU
		{416D6544-D045-479F-A665-A37E8B366F3D}.Release|arm64.Build.0 = Release|Any CPU
		{416D6544-D045-479F-A665-A37E8B366F3D}.Release|iPhone.ActiveCfg = Release|Any CPU
		{416D6544-D045-479F-A665-A37E8B366F3D}.Release|iPhone.Build.0 = Release|Any CPU
		{416D6544-D045-479F-A665-A37E8B366F3D}.Release|iPhoneSimulator.ActiveCfg = Release|Any CPU
		{416D6544-D045-479F-A665-A37E8B366F3D}.Release|iPhoneSimulator.Build.0 = Release|Any CPU
		{416D6544-D045-479F-A665-A37E8B366F3D}.Release|x64.ActiveCfg = Release|Any CPU
		{416D6544-D045-479F-A665-A37E8B366F3D}.Release|x64.Build.0 = Release|Any CPU
		{416D6544-D045-479F-A665-A37E8B366F3D}.Release|x86.ActiveCfg = Release|Any CPU
		{416D6544-D045-479F-A665-A37E8B366F3D}.Release|x86.Build.0 = Release|Any CPU
		{75E80166-9EF0-42AD-85E7-B4CE9CF97B9E}.Ad-Hoc|Any CPU.ActiveCfg = Debug|Any CPU
		{75E80166-9EF0-42AD-85E7-B4CE9CF97B9E}.Ad-Hoc|Any CPU.Build.0 = Debug|Any CPU
		{75E80166-9EF0-42AD-85E7-B4CE9CF97B9E}.Ad-Hoc|ARM.ActiveCfg = Debug|Any CPU
		{75E80166-9EF0-42AD-85E7-B4CE9CF97B9E}.Ad-Hoc|ARM.Build.0 = Debug|Any CPU
		{75E80166-9EF0-42AD-85E7-B4CE9CF97B9E}.Ad-Hoc|arm64.ActiveCfg = Release|Any CPU
		{75E80166-9EF0-42AD-85E7-B4CE9CF97B9E}.Ad-Hoc|arm64.Build.0 = Release|Any CPU
		{75E80166-9EF0-42AD-85E7-B4CE9CF97B9E}.Ad-Hoc|iPhone.ActiveCfg = Debug|Any CPU
		{75E80166-9EF0-42AD-85E7-B4CE9CF97B9E}.Ad-Hoc|iPhone.Build.0 = Debug|Any CPU
		{75E80166-9EF0-42AD-85E7-B4CE9CF97B9E}.Ad-Hoc|iPhoneSimulator.ActiveCfg = Debug|Any CPU
		{75E80166-9EF0-42AD-85E7-B4CE9CF97B9E}.Ad-Hoc|iPhoneSimulator.Build.0 = Debug|Any CPU
		{75E80166-9EF0-42AD-85E7-B4CE9CF97B9E}.Ad-Hoc|x64.ActiveCfg = Debug|Any CPU
		{75E80166-9EF0-42AD-85E7-B4CE9CF97B9E}.Ad-Hoc|x64.Build.0 = Debug|Any CPU
		{75E80166-9EF0-42AD-85E7-B4CE9CF97B9E}.Ad-Hoc|x86.ActiveCfg = Debug|Any CPU
		{75E80166-9EF0-42AD-85E7-B4CE9CF97B9E}.Ad-Hoc|x86.Build.0 = Debug|Any CPU
		{75E80166-9EF0-42AD-85E7-B4CE9CF97B9E}.AppStore|Any CPU.ActiveCfg = Debug|Any CPU
		{75E80166-9EF0-42AD-85E7-B4CE9CF97B9E}.AppStore|Any CPU.Build.0 = Debug|Any CPU
		{75E80166-9EF0-42AD-85E7-B4CE9CF97B9E}.AppStore|ARM.ActiveCfg = Debug|Any CPU
		{75E80166-9EF0-42AD-85E7-B4CE9CF97B9E}.AppStore|ARM.Build.0 = Debug|Any CPU
		{75E80166-9EF0-42AD-85E7-B4CE9CF97B9E}.AppStore|arm64.ActiveCfg = Release|Any CPU
		{75E80166-9EF0-42AD-85E7-B4CE9CF97B9E}.AppStore|arm64.Build.0 = Release|Any CPU
		{75E80166-9EF0-42AD-85E7-B4CE9CF97B9E}.AppStore|iPhone.ActiveCfg = Debug|Any CPU
		{75E80166-9EF0-42AD-85E7-B4CE9CF97B9E}.AppStore|iPhone.Build.0 = Debug|Any CPU
		{75E80166-9EF0-42AD-85E7-B4CE9CF97B9E}.AppStore|iPhoneSimulator.ActiveCfg = Debug|Any CPU
		{75E80166-9EF0-42AD-85E7-B4CE9CF97B9E}.AppStore|iPhoneSimulator.Build.0 = Debug|Any CPU
		{75E80166-9EF0-42AD-85E7-B4CE9CF97B9E}.AppStore|x64.ActiveCfg = Debug|Any CPU
		{75E80166-9EF0-42AD-85E7-B4CE9CF97B9E}.AppStore|x64.Build.0 = Debug|Any CPU
		{75E80166-9EF0-42AD-85E7-B4CE9CF97B9E}.AppStore|x86.ActiveCfg = Debug|Any CPU
		{75E80166-9EF0-42AD-85E7-B4CE9CF97B9E}.AppStore|x86.Build.0 = Debug|Any CPU
		{75E80166-9EF0-42AD-85E7-B4CE9CF97B9E}.Debug|Any CPU.ActiveCfg = Debug|Any CPU
		{75E80166-9EF0-42AD-85E7-B4CE9CF97B9E}.Debug|Any CPU.Build.0 = Debug|Any CPU
		{75E80166-9EF0-42AD-85E7-B4CE9CF97B9E}.Debug|ARM.ActiveCfg = Debug|Any CPU
		{75E80166-9EF0-42AD-85E7-B4CE9CF97B9E}.Debug|ARM.Build.0 = Debug|Any CPU
		{75E80166-9EF0-42AD-85E7-B4CE9CF97B9E}.Debug|arm64.ActiveCfg = Debug|Any CPU
		{75E80166-9EF0-42AD-85E7-B4CE9CF97B9E}.Debug|arm64.Build.0 = Debug|Any CPU
		{75E80166-9EF0-42AD-85E7-B4CE9CF97B9E}.Debug|iPhone.ActiveCfg = Debug|Any CPU
		{75E80166-9EF0-42AD-85E7-B4CE9CF97B9E}.Debug|iPhone.Build.0 = Debug|Any CPU
		{75E80166-9EF0-42AD-85E7-B4CE9CF97B9E}.Debug|iPhoneSimulator.ActiveCfg = Debug|Any CPU
		{75E80166-9EF0-42AD-85E7-B4CE9CF97B9E}.Debug|iPhoneSimulator.Build.0 = Debug|Any CPU
		{75E80166-9EF0-42AD-85E7-B4CE9CF97B9E}.Debug|x64.ActiveCfg = Debug|Any CPU
		{75E80166-9EF0-42AD-85E7-B4CE9CF97B9E}.Debug|x64.Build.0 = Debug|Any CPU
		{75E80166-9EF0-42AD-85E7-B4CE9CF97B9E}.Debug|x86.ActiveCfg = Debug|Any CPU
		{75E80166-9EF0-42AD-85E7-B4CE9CF97B9E}.Debug|x86.Build.0 = Debug|Any CPU
		{75E80166-9EF0-42AD-85E7-B4CE9CF97B9E}.Release|Any CPU.ActiveCfg = Release|Any CPU
		{75E80166-9EF0-42AD-85E7-B4CE9CF97B9E}.Release|Any CPU.Build.0 = Release|Any CPU
		{75E80166-9EF0-42AD-85E7-B4CE9CF97B9E}.Release|ARM.ActiveCfg = Release|Any CPU
		{75E80166-9EF0-42AD-85E7-B4CE9CF97B9E}.Release|ARM.Build.0 = Release|Any CPU
		{75E80166-9EF0-42AD-85E7-B4CE9CF97B9E}.Release|arm64.ActiveCfg = Release|Any CPU
		{75E80166-9EF0-42AD-85E7-B4CE9CF97B9E}.Release|arm64.Build.0 = Release|Any CPU
		{75E80166-9EF0-42AD-85E7-B4CE9CF97B9E}.Release|iPhone.ActiveCfg = Release|Any CPU
		{75E80166-9EF0-42AD-85E7-B4CE9CF97B9E}.Release|iPhone.Build.0 = Release|Any CPU
		{75E80166-9EF0-42AD-85E7-B4CE9CF97B9E}.Release|iPhoneSimulator.ActiveCfg = Release|Any CPU
		{75E80166-9EF0-42AD-85E7-B4CE9CF97B9E}.Release|iPhoneSimulator.Build.0 = Release|Any CPU
		{75E80166-9EF0-42AD-85E7-B4CE9CF97B9E}.Release|x64.ActiveCfg = Release|Any CPU
		{75E80166-9EF0-42AD-85E7-B4CE9CF97B9E}.Release|x64.Build.0 = Release|Any CPU
		{75E80166-9EF0-42AD-85E7-B4CE9CF97B9E}.Release|x86.ActiveCfg = Release|Any CPU
		{75E80166-9EF0-42AD-85E7-B4CE9CF97B9E}.Release|x86.Build.0 = Release|Any CPU
		{449AF688-39D5-4E86-AB63-39501CF7C41F}.Ad-Hoc|Any CPU.ActiveCfg = Debug|Any CPU
		{449AF688-39D5-4E86-AB63-39501CF7C41F}.Ad-Hoc|Any CPU.Build.0 = Debug|Any CPU
		{449AF688-39D5-4E86-AB63-39501CF7C41F}.Ad-Hoc|ARM.ActiveCfg = Debug|Any CPU
		{449AF688-39D5-4E86-AB63-39501CF7C41F}.Ad-Hoc|ARM.Build.0 = Debug|Any CPU
		{449AF688-39D5-4E86-AB63-39501CF7C41F}.Ad-Hoc|arm64.ActiveCfg = Release|Any CPU
		{449AF688-39D5-4E86-AB63-39501CF7C41F}.Ad-Hoc|arm64.Build.0 = Release|Any CPU
		{449AF688-39D5-4E86-AB63-39501CF7C41F}.Ad-Hoc|iPhone.ActiveCfg = Debug|Any CPU
		{449AF688-39D5-4E86-AB63-39501CF7C41F}.Ad-Hoc|iPhone.Build.0 = Debug|Any CPU
		{449AF688-39D5-4E86-AB63-39501CF7C41F}.Ad-Hoc|iPhoneSimulator.ActiveCfg = Debug|Any CPU
		{449AF688-39D5-4E86-AB63-39501CF7C41F}.Ad-Hoc|iPhoneSimulator.Build.0 = Debug|Any CPU
		{449AF688-39D5-4E86-AB63-39501CF7C41F}.Ad-Hoc|x64.ActiveCfg = Debug|Any CPU
		{449AF688-39D5-4E86-AB63-39501CF7C41F}.Ad-Hoc|x64.Build.0 = Debug|Any CPU
		{449AF688-39D5-4E86-AB63-39501CF7C41F}.Ad-Hoc|x86.ActiveCfg = Debug|Any CPU
		{449AF688-39D5-4E86-AB63-39501CF7C41F}.Ad-Hoc|x86.Build.0 = Debug|Any CPU
		{449AF688-39D5-4E86-AB63-39501CF7C41F}.AppStore|Any CPU.ActiveCfg = Debug|Any CPU
		{449AF688-39D5-4E86-AB63-39501CF7C41F}.AppStore|Any CPU.Build.0 = Debug|Any CPU
		{449AF688-39D5-4E86-AB63-39501CF7C41F}.AppStore|ARM.ActiveCfg = Debug|Any CPU
		{449AF688-39D5-4E86-AB63-39501CF7C41F}.AppStore|ARM.Build.0 = Debug|Any CPU
		{449AF688-39D5-4E86-AB63-39501CF7C41F}.AppStore|arm64.ActiveCfg = Release|Any CPU
		{449AF688-39D5-4E86-AB63-39501CF7C41F}.AppStore|arm64.Build.0 = Release|Any CPU
		{449AF688-39D5-4E86-AB63-39501CF7C41F}.AppStore|iPhone.ActiveCfg = Debug|Any CPU
		{449AF688-39D5-4E86-AB63-39501CF7C41F}.AppStore|iPhone.Build.0 = Debug|Any CPU
		{449AF688-39D5-4E86-AB63-39501CF7C41F}.AppStore|iPhoneSimulator.ActiveCfg = Debug|Any CPU
		{449AF688-39D5-4E86-AB63-39501CF7C41F}.AppStore|iPhoneSimulator.Build.0 = Debug|Any CPU
		{449AF688-39D5-4E86-AB63-39501CF7C41F}.AppStore|x64.ActiveCfg = Debug|Any CPU
		{449AF688-39D5-4E86-AB63-39501CF7C41F}.AppStore|x64.Build.0 = Debug|Any CPU
		{449AF688-39D5-4E86-AB63-39501CF7C41F}.AppStore|x86.ActiveCfg = Debug|Any CPU
		{449AF688-39D5-4E86-AB63-39501CF7C41F}.AppStore|x86.Build.0 = Debug|Any CPU
		{449AF688-39D5-4E86-AB63-39501CF7C41F}.Debug|Any CPU.ActiveCfg = Debug|Any CPU
		{449AF688-39D5-4E86-AB63-39501CF7C41F}.Debug|Any CPU.Build.0 = Debug|Any CPU
		{449AF688-39D5-4E86-AB63-39501CF7C41F}.Debug|ARM.ActiveCfg = Debug|Any CPU
		{449AF688-39D5-4E86-AB63-39501CF7C41F}.Debug|ARM.Build.0 = Debug|Any CPU
		{449AF688-39D5-4E86-AB63-39501CF7C41F}.Debug|arm64.ActiveCfg = Debug|Any CPU
		{449AF688-39D5-4E86-AB63-39501CF7C41F}.Debug|arm64.Build.0 = Debug|Any CPU
		{449AF688-39D5-4E86-AB63-39501CF7C41F}.Debug|iPhone.ActiveCfg = Debug|Any CPU
		{449AF688-39D5-4E86-AB63-39501CF7C41F}.Debug|iPhone.Build.0 = Debug|Any CPU
		{449AF688-39D5-4E86-AB63-39501CF7C41F}.Debug|iPhoneSimulator.ActiveCfg = Debug|Any CPU
		{449AF688-39D5-4E86-AB63-39501CF7C41F}.Debug|iPhoneSimulator.Build.0 = Debug|Any CPU
		{449AF688-39D5-4E86-AB63-39501CF7C41F}.Debug|x64.ActiveCfg = Debug|Any CPU
		{449AF688-39D5-4E86-AB63-39501CF7C41F}.Debug|x64.Build.0 = Debug|Any CPU
		{449AF688-39D5-4E86-AB63-39501CF7C41F}.Debug|x86.ActiveCfg = Debug|Any CPU
		{449AF688-39D5-4E86-AB63-39501CF7C41F}.Debug|x86.Build.0 = Debug|Any CPU
		{449AF688-39D5-4E86-AB63-39501CF7C41F}.Release|Any CPU.ActiveCfg = Release|Any CPU
		{449AF688-39D5-4E86-AB63-39501CF7C41F}.Release|Any CPU.Build.0 = Release|Any CPU
		{449AF688-39D5-4E86-AB63-39501CF7C41F}.Release|ARM.ActiveCfg = Release|Any CPU
		{449AF688-39D5-4E86-AB63-39501CF7C41F}.Release|ARM.Build.0 = Release|Any CPU
		{449AF688-39D5-4E86-AB63-39501CF7C41F}.Release|arm64.ActiveCfg = Release|Any CPU
		{449AF688-39D5-4E86-AB63-39501CF7C41F}.Release|arm64.Build.0 = Release|Any CPU
		{449AF688-39D5-4E86-AB63-39501CF7C41F}.Release|iPhone.ActiveCfg = Release|Any CPU
		{449AF688-39D5-4E86-AB63-39501CF7C41F}.Release|iPhone.Build.0 = Release|Any CPU
		{449AF688-39D5-4E86-AB63-39501CF7C41F}.Release|iPhoneSimulator.ActiveCfg = Release|Any CPU
		{449AF688-39D5-4E86-AB63-39501CF7C41F}.Release|iPhoneSimulator.Build.0 = Release|Any CPU
		{449AF688-39D5-4E86-AB63-39501CF7C41F}.Release|x64.ActiveCfg = Release|Any CPU
		{449AF688-39D5-4E86-AB63-39501CF7C41F}.Release|x64.Build.0 = Release|Any CPU
		{449AF688-39D5-4E86-AB63-39501CF7C41F}.Release|x86.ActiveCfg = Release|Any CPU
		{449AF688-39D5-4E86-AB63-39501CF7C41F}.Release|x86.Build.0 = Release|Any CPU
		{331F6668-B1FB-4C1C-B3A1-B6F2A0C9A065}.Ad-Hoc|Any CPU.ActiveCfg = Debug|Any CPU
		{331F6668-B1FB-4C1C-B3A1-B6F2A0C9A065}.Ad-Hoc|Any CPU.Build.0 = Debug|Any CPU
		{331F6668-B1FB-4C1C-B3A1-B6F2A0C9A065}.Ad-Hoc|ARM.ActiveCfg = Debug|Any CPU
		{331F6668-B1FB-4C1C-B3A1-B6F2A0C9A065}.Ad-Hoc|ARM.Build.0 = Debug|Any CPU
		{331F6668-B1FB-4C1C-B3A1-B6F2A0C9A065}.Ad-Hoc|arm64.ActiveCfg = Release|Any CPU
		{331F6668-B1FB-4C1C-B3A1-B6F2A0C9A065}.Ad-Hoc|arm64.Build.0 = Release|Any CPU
		{331F6668-B1FB-4C1C-B3A1-B6F2A0C9A065}.Ad-Hoc|iPhone.ActiveCfg = Debug|Any CPU
		{331F6668-B1FB-4C1C-B3A1-B6F2A0C9A065}.Ad-Hoc|iPhone.Build.0 = Debug|Any CPU
		{331F6668-B1FB-4C1C-B3A1-B6F2A0C9A065}.Ad-Hoc|iPhoneSimulator.ActiveCfg = Debug|Any CPU
		{331F6668-B1FB-4C1C-B3A1-B6F2A0C9A065}.Ad-Hoc|iPhoneSimulator.Build.0 = Debug|Any CPU
		{331F6668-B1FB-4C1C-B3A1-B6F2A0C9A065}.Ad-Hoc|x64.ActiveCfg = Debug|Any CPU
		{331F6668-B1FB-4C1C-B3A1-B6F2A0C9A065}.Ad-Hoc|x64.Build.0 = Debug|Any CPU
		{331F6668-B1FB-4C1C-B3A1-B6F2A0C9A065}.Ad-Hoc|x86.ActiveCfg = Debug|Any CPU
		{331F6668-B1FB-4C1C-B3A1-B6F2A0C9A065}.Ad-Hoc|x86.Build.0 = Debug|Any CPU
		{331F6668-B1FB-4C1C-B3A1-B6F2A0C9A065}.AppStore|Any CPU.ActiveCfg = Debug|Any CPU
		{331F6668-B1FB-4C1C-B3A1-B6F2A0C9A065}.AppStore|Any CPU.Build.0 = Debug|Any CPU
		{331F6668-B1FB-4C1C-B3A1-B6F2A0C9A065}.AppStore|ARM.ActiveCfg = Debug|Any CPU
		{331F6668-B1FB-4C1C-B3A1-B6F2A0C9A065}.AppStore|ARM.Build.0 = Debug|Any CPU
		{331F6668-B1FB-4C1C-B3A1-B6F2A0C9A065}.AppStore|arm64.ActiveCfg = Release|Any CPU
		{331F6668-B1FB-4C1C-B3A1-B6F2A0C9A065}.AppStore|arm64.Build.0 = Release|Any CPU
		{331F6668-B1FB-4C1C-B3A1-B6F2A0C9A065}.AppStore|iPhone.ActiveCfg = Debug|Any CPU
		{331F6668-B1FB-4C1C-B3A1-B6F2A0C9A065}.AppStore|iPhone.Build.0 = Debug|Any CPU
		{331F6668-B1FB-4C1C-B3A1-B6F2A0C9A065}.AppStore|iPhoneSimulator.ActiveCfg = Debug|Any CPU
		{331F6668-B1FB-4C1C-B3A1-B6F2A0C9A065}.AppStore|iPhoneSimulator.Build.0 = Debug|Any CPU
		{331F6668-B1FB-4C1C-B3A1-B6F2A0C9A065}.AppStore|x64.ActiveCfg = Debug|Any CPU
		{331F6668-B1FB-4C1C-B3A1-B6F2A0C9A065}.AppStore|x64.Build.0 = Debug|Any CPU
		{331F6668-B1FB-4C1C-B3A1-B6F2A0C9A065}.AppStore|x86.ActiveCfg = Debug|Any CPU
		{331F6668-B1FB-4C1C-B3A1-B6F2A0C9A065}.AppStore|x86.Build.0 = Debug|Any CPU
		{331F6668-B1FB-4C1C-B3A1-B6F2A0C9A065}.Debug|Any CPU.ActiveCfg = Debug|Any CPU
		{331F6668-B1FB-4C1C-B3A1-B6F2A0C9A065}.Debug|Any CPU.Build.0 = Debug|Any CPU
		{331F6668-B1FB-4C1C-B3A1-B6F2A0C9A065}.Debug|ARM.ActiveCfg = Debug|Any CPU
		{331F6668-B1FB-4C1C-B3A1-B6F2A0C9A065}.Debug|ARM.Build.0 = Debug|Any CPU
		{331F6668-B1FB-4C1C-B3A1-B6F2A0C9A065}.Debug|arm64.ActiveCfg = Debug|Any CPU
		{331F6668-B1FB-4C1C-B3A1-B6F2A0C9A065}.Debug|arm64.Build.0 = Debug|Any CPU
		{331F6668-B1FB-4C1C-B3A1-B6F2A0C9A065}.Debug|iPhone.ActiveCfg = Debug|Any CPU
		{331F6668-B1FB-4C1C-B3A1-B6F2A0C9A065}.Debug|iPhone.Build.0 = Debug|Any CPU
		{331F6668-B1FB-4C1C-B3A1-B6F2A0C9A065}.Debug|iPhoneSimulator.ActiveCfg = Debug|Any CPU
		{331F6668-B1FB-4C1C-B3A1-B6F2A0C9A065}.Debug|iPhoneSimulator.Build.0 = Debug|Any CPU
		{331F6668-B1FB-4C1C-B3A1-B6F2A0C9A065}.Debug|x64.ActiveCfg = Debug|Any CPU
		{331F6668-B1FB-4C1C-B3A1-B6F2A0C9A065}.Debug|x64.Build.0 = Debug|Any CPU
		{331F6668-B1FB-4C1C-B3A1-B6F2A0C9A065}.Debug|x86.ActiveCfg = Debug|Any CPU
		{331F6668-B1FB-4C1C-B3A1-B6F2A0C9A065}.Debug|x86.Build.0 = Debug|Any CPU
		{331F6668-B1FB-4C1C-B3A1-B6F2A0C9A065}.Release|Any CPU.ActiveCfg = Release|Any CPU
		{331F6668-B1FB-4C1C-B3A1-B6F2A0C9A065}.Release|Any CPU.Build.0 = Release|Any CPU
		{331F6668-B1FB-4C1C-B3A1-B6F2A0C9A065}.Release|ARM.ActiveCfg = Release|Any CPU
		{331F6668-B1FB-4C1C-B3A1-B6F2A0C9A065}.Release|ARM.Build.0 = Release|Any CPU
		{331F6668-B1FB-4C1C-B3A1-B6F2A0C9A065}.Release|arm64.ActiveCfg = Release|Any CPU
		{331F6668-B1FB-4C1C-B3A1-B6F2A0C9A065}.Release|arm64.Build.0 = Release|Any CPU
		{331F6668-B1FB-4C1C-B3A1-B6F2A0C9A065}.Release|iPhone.ActiveCfg = Release|Any CPU
		{331F6668-B1FB-4C1C-B3A1-B6F2A0C9A065}.Release|iPhone.Build.0 = Release|Any CPU
		{331F6668-B1FB-4C1C-B3A1-B6F2A0C9A065}.Release|iPhoneSimulator.ActiveCfg = Release|Any CPU
		{331F6668-B1FB-4C1C-B3A1-B6F2A0C9A065}.Release|iPhoneSimulator.Build.0 = Release|Any CPU
		{331F6668-B1FB-4C1C-B3A1-B6F2A0C9A065}.Release|x64.ActiveCfg = Release|Any CPU
		{331F6668-B1FB-4C1C-B3A1-B6F2A0C9A065}.Release|x64.Build.0 = Release|Any CPU
		{331F6668-B1FB-4C1C-B3A1-B6F2A0C9A065}.Release|x86.ActiveCfg = Release|Any CPU
		{331F6668-B1FB-4C1C-B3A1-B6F2A0C9A065}.Release|x86.Build.0 = Release|Any CPU
		{4495DF87-1609-44BD-AC63-8CFC018BE9B8}.Ad-Hoc|Any CPU.ActiveCfg = Release|Any CPU
		{4495DF87-1609-44BD-AC63-8CFC018BE9B8}.Ad-Hoc|Any CPU.Build.0 = Release|Any CPU
		{4495DF87-1609-44BD-AC63-8CFC018BE9B8}.Ad-Hoc|Any CPU.Deploy.0 = Release|Any CPU
		{4495DF87-1609-44BD-AC63-8CFC018BE9B8}.Ad-Hoc|ARM.ActiveCfg = Release|Any CPU
		{4495DF87-1609-44BD-AC63-8CFC018BE9B8}.Ad-Hoc|ARM.Build.0 = Release|Any CPU
		{4495DF87-1609-44BD-AC63-8CFC018BE9B8}.Ad-Hoc|ARM.Deploy.0 = Release|Any CPU
		{4495DF87-1609-44BD-AC63-8CFC018BE9B8}.Ad-Hoc|arm64.ActiveCfg = Debug|Any CPU
		{4495DF87-1609-44BD-AC63-8CFC018BE9B8}.Ad-Hoc|arm64.Build.0 = Debug|Any CPU
		{4495DF87-1609-44BD-AC63-8CFC018BE9B8}.Ad-Hoc|arm64.Deploy.0 = Debug|Any CPU
		{4495DF87-1609-44BD-AC63-8CFC018BE9B8}.Ad-Hoc|iPhone.ActiveCfg = Release|Any CPU
		{4495DF87-1609-44BD-AC63-8CFC018BE9B8}.Ad-Hoc|iPhone.Build.0 = Release|Any CPU
		{4495DF87-1609-44BD-AC63-8CFC018BE9B8}.Ad-Hoc|iPhone.Deploy.0 = Release|Any CPU
		{4495DF87-1609-44BD-AC63-8CFC018BE9B8}.Ad-Hoc|iPhoneSimulator.ActiveCfg = Release|Any CPU
		{4495DF87-1609-44BD-AC63-8CFC018BE9B8}.Ad-Hoc|iPhoneSimulator.Build.0 = Release|Any CPU
		{4495DF87-1609-44BD-AC63-8CFC018BE9B8}.Ad-Hoc|iPhoneSimulator.Deploy.0 = Release|Any CPU
		{4495DF87-1609-44BD-AC63-8CFC018BE9B8}.Ad-Hoc|x64.ActiveCfg = Release|Any CPU
		{4495DF87-1609-44BD-AC63-8CFC018BE9B8}.Ad-Hoc|x64.Build.0 = Release|Any CPU
		{4495DF87-1609-44BD-AC63-8CFC018BE9B8}.Ad-Hoc|x64.Deploy.0 = Release|Any CPU
		{4495DF87-1609-44BD-AC63-8CFC018BE9B8}.Ad-Hoc|x86.ActiveCfg = Release|Any CPU
		{4495DF87-1609-44BD-AC63-8CFC018BE9B8}.Ad-Hoc|x86.Build.0 = Release|Any CPU
		{4495DF87-1609-44BD-AC63-8CFC018BE9B8}.Ad-Hoc|x86.Deploy.0 = Release|Any CPU
		{4495DF87-1609-44BD-AC63-8CFC018BE9B8}.AppStore|Any CPU.ActiveCfg = Release|Any CPU
		{4495DF87-1609-44BD-AC63-8CFC018BE9B8}.AppStore|Any CPU.Build.0 = Release|Any CPU
		{4495DF87-1609-44BD-AC63-8CFC018BE9B8}.AppStore|Any CPU.Deploy.0 = Release|Any CPU
		{4495DF87-1609-44BD-AC63-8CFC018BE9B8}.AppStore|ARM.ActiveCfg = Release|Any CPU
		{4495DF87-1609-44BD-AC63-8CFC018BE9B8}.AppStore|ARM.Build.0 = Release|Any CPU
		{4495DF87-1609-44BD-AC63-8CFC018BE9B8}.AppStore|ARM.Deploy.0 = Release|Any CPU
		{4495DF87-1609-44BD-AC63-8CFC018BE9B8}.AppStore|arm64.ActiveCfg = Debug|Any CPU
		{4495DF87-1609-44BD-AC63-8CFC018BE9B8}.AppStore|arm64.Build.0 = Debug|Any CPU
		{4495DF87-1609-44BD-AC63-8CFC018BE9B8}.AppStore|arm64.Deploy.0 = Debug|Any CPU
		{4495DF87-1609-44BD-AC63-8CFC018BE9B8}.AppStore|iPhone.ActiveCfg = Release|Any CPU
		{4495DF87-1609-44BD-AC63-8CFC018BE9B8}.AppStore|iPhone.Build.0 = Release|Any CPU
		{4495DF87-1609-44BD-AC63-8CFC018BE9B8}.AppStore|iPhone.Deploy.0 = Release|Any CPU
		{4495DF87-1609-44BD-AC63-8CFC018BE9B8}.AppStore|iPhoneSimulator.ActiveCfg = Release|Any CPU
		{4495DF87-1609-44BD-AC63-8CFC018BE9B8}.AppStore|iPhoneSimulator.Build.0 = Release|Any CPU
		{4495DF87-1609-44BD-AC63-8CFC018BE9B8}.AppStore|iPhoneSimulator.Deploy.0 = Release|Any CPU
		{4495DF87-1609-44BD-AC63-8CFC018BE9B8}.AppStore|x64.ActiveCfg = Release|Any CPU
		{4495DF87-1609-44BD-AC63-8CFC018BE9B8}.AppStore|x64.Build.0 = Release|Any CPU
		{4495DF87-1609-44BD-AC63-8CFC018BE9B8}.AppStore|x64.Deploy.0 = Release|Any CPU
		{4495DF87-1609-44BD-AC63-8CFC018BE9B8}.AppStore|x86.ActiveCfg = Release|Any CPU
		{4495DF87-1609-44BD-AC63-8CFC018BE9B8}.AppStore|x86.Build.0 = Release|Any CPU
		{4495DF87-1609-44BD-AC63-8CFC018BE9B8}.AppStore|x86.Deploy.0 = Release|Any CPU
		{4495DF87-1609-44BD-AC63-8CFC018BE9B8}.Debug|Any CPU.ActiveCfg = Debug|Any CPU
		{4495DF87-1609-44BD-AC63-8CFC018BE9B8}.Debug|Any CPU.Build.0 = Debug|Any CPU
		{4495DF87-1609-44BD-AC63-8CFC018BE9B8}.Debug|Any CPU.Deploy.0 = Debug|Any CPU
		{4495DF87-1609-44BD-AC63-8CFC018BE9B8}.Debug|ARM.ActiveCfg = Debug|Any CPU
		{4495DF87-1609-44BD-AC63-8CFC018BE9B8}.Debug|ARM.Build.0 = Debug|Any CPU
		{4495DF87-1609-44BD-AC63-8CFC018BE9B8}.Debug|ARM.Deploy.0 = Debug|Any CPU
		{4495DF87-1609-44BD-AC63-8CFC018BE9B8}.Debug|arm64.ActiveCfg = Debug|Any CPU
		{4495DF87-1609-44BD-AC63-8CFC018BE9B8}.Debug|arm64.Build.0 = Debug|Any CPU
		{4495DF87-1609-44BD-AC63-8CFC018BE9B8}.Debug|arm64.Deploy.0 = Debug|Any CPU
		{4495DF87-1609-44BD-AC63-8CFC018BE9B8}.Debug|iPhone.ActiveCfg = Debug|Any CPU
		{4495DF87-1609-44BD-AC63-8CFC018BE9B8}.Debug|iPhone.Build.0 = Debug|Any CPU
		{4495DF87-1609-44BD-AC63-8CFC018BE9B8}.Debug|iPhoneSimulator.ActiveCfg = Debug|Any CPU
		{4495DF87-1609-44BD-AC63-8CFC018BE9B8}.Debug|iPhoneSimulator.Build.0 = Debug|Any CPU
		{4495DF87-1609-44BD-AC63-8CFC018BE9B8}.Debug|iPhoneSimulator.Deploy.0 = Debug|Any CPU
		{4495DF87-1609-44BD-AC63-8CFC018BE9B8}.Debug|x64.ActiveCfg = Debug|Any CPU
		{4495DF87-1609-44BD-AC63-8CFC018BE9B8}.Debug|x64.Build.0 = Debug|Any CPU
		{4495DF87-1609-44BD-AC63-8CFC018BE9B8}.Debug|x64.Deploy.0 = Debug|Any CPU
		{4495DF87-1609-44BD-AC63-8CFC018BE9B8}.Debug|x86.ActiveCfg = Debug|Any CPU
		{4495DF87-1609-44BD-AC63-8CFC018BE9B8}.Debug|x86.Build.0 = Debug|Any CPU
		{4495DF87-1609-44BD-AC63-8CFC018BE9B8}.Debug|x86.Deploy.0 = Debug|Any CPU
		{4495DF87-1609-44BD-AC63-8CFC018BE9B8}.Release|Any CPU.ActiveCfg = Release|Any CPU
		{4495DF87-1609-44BD-AC63-8CFC018BE9B8}.Release|Any CPU.Build.0 = Release|Any CPU
		{4495DF87-1609-44BD-AC63-8CFC018BE9B8}.Release|Any CPU.Deploy.0 = Release|Any CPU
		{4495DF87-1609-44BD-AC63-8CFC018BE9B8}.Release|ARM.ActiveCfg = Release|Any CPU
		{4495DF87-1609-44BD-AC63-8CFC018BE9B8}.Release|ARM.Build.0 = Release|Any CPU
		{4495DF87-1609-44BD-AC63-8CFC018BE9B8}.Release|ARM.Deploy.0 = Release|Any CPU
		{4495DF87-1609-44BD-AC63-8CFC018BE9B8}.Release|arm64.ActiveCfg = Release|Any CPU
		{4495DF87-1609-44BD-AC63-8CFC018BE9B8}.Release|arm64.Build.0 = Release|Any CPU
		{4495DF87-1609-44BD-AC63-8CFC018BE9B8}.Release|arm64.Deploy.0 = Release|Any CPU
		{4495DF87-1609-44BD-AC63-8CFC018BE9B8}.Release|iPhone.ActiveCfg = Release|Any CPU
		{4495DF87-1609-44BD-AC63-8CFC018BE9B8}.Release|iPhone.Build.0 = Release|Any CPU
		{4495DF87-1609-44BD-AC63-8CFC018BE9B8}.Release|iPhone.Deploy.0 = Release|Any CPU
		{4495DF87-1609-44BD-AC63-8CFC018BE9B8}.Release|iPhoneSimulator.ActiveCfg = Release|Any CPU
		{4495DF87-1609-44BD-AC63-8CFC018BE9B8}.Release|iPhoneSimulator.Build.0 = Release|Any CPU
		{4495DF87-1609-44BD-AC63-8CFC018BE9B8}.Release|iPhoneSimulator.Deploy.0 = Release|Any CPU
		{4495DF87-1609-44BD-AC63-8CFC018BE9B8}.Release|x64.ActiveCfg = Release|Any CPU
		{4495DF87-1609-44BD-AC63-8CFC018BE9B8}.Release|x64.Build.0 = Release|Any CPU
		{4495DF87-1609-44BD-AC63-8CFC018BE9B8}.Release|x64.Deploy.0 = Release|Any CPU
		{4495DF87-1609-44BD-AC63-8CFC018BE9B8}.Release|x86.ActiveCfg = Release|Any CPU
		{4495DF87-1609-44BD-AC63-8CFC018BE9B8}.Release|x86.Build.0 = Release|Any CPU
		{4495DF87-1609-44BD-AC63-8CFC018BE9B8}.Release|x86.Deploy.0 = Release|Any CPU
		{5D88CD36-EF28-49B8-80E8-E83165EE2CA2}.Ad-Hoc|Any CPU.ActiveCfg = Ad-Hoc|iPhone
		{5D88CD36-EF28-49B8-80E8-E83165EE2CA2}.Ad-Hoc|ARM.ActiveCfg = Ad-Hoc|iPhone
		{5D88CD36-EF28-49B8-80E8-E83165EE2CA2}.Ad-Hoc|arm64.ActiveCfg = Ad-Hoc|iPhoneSimulator
		{5D88CD36-EF28-49B8-80E8-E83165EE2CA2}.Ad-Hoc|arm64.Build.0 = Ad-Hoc|iPhoneSimulator
		{5D88CD36-EF28-49B8-80E8-E83165EE2CA2}.Ad-Hoc|iPhone.ActiveCfg = Ad-Hoc|iPhone
		{5D88CD36-EF28-49B8-80E8-E83165EE2CA2}.Ad-Hoc|iPhone.Build.0 = Ad-Hoc|iPhone
		{5D88CD36-EF28-49B8-80E8-E83165EE2CA2}.Ad-Hoc|iPhoneSimulator.ActiveCfg = Ad-Hoc|iPhoneSimulator
		{5D88CD36-EF28-49B8-80E8-E83165EE2CA2}.Ad-Hoc|iPhoneSimulator.Build.0 = Ad-Hoc|iPhoneSimulator
		{5D88CD36-EF28-49B8-80E8-E83165EE2CA2}.Ad-Hoc|x64.ActiveCfg = Ad-Hoc|iPhone
		{5D88CD36-EF28-49B8-80E8-E83165EE2CA2}.Ad-Hoc|x86.ActiveCfg = Ad-Hoc|iPhone
		{5D88CD36-EF28-49B8-80E8-E83165EE2CA2}.AppStore|Any CPU.ActiveCfg = AppStore|iPhone
		{5D88CD36-EF28-49B8-80E8-E83165EE2CA2}.AppStore|ARM.ActiveCfg = AppStore|iPhone
		{5D88CD36-EF28-49B8-80E8-E83165EE2CA2}.AppStore|arm64.ActiveCfg = AppStore|iPhoneSimulator
		{5D88CD36-EF28-49B8-80E8-E83165EE2CA2}.AppStore|arm64.Build.0 = AppStore|iPhoneSimulator
		{5D88CD36-EF28-49B8-80E8-E83165EE2CA2}.AppStore|iPhone.ActiveCfg = AppStore|iPhone
		{5D88CD36-EF28-49B8-80E8-E83165EE2CA2}.AppStore|iPhone.Build.0 = AppStore|iPhone
		{5D88CD36-EF28-49B8-80E8-E83165EE2CA2}.AppStore|iPhoneSimulator.ActiveCfg = AppStore|iPhoneSimulator
		{5D88CD36-EF28-49B8-80E8-E83165EE2CA2}.AppStore|iPhoneSimulator.Build.0 = AppStore|iPhoneSimulator
		{5D88CD36-EF28-49B8-80E8-E83165EE2CA2}.AppStore|x64.ActiveCfg = AppStore|iPhone
		{5D88CD36-EF28-49B8-80E8-E83165EE2CA2}.AppStore|x86.ActiveCfg = AppStore|iPhone
		{5D88CD36-EF28-49B8-80E8-E83165EE2CA2}.Debug|Any CPU.ActiveCfg = Debug|iPhone
		{5D88CD36-EF28-49B8-80E8-E83165EE2CA2}.Debug|ARM.ActiveCfg = Debug|iPhone
		{5D88CD36-EF28-49B8-80E8-E83165EE2CA2}.Debug|arm64.ActiveCfg = Debug|iPhoneSimulator
		{5D88CD36-EF28-49B8-80E8-E83165EE2CA2}.Debug|arm64.Build.0 = Debug|iPhoneSimulator
		{5D88CD36-EF28-49B8-80E8-E83165EE2CA2}.Debug|iPhone.ActiveCfg = Debug|iPhone
		{5D88CD36-EF28-49B8-80E8-E83165EE2CA2}.Debug|iPhone.Build.0 = Debug|iPhone
		{5D88CD36-EF28-49B8-80E8-E83165EE2CA2}.Debug|iPhone.Deploy.0 = Debug|iPhone
		{5D88CD36-EF28-49B8-80E8-E83165EE2CA2}.Debug|iPhoneSimulator.ActiveCfg = Debug|iPhoneSimulator
		{5D88CD36-EF28-49B8-80E8-E83165EE2CA2}.Debug|iPhoneSimulator.Build.0 = Debug|iPhoneSimulator
		{5D88CD36-EF28-49B8-80E8-E83165EE2CA2}.Debug|x64.ActiveCfg = Debug|iPhone
		{5D88CD36-EF28-49B8-80E8-E83165EE2CA2}.Debug|x86.ActiveCfg = Debug|iPhone
		{5D88CD36-EF28-49B8-80E8-E83165EE2CA2}.Release|Any CPU.ActiveCfg = Release|iPhone
		{5D88CD36-EF28-49B8-80E8-E83165EE2CA2}.Release|ARM.ActiveCfg = Release|iPhone
		{5D88CD36-EF28-49B8-80E8-E83165EE2CA2}.Release|arm64.ActiveCfg = Release|iPhoneSimulator
		{5D88CD36-EF28-49B8-80E8-E83165EE2CA2}.Release|arm64.Build.0 = Release|iPhoneSimulator
		{5D88CD36-EF28-49B8-80E8-E83165EE2CA2}.Release|iPhone.ActiveCfg = Release|iPhone
		{5D88CD36-EF28-49B8-80E8-E83165EE2CA2}.Release|iPhone.Build.0 = Release|iPhone
		{5D88CD36-EF28-49B8-80E8-E83165EE2CA2}.Release|iPhoneSimulator.ActiveCfg = Release|iPhoneSimulator
		{5D88CD36-EF28-49B8-80E8-E83165EE2CA2}.Release|iPhoneSimulator.Build.0 = Release|iPhoneSimulator
		{5D88CD36-EF28-49B8-80E8-E83165EE2CA2}.Release|x64.ActiveCfg = Release|iPhone
		{5D88CD36-EF28-49B8-80E8-E83165EE2CA2}.Release|x86.ActiveCfg = Release|iPhone
		{23E468EB-B449-4617-93E1-84654D0B1B77}.Ad-Hoc|Any CPU.ActiveCfg = Release|x64
		{23E468EB-B449-4617-93E1-84654D0B1B77}.Ad-Hoc|Any CPU.Build.0 = Release|x64
		{23E468EB-B449-4617-93E1-84654D0B1B77}.Ad-Hoc|Any CPU.Deploy.0 = Release|x64
		{23E468EB-B449-4617-93E1-84654D0B1B77}.Ad-Hoc|ARM.ActiveCfg = Release|ARM
		{23E468EB-B449-4617-93E1-84654D0B1B77}.Ad-Hoc|ARM.Build.0 = Release|ARM
		{23E468EB-B449-4617-93E1-84654D0B1B77}.Ad-Hoc|ARM.Deploy.0 = Release|ARM
		{23E468EB-B449-4617-93E1-84654D0B1B77}.Ad-Hoc|arm64.ActiveCfg = Debug|x64
		{23E468EB-B449-4617-93E1-84654D0B1B77}.Ad-Hoc|arm64.Build.0 = Debug|x64
		{23E468EB-B449-4617-93E1-84654D0B1B77}.Ad-Hoc|arm64.Deploy.0 = Debug|x64
		{23E468EB-B449-4617-93E1-84654D0B1B77}.Ad-Hoc|iPhone.ActiveCfg = Release|x64
		{23E468EB-B449-4617-93E1-84654D0B1B77}.Ad-Hoc|iPhone.Build.0 = Release|x64
		{23E468EB-B449-4617-93E1-84654D0B1B77}.Ad-Hoc|iPhone.Deploy.0 = Release|x64
		{23E468EB-B449-4617-93E1-84654D0B1B77}.Ad-Hoc|iPhoneSimulator.ActiveCfg = Release|x64
		{23E468EB-B449-4617-93E1-84654D0B1B77}.Ad-Hoc|iPhoneSimulator.Build.0 = Release|x64
		{23E468EB-B449-4617-93E1-84654D0B1B77}.Ad-Hoc|iPhoneSimulator.Deploy.0 = Release|x64
		{23E468EB-B449-4617-93E1-84654D0B1B77}.Ad-Hoc|x64.ActiveCfg = Release|x64
		{23E468EB-B449-4617-93E1-84654D0B1B77}.Ad-Hoc|x64.Build.0 = Release|x64
		{23E468EB-B449-4617-93E1-84654D0B1B77}.Ad-Hoc|x64.Deploy.0 = Release|x64
		{23E468EB-B449-4617-93E1-84654D0B1B77}.Ad-Hoc|x86.ActiveCfg = Release|x86
		{23E468EB-B449-4617-93E1-84654D0B1B77}.Ad-Hoc|x86.Build.0 = Release|x86
		{23E468EB-B449-4617-93E1-84654D0B1B77}.Ad-Hoc|x86.Deploy.0 = Release|x86
		{23E468EB-B449-4617-93E1-84654D0B1B77}.AppStore|Any CPU.ActiveCfg = Release|x64
		{23E468EB-B449-4617-93E1-84654D0B1B77}.AppStore|Any CPU.Build.0 = Release|x64
		{23E468EB-B449-4617-93E1-84654D0B1B77}.AppStore|Any CPU.Deploy.0 = Release|x64
		{23E468EB-B449-4617-93E1-84654D0B1B77}.AppStore|ARM.ActiveCfg = Release|ARM
		{23E468EB-B449-4617-93E1-84654D0B1B77}.AppStore|ARM.Build.0 = Release|ARM
		{23E468EB-B449-4617-93E1-84654D0B1B77}.AppStore|ARM.Deploy.0 = Release|ARM
		{23E468EB-B449-4617-93E1-84654D0B1B77}.AppStore|arm64.ActiveCfg = Debug|x64
		{23E468EB-B449-4617-93E1-84654D0B1B77}.AppStore|arm64.Build.0 = Debug|x64
		{23E468EB-B449-4617-93E1-84654D0B1B77}.AppStore|arm64.Deploy.0 = Debug|x64
		{23E468EB-B449-4617-93E1-84654D0B1B77}.AppStore|iPhone.ActiveCfg = Release|x64
		{23E468EB-B449-4617-93E1-84654D0B1B77}.AppStore|iPhone.Build.0 = Release|x64
		{23E468EB-B449-4617-93E1-84654D0B1B77}.AppStore|iPhone.Deploy.0 = Release|x64
		{23E468EB-B449-4617-93E1-84654D0B1B77}.AppStore|iPhoneSimulator.ActiveCfg = Release|x64
		{23E468EB-B449-4617-93E1-84654D0B1B77}.AppStore|iPhoneSimulator.Build.0 = Release|x64
		{23E468EB-B449-4617-93E1-84654D0B1B77}.AppStore|iPhoneSimulator.Deploy.0 = Release|x64
		{23E468EB-B449-4617-93E1-84654D0B1B77}.AppStore|x64.ActiveCfg = Release|x64
		{23E468EB-B449-4617-93E1-84654D0B1B77}.AppStore|x64.Build.0 = Release|x64
		{23E468EB-B449-4617-93E1-84654D0B1B77}.AppStore|x64.Deploy.0 = Release|x64
		{23E468EB-B449-4617-93E1-84654D0B1B77}.AppStore|x86.ActiveCfg = Release|x86
		{23E468EB-B449-4617-93E1-84654D0B1B77}.AppStore|x86.Build.0 = Release|x86
		{23E468EB-B449-4617-93E1-84654D0B1B77}.AppStore|x86.Deploy.0 = Release|x86
		{23E468EB-B449-4617-93E1-84654D0B1B77}.Debug|Any CPU.ActiveCfg = Debug|x86
		{23E468EB-B449-4617-93E1-84654D0B1B77}.Debug|ARM.ActiveCfg = Debug|ARM
		{23E468EB-B449-4617-93E1-84654D0B1B77}.Debug|ARM.Build.0 = Debug|ARM
		{23E468EB-B449-4617-93E1-84654D0B1B77}.Debug|ARM.Deploy.0 = Debug|ARM
		{23E468EB-B449-4617-93E1-84654D0B1B77}.Debug|arm64.ActiveCfg = Debug|x64
		{23E468EB-B449-4617-93E1-84654D0B1B77}.Debug|arm64.Build.0 = Debug|x64
		{23E468EB-B449-4617-93E1-84654D0B1B77}.Debug|arm64.Deploy.0 = Debug|x64
		{23E468EB-B449-4617-93E1-84654D0B1B77}.Debug|iPhone.ActiveCfg = Debug|x86
		{23E468EB-B449-4617-93E1-84654D0B1B77}.Debug|iPhoneSimulator.ActiveCfg = Debug|x86
		{23E468EB-B449-4617-93E1-84654D0B1B77}.Debug|x64.ActiveCfg = Debug|x64
		{23E468EB-B449-4617-93E1-84654D0B1B77}.Debug|x64.Build.0 = Debug|x64
		{23E468EB-B449-4617-93E1-84654D0B1B77}.Debug|x64.Deploy.0 = Debug|x64
		{23E468EB-B449-4617-93E1-84654D0B1B77}.Debug|x86.ActiveCfg = Debug|x86
		{23E468EB-B449-4617-93E1-84654D0B1B77}.Debug|x86.Build.0 = Debug|x86
		{23E468EB-B449-4617-93E1-84654D0B1B77}.Debug|x86.Deploy.0 = Debug|x86
		{23E468EB-B449-4617-93E1-84654D0B1B77}.Release|Any CPU.ActiveCfg = Release|x86
		{23E468EB-B449-4617-93E1-84654D0B1B77}.Release|ARM.ActiveCfg = Release|ARM
		{23E468EB-B449-4617-93E1-84654D0B1B77}.Release|ARM.Build.0 = Release|ARM
		{23E468EB-B449-4617-93E1-84654D0B1B77}.Release|ARM.Deploy.0 = Release|ARM
		{23E468EB-B449-4617-93E1-84654D0B1B77}.Release|arm64.ActiveCfg = Release|x64
		{23E468EB-B449-4617-93E1-84654D0B1B77}.Release|arm64.Build.0 = Release|x64
		{23E468EB-B449-4617-93E1-84654D0B1B77}.Release|arm64.Deploy.0 = Release|x64
		{23E468EB-B449-4617-93E1-84654D0B1B77}.Release|iPhone.ActiveCfg = Release|x86
		{23E468EB-B449-4617-93E1-84654D0B1B77}.Release|iPhoneSimulator.ActiveCfg = Release|x86
		{23E468EB-B449-4617-93E1-84654D0B1B77}.Release|x64.ActiveCfg = Release|x64
		{23E468EB-B449-4617-93E1-84654D0B1B77}.Release|x64.Build.0 = Release|x64
		{23E468EB-B449-4617-93E1-84654D0B1B77}.Release|x64.Deploy.0 = Release|x64
		{23E468EB-B449-4617-93E1-84654D0B1B77}.Release|x86.ActiveCfg = Release|x86
		{23E468EB-B449-4617-93E1-84654D0B1B77}.Release|x86.Build.0 = Release|x86
		{23E468EB-B449-4617-93E1-84654D0B1B77}.Release|x86.Deploy.0 = Release|x86
		{5CDBD662-9DA0-429B-9E84-4A3142393EAC}.Ad-Hoc|Any CPU.ActiveCfg = Debug|Any CPU
		{5CDBD662-9DA0-429B-9E84-4A3142393EAC}.Ad-Hoc|Any CPU.Build.0 = Debug|Any CPU
		{5CDBD662-9DA0-429B-9E84-4A3142393EAC}.Ad-Hoc|ARM.ActiveCfg = Debug|Any CPU
		{5CDBD662-9DA0-429B-9E84-4A3142393EAC}.Ad-Hoc|ARM.Build.0 = Debug|Any CPU
		{5CDBD662-9DA0-429B-9E84-4A3142393EAC}.Ad-Hoc|arm64.ActiveCfg = Release|Any CPU
		{5CDBD662-9DA0-429B-9E84-4A3142393EAC}.Ad-Hoc|arm64.Build.0 = Release|Any CPU
		{5CDBD662-9DA0-429B-9E84-4A3142393EAC}.Ad-Hoc|iPhone.ActiveCfg = Debug|Any CPU
		{5CDBD662-9DA0-429B-9E84-4A3142393EAC}.Ad-Hoc|iPhone.Build.0 = Debug|Any CPU
		{5CDBD662-9DA0-429B-9E84-4A3142393EAC}.Ad-Hoc|iPhoneSimulator.ActiveCfg = Debug|Any CPU
		{5CDBD662-9DA0-429B-9E84-4A3142393EAC}.Ad-Hoc|iPhoneSimulator.Build.0 = Debug|Any CPU
		{5CDBD662-9DA0-429B-9E84-4A3142393EAC}.Ad-Hoc|x64.ActiveCfg = Debug|Any CPU
		{5CDBD662-9DA0-429B-9E84-4A3142393EAC}.Ad-Hoc|x64.Build.0 = Debug|Any CPU
		{5CDBD662-9DA0-429B-9E84-4A3142393EAC}.Ad-Hoc|x86.ActiveCfg = Debug|Any CPU
		{5CDBD662-9DA0-429B-9E84-4A3142393EAC}.Ad-Hoc|x86.Build.0 = Debug|Any CPU
		{5CDBD662-9DA0-429B-9E84-4A3142393EAC}.AppStore|Any CPU.ActiveCfg = Debug|Any CPU
		{5CDBD662-9DA0-429B-9E84-4A3142393EAC}.AppStore|Any CPU.Build.0 = Debug|Any CPU
		{5CDBD662-9DA0-429B-9E84-4A3142393EAC}.AppStore|ARM.ActiveCfg = Debug|Any CPU
		{5CDBD662-9DA0-429B-9E84-4A3142393EAC}.AppStore|ARM.Build.0 = Debug|Any CPU
		{5CDBD662-9DA0-429B-9E84-4A3142393EAC}.AppStore|arm64.ActiveCfg = Release|Any CPU
		{5CDBD662-9DA0-429B-9E84-4A3142393EAC}.AppStore|arm64.Build.0 = Release|Any CPU
		{5CDBD662-9DA0-429B-9E84-4A3142393EAC}.AppStore|iPhone.ActiveCfg = Debug|Any CPU
		{5CDBD662-9DA0-429B-9E84-4A3142393EAC}.AppStore|iPhone.Build.0 = Debug|Any CPU
		{5CDBD662-9DA0-429B-9E84-4A3142393EAC}.AppStore|iPhoneSimulator.ActiveCfg = Debug|Any CPU
		{5CDBD662-9DA0-429B-9E84-4A3142393EAC}.AppStore|iPhoneSimulator.Build.0 = Debug|Any CPU
		{5CDBD662-9DA0-429B-9E84-4A3142393EAC}.AppStore|x64.ActiveCfg = Debug|Any CPU
		{5CDBD662-9DA0-429B-9E84-4A3142393EAC}.AppStore|x64.Build.0 = Debug|Any CPU
		{5CDBD662-9DA0-429B-9E84-4A3142393EAC}.AppStore|x86.ActiveCfg = Debug|Any CPU
		{5CDBD662-9DA0-429B-9E84-4A3142393EAC}.AppStore|x86.Build.0 = Debug|Any CPU
		{5CDBD662-9DA0-429B-9E84-4A3142393EAC}.Debug|Any CPU.ActiveCfg = Debug|Any CPU
		{5CDBD662-9DA0-429B-9E84-4A3142393EAC}.Debug|Any CPU.Build.0 = Debug|Any CPU
		{5CDBD662-9DA0-429B-9E84-4A3142393EAC}.Debug|ARM.ActiveCfg = Debug|Any CPU
		{5CDBD662-9DA0-429B-9E84-4A3142393EAC}.Debug|ARM.Build.0 = Debug|Any CPU
		{5CDBD662-9DA0-429B-9E84-4A3142393EAC}.Debug|arm64.ActiveCfg = Debug|Any CPU
		{5CDBD662-9DA0-429B-9E84-4A3142393EAC}.Debug|arm64.Build.0 = Debug|Any CPU
		{5CDBD662-9DA0-429B-9E84-4A3142393EAC}.Debug|iPhone.ActiveCfg = Debug|Any CPU
		{5CDBD662-9DA0-429B-9E84-4A3142393EAC}.Debug|iPhone.Build.0 = Debug|Any CPU
		{5CDBD662-9DA0-429B-9E84-4A3142393EAC}.Debug|iPhoneSimulator.ActiveCfg = Debug|Any CPU
		{5CDBD662-9DA0-429B-9E84-4A3142393EAC}.Debug|iPhoneSimulator.Build.0 = Debug|Any CPU
		{5CDBD662-9DA0-429B-9E84-4A3142393EAC}.Debug|x64.ActiveCfg = Debug|Any CPU
		{5CDBD662-9DA0-429B-9E84-4A3142393EAC}.Debug|x64.Build.0 = Debug|Any CPU
		{5CDBD662-9DA0-429B-9E84-4A3142393EAC}.Debug|x86.ActiveCfg = Debug|Any CPU
		{5CDBD662-9DA0-429B-9E84-4A3142393EAC}.Debug|x86.Build.0 = Debug|Any CPU
		{5CDBD662-9DA0-429B-9E84-4A3142393EAC}.Release|Any CPU.ActiveCfg = Release|Any CPU
		{5CDBD662-9DA0-429B-9E84-4A3142393EAC}.Release|Any CPU.Build.0 = Release|Any CPU
		{5CDBD662-9DA0-429B-9E84-4A3142393EAC}.Release|ARM.ActiveCfg = Release|Any CPU
		{5CDBD662-9DA0-429B-9E84-4A3142393EAC}.Release|ARM.Build.0 = Release|Any CPU
		{5CDBD662-9DA0-429B-9E84-4A3142393EAC}.Release|arm64.ActiveCfg = Release|Any CPU
		{5CDBD662-9DA0-429B-9E84-4A3142393EAC}.Release|arm64.Build.0 = Release|Any CPU
		{5CDBD662-9DA0-429B-9E84-4A3142393EAC}.Release|iPhone.ActiveCfg = Release|Any CPU
		{5CDBD662-9DA0-429B-9E84-4A3142393EAC}.Release|iPhone.Build.0 = Release|Any CPU
		{5CDBD662-9DA0-429B-9E84-4A3142393EAC}.Release|iPhoneSimulator.ActiveCfg = Release|Any CPU
		{5CDBD662-9DA0-429B-9E84-4A3142393EAC}.Release|iPhoneSimulator.Build.0 = Release|Any CPU
		{5CDBD662-9DA0-429B-9E84-4A3142393EAC}.Release|x64.ActiveCfg = Release|Any CPU
		{5CDBD662-9DA0-429B-9E84-4A3142393EAC}.Release|x64.Build.0 = Release|Any CPU
		{5CDBD662-9DA0-429B-9E84-4A3142393EAC}.Release|x86.ActiveCfg = Release|Any CPU
		{5CDBD662-9DA0-429B-9E84-4A3142393EAC}.Release|x86.Build.0 = Release|Any CPU
		{EFB2CBB2-AF0E-4758-800F-50FA97A49664}.Ad-Hoc|Any CPU.ActiveCfg = Debug|Any CPU
		{EFB2CBB2-AF0E-4758-800F-50FA97A49664}.Ad-Hoc|Any CPU.Build.0 = Debug|Any CPU
		{EFB2CBB2-AF0E-4758-800F-50FA97A49664}.Ad-Hoc|ARM.ActiveCfg = Debug|Any CPU
		{EFB2CBB2-AF0E-4758-800F-50FA97A49664}.Ad-Hoc|ARM.Build.0 = Debug|Any CPU
		{EFB2CBB2-AF0E-4758-800F-50FA97A49664}.Ad-Hoc|arm64.ActiveCfg = Release|Any CPU
		{EFB2CBB2-AF0E-4758-800F-50FA97A49664}.Ad-Hoc|arm64.Build.0 = Release|Any CPU
		{EFB2CBB2-AF0E-4758-800F-50FA97A49664}.Ad-Hoc|iPhone.ActiveCfg = Debug|Any CPU
		{EFB2CBB2-AF0E-4758-800F-50FA97A49664}.Ad-Hoc|iPhone.Build.0 = Debug|Any CPU
		{EFB2CBB2-AF0E-4758-800F-50FA97A49664}.Ad-Hoc|iPhoneSimulator.ActiveCfg = Debug|Any CPU
		{EFB2CBB2-AF0E-4758-800F-50FA97A49664}.Ad-Hoc|iPhoneSimulator.Build.0 = Debug|Any CPU
		{EFB2CBB2-AF0E-4758-800F-50FA97A49664}.Ad-Hoc|x64.ActiveCfg = Debug|Any CPU
		{EFB2CBB2-AF0E-4758-800F-50FA97A49664}.Ad-Hoc|x64.Build.0 = Debug|Any CPU
		{EFB2CBB2-AF0E-4758-800F-50FA97A49664}.Ad-Hoc|x86.ActiveCfg = Debug|Any CPU
		{EFB2CBB2-AF0E-4758-800F-50FA97A49664}.Ad-Hoc|x86.Build.0 = Debug|Any CPU
		{EFB2CBB2-AF0E-4758-800F-50FA97A49664}.AppStore|Any CPU.ActiveCfg = Debug|Any CPU
		{EFB2CBB2-AF0E-4758-800F-50FA97A49664}.AppStore|Any CPU.Build.0 = Debug|Any CPU
		{EFB2CBB2-AF0E-4758-800F-50FA97A49664}.AppStore|ARM.ActiveCfg = Debug|Any CPU
		{EFB2CBB2-AF0E-4758-800F-50FA97A49664}.AppStore|ARM.Build.0 = Debug|Any CPU
		{EFB2CBB2-AF0E-4758-800F-50FA97A49664}.AppStore|arm64.ActiveCfg = Release|Any CPU
		{EFB2CBB2-AF0E-4758-800F-50FA97A49664}.AppStore|arm64.Build.0 = Release|Any CPU
		{EFB2CBB2-AF0E-4758-800F-50FA97A49664}.AppStore|iPhone.ActiveCfg = Debug|Any CPU
		{EFB2CBB2-AF0E-4758-800F-50FA97A49664}.AppStore|iPhone.Build.0 = Debug|Any CPU
		{EFB2CBB2-AF0E-4758-800F-50FA97A49664}.AppStore|iPhoneSimulator.ActiveCfg = Debug|Any CPU
		{EFB2CBB2-AF0E-4758-800F-50FA97A49664}.AppStore|iPhoneSimulator.Build.0 = Debug|Any CPU
		{EFB2CBB2-AF0E-4758-800F-50FA97A49664}.AppStore|x64.ActiveCfg = Debug|Any CPU
		{EFB2CBB2-AF0E-4758-800F-50FA97A49664}.AppStore|x64.Build.0 = Debug|Any CPU
		{EFB2CBB2-AF0E-4758-800F-50FA97A49664}.AppStore|x86.ActiveCfg = Debug|Any CPU
		{EFB2CBB2-AF0E-4758-800F-50FA97A49664}.AppStore|x86.Build.0 = Debug|Any CPU
		{EFB2CBB2-AF0E-4758-800F-50FA97A49664}.Debug|Any CPU.ActiveCfg = Debug|Any CPU
		{EFB2CBB2-AF0E-4758-800F-50FA97A49664}.Debug|Any CPU.Build.0 = Debug|Any CPU
		{EFB2CBB2-AF0E-4758-800F-50FA97A49664}.Debug|ARM.ActiveCfg = Debug|Any CPU
		{EFB2CBB2-AF0E-4758-800F-50FA97A49664}.Debug|ARM.Build.0 = Debug|Any CPU
		{EFB2CBB2-AF0E-4758-800F-50FA97A49664}.Debug|arm64.ActiveCfg = Debug|Any CPU
		{EFB2CBB2-AF0E-4758-800F-50FA97A49664}.Debug|arm64.Build.0 = Debug|Any CPU
		{EFB2CBB2-AF0E-4758-800F-50FA97A49664}.Debug|iPhone.ActiveCfg = Debug|Any CPU
		{EFB2CBB2-AF0E-4758-800F-50FA97A49664}.Debug|iPhone.Build.0 = Debug|Any CPU
		{EFB2CBB2-AF0E-4758-800F-50FA97A49664}.Debug|iPhoneSimulator.ActiveCfg = Debug|Any CPU
		{EFB2CBB2-AF0E-4758-800F-50FA97A49664}.Debug|iPhoneSimulator.Build.0 = Debug|Any CPU
		{EFB2CBB2-AF0E-4758-800F-50FA97A49664}.Debug|x64.ActiveCfg = Debug|Any CPU
		{EFB2CBB2-AF0E-4758-800F-50FA97A49664}.Debug|x64.Build.0 = Debug|Any CPU
		{EFB2CBB2-AF0E-4758-800F-50FA97A49664}.Debug|x86.ActiveCfg = Debug|Any CPU
		{EFB2CBB2-AF0E-4758-800F-50FA97A49664}.Debug|x86.Build.0 = Debug|Any CPU
		{EFB2CBB2-AF0E-4758-800F-50FA97A49664}.Release|Any CPU.ActiveCfg = Release|Any CPU
		{EFB2CBB2-AF0E-4758-800F-50FA97A49664}.Release|Any CPU.Build.0 = Release|Any CPU
		{EFB2CBB2-AF0E-4758-800F-50FA97A49664}.Release|ARM.ActiveCfg = Release|Any CPU
		{EFB2CBB2-AF0E-4758-800F-50FA97A49664}.Release|ARM.Build.0 = Release|Any CPU
		{EFB2CBB2-AF0E-4758-800F-50FA97A49664}.Release|arm64.ActiveCfg = Release|Any CPU
		{EFB2CBB2-AF0E-4758-800F-50FA97A49664}.Release|arm64.Build.0 = Release|Any CPU
		{EFB2CBB2-AF0E-4758-800F-50FA97A49664}.Release|iPhone.ActiveCfg = Release|Any CPU
		{EFB2CBB2-AF0E-4758-800F-50FA97A49664}.Release|iPhone.Build.0 = Release|Any CPU
		{EFB2CBB2-AF0E-4758-800F-50FA97A49664}.Release|iPhoneSimulator.ActiveCfg = Release|Any CPU
		{EFB2CBB2-AF0E-4758-800F-50FA97A49664}.Release|iPhoneSimulator.Build.0 = Release|Any CPU
		{EFB2CBB2-AF0E-4758-800F-50FA97A49664}.Release|x64.ActiveCfg = Release|Any CPU
		{EFB2CBB2-AF0E-4758-800F-50FA97A49664}.Release|x64.Build.0 = Release|Any CPU
		{EFB2CBB2-AF0E-4758-800F-50FA97A49664}.Release|x86.ActiveCfg = Release|Any CPU
		{EFB2CBB2-AF0E-4758-800F-50FA97A49664}.Release|x86.Build.0 = Release|Any CPU
		{31425516-1131-49DE-9B6D-2979AB7A44D8}.Ad-Hoc|Any CPU.ActiveCfg = Debug|Any CPU
		{31425516-1131-49DE-9B6D-2979AB7A44D8}.Ad-Hoc|Any CPU.Build.0 = Debug|Any CPU
		{31425516-1131-49DE-9B6D-2979AB7A44D8}.Ad-Hoc|ARM.ActiveCfg = Debug|Any CPU
		{31425516-1131-49DE-9B6D-2979AB7A44D8}.Ad-Hoc|ARM.Build.0 = Debug|Any CPU
		{31425516-1131-49DE-9B6D-2979AB7A44D8}.Ad-Hoc|arm64.ActiveCfg = Release|Any CPU
		{31425516-1131-49DE-9B6D-2979AB7A44D8}.Ad-Hoc|arm64.Build.0 = Release|Any CPU
		{31425516-1131-49DE-9B6D-2979AB7A44D8}.Ad-Hoc|iPhone.ActiveCfg = Debug|Any CPU
		{31425516-1131-49DE-9B6D-2979AB7A44D8}.Ad-Hoc|iPhone.Build.0 = Debug|Any CPU
		{31425516-1131-49DE-9B6D-2979AB7A44D8}.Ad-Hoc|iPhoneSimulator.ActiveCfg = Debug|Any CPU
		{31425516-1131-49DE-9B6D-2979AB7A44D8}.Ad-Hoc|iPhoneSimulator.Build.0 = Debug|Any CPU
		{31425516-1131-49DE-9B6D-2979AB7A44D8}.Ad-Hoc|x64.ActiveCfg = Debug|Any CPU
		{31425516-1131-49DE-9B6D-2979AB7A44D8}.Ad-Hoc|x64.Build.0 = Debug|Any CPU
		{31425516-1131-49DE-9B6D-2979AB7A44D8}.Ad-Hoc|x86.ActiveCfg = Debug|Any CPU
		{31425516-1131-49DE-9B6D-2979AB7A44D8}.Ad-Hoc|x86.Build.0 = Debug|Any CPU
		{31425516-1131-49DE-9B6D-2979AB7A44D8}.AppStore|Any CPU.ActiveCfg = Debug|Any CPU
		{31425516-1131-49DE-9B6D-2979AB7A44D8}.AppStore|Any CPU.Build.0 = Debug|Any CPU
		{31425516-1131-49DE-9B6D-2979AB7A44D8}.AppStore|ARM.ActiveCfg = Debug|Any CPU
		{31425516-1131-49DE-9B6D-2979AB7A44D8}.AppStore|ARM.Build.0 = Debug|Any CPU
		{31425516-1131-49DE-9B6D-2979AB7A44D8}.AppStore|arm64.ActiveCfg = Release|Any CPU
		{31425516-1131-49DE-9B6D-2979AB7A44D8}.AppStore|arm64.Build.0 = Release|Any CPU
		{31425516-1131-49DE-9B6D-2979AB7A44D8}.AppStore|iPhone.ActiveCfg = Debug|Any CPU
		{31425516-1131-49DE-9B6D-2979AB7A44D8}.AppStore|iPhone.Build.0 = Debug|Any CPU
		{31425516-1131-49DE-9B6D-2979AB7A44D8}.AppStore|iPhoneSimulator.ActiveCfg = Debug|Any CPU
		{31425516-1131-49DE-9B6D-2979AB7A44D8}.AppStore|iPhoneSimulator.Build.0 = Debug|Any CPU
		{31425516-1131-49DE-9B6D-2979AB7A44D8}.AppStore|x64.ActiveCfg = Debug|Any CPU
		{31425516-1131-49DE-9B6D-2979AB7A44D8}.AppStore|x64.Build.0 = Debug|Any CPU
		{31425516-1131-49DE-9B6D-2979AB7A44D8}.AppStore|x86.ActiveCfg = Debug|Any CPU
		{31425516-1131-49DE-9B6D-2979AB7A44D8}.AppStore|x86.Build.0 = Debug|Any CPU
		{31425516-1131-49DE-9B6D-2979AB7A44D8}.Debug|Any CPU.ActiveCfg = Debug|Any CPU
		{31425516-1131-49DE-9B6D-2979AB7A44D8}.Debug|Any CPU.Build.0 = Debug|Any CPU
		{31425516-1131-49DE-9B6D-2979AB7A44D8}.Debug|ARM.ActiveCfg = Debug|Any CPU
		{31425516-1131-49DE-9B6D-2979AB7A44D8}.Debug|ARM.Build.0 = Debug|Any CPU
		{31425516-1131-49DE-9B6D-2979AB7A44D8}.Debug|arm64.ActiveCfg = Debug|Any CPU
		{31425516-1131-49DE-9B6D-2979AB7A44D8}.Debug|arm64.Build.0 = Debug|Any CPU
		{31425516-1131-49DE-9B6D-2979AB7A44D8}.Debug|iPhone.ActiveCfg = Debug|Any CPU
		{31425516-1131-49DE-9B6D-2979AB7A44D8}.Debug|iPhone.Build.0 = Debug|Any CPU
		{31425516-1131-49DE-9B6D-2979AB7A44D8}.Debug|iPhoneSimulator.ActiveCfg = Debug|Any CPU
		{31425516-1131-49DE-9B6D-2979AB7A44D8}.Debug|iPhoneSimulator.Build.0 = Debug|Any CPU
		{31425516-1131-49DE-9B6D-2979AB7A44D8}.Debug|x64.ActiveCfg = Debug|Any CPU
		{31425516-1131-49DE-9B6D-2979AB7A44D8}.Debug|x64.Build.0 = Debug|Any CPU
		{31425516-1131-49DE-9B6D-2979AB7A44D8}.Debug|x86.ActiveCfg = Debug|Any CPU
		{31425516-1131-49DE-9B6D-2979AB7A44D8}.Debug|x86.Build.0 = Debug|Any CPU
		{31425516-1131-49DE-9B6D-2979AB7A44D8}.Release|Any CPU.ActiveCfg = Release|Any CPU
		{31425516-1131-49DE-9B6D-2979AB7A44D8}.Release|Any CPU.Build.0 = Release|Any CPU
		{31425516-1131-49DE-9B6D-2979AB7A44D8}.Release|ARM.ActiveCfg = Release|Any CPU
		{31425516-1131-49DE-9B6D-2979AB7A44D8}.Release|ARM.Build.0 = Release|Any CPU
		{31425516-1131-49DE-9B6D-2979AB7A44D8}.Release|arm64.ActiveCfg = Release|Any CPU
		{31425516-1131-49DE-9B6D-2979AB7A44D8}.Release|arm64.Build.0 = Release|Any CPU
		{31425516-1131-49DE-9B6D-2979AB7A44D8}.Release|iPhone.ActiveCfg = Release|Any CPU
		{31425516-1131-49DE-9B6D-2979AB7A44D8}.Release|iPhone.Build.0 = Release|Any CPU
		{31425516-1131-49DE-9B6D-2979AB7A44D8}.Release|iPhoneSimulator.ActiveCfg = Release|Any CPU
		{31425516-1131-49DE-9B6D-2979AB7A44D8}.Release|iPhoneSimulator.Build.0 = Release|Any CPU
		{31425516-1131-49DE-9B6D-2979AB7A44D8}.Release|x64.ActiveCfg = Release|Any CPU
		{31425516-1131-49DE-9B6D-2979AB7A44D8}.Release|x64.Build.0 = Release|Any CPU
		{31425516-1131-49DE-9B6D-2979AB7A44D8}.Release|x86.ActiveCfg = Release|Any CPU
		{31425516-1131-49DE-9B6D-2979AB7A44D8}.Release|x86.Build.0 = Release|Any CPU
		{CB0264E1-D81A-425A-BB41-553A44F5BFD9}.Ad-Hoc|Any CPU.ActiveCfg = Debug|Any CPU
		{CB0264E1-D81A-425A-BB41-553A44F5BFD9}.Ad-Hoc|Any CPU.Build.0 = Debug|Any CPU
		{CB0264E1-D81A-425A-BB41-553A44F5BFD9}.Ad-Hoc|ARM.ActiveCfg = Debug|Any CPU
		{CB0264E1-D81A-425A-BB41-553A44F5BFD9}.Ad-Hoc|ARM.Build.0 = Debug|Any CPU
		{CB0264E1-D81A-425A-BB41-553A44F5BFD9}.Ad-Hoc|arm64.ActiveCfg = Release|Any CPU
		{CB0264E1-D81A-425A-BB41-553A44F5BFD9}.Ad-Hoc|arm64.Build.0 = Release|Any CPU
		{CB0264E1-D81A-425A-BB41-553A44F5BFD9}.Ad-Hoc|iPhone.ActiveCfg = Debug|Any CPU
		{CB0264E1-D81A-425A-BB41-553A44F5BFD9}.Ad-Hoc|iPhone.Build.0 = Debug|Any CPU
		{CB0264E1-D81A-425A-BB41-553A44F5BFD9}.Ad-Hoc|iPhoneSimulator.ActiveCfg = Debug|Any CPU
		{CB0264E1-D81A-425A-BB41-553A44F5BFD9}.Ad-Hoc|iPhoneSimulator.Build.0 = Debug|Any CPU
		{CB0264E1-D81A-425A-BB41-553A44F5BFD9}.Ad-Hoc|x64.ActiveCfg = Debug|Any CPU
		{CB0264E1-D81A-425A-BB41-553A44F5BFD9}.Ad-Hoc|x64.Build.0 = Debug|Any CPU
		{CB0264E1-D81A-425A-BB41-553A44F5BFD9}.Ad-Hoc|x86.ActiveCfg = Debug|Any CPU
		{CB0264E1-D81A-425A-BB41-553A44F5BFD9}.Ad-Hoc|x86.Build.0 = Debug|Any CPU
		{CB0264E1-D81A-425A-BB41-553A44F5BFD9}.AppStore|Any CPU.ActiveCfg = Debug|Any CPU
		{CB0264E1-D81A-425A-BB41-553A44F5BFD9}.AppStore|Any CPU.Build.0 = Debug|Any CPU
		{CB0264E1-D81A-425A-BB41-553A44F5BFD9}.AppStore|ARM.ActiveCfg = Debug|Any CPU
		{CB0264E1-D81A-425A-BB41-553A44F5BFD9}.AppStore|ARM.Build.0 = Debug|Any CPU
		{CB0264E1-D81A-425A-BB41-553A44F5BFD9}.AppStore|arm64.ActiveCfg = Release|Any CPU
		{CB0264E1-D81A-425A-BB41-553A44F5BFD9}.AppStore|arm64.Build.0 = Release|Any CPU
		{CB0264E1-D81A-425A-BB41-553A44F5BFD9}.AppStore|iPhone.ActiveCfg = Debug|Any CPU
		{CB0264E1-D81A-425A-BB41-553A44F5BFD9}.AppStore|iPhone.Build.0 = Debug|Any CPU
		{CB0264E1-D81A-425A-BB41-553A44F5BFD9}.AppStore|iPhoneSimulator.ActiveCfg = Debug|Any CPU
		{CB0264E1-D81A-425A-BB41-553A44F5BFD9}.AppStore|iPhoneSimulator.Build.0 = Debug|Any CPU
		{CB0264E1-D81A-425A-BB41-553A44F5BFD9}.AppStore|x64.ActiveCfg = Debug|Any CPU
		{CB0264E1-D81A-425A-BB41-553A44F5BFD9}.AppStore|x64.Build.0 = Debug|Any CPU
		{CB0264E1-D81A-425A-BB41-553A44F5BFD9}.AppStore|x86.ActiveCfg = Debug|Any CPU
		{CB0264E1-D81A-425A-BB41-553A44F5BFD9}.AppStore|x86.Build.0 = Debug|Any CPU
		{CB0264E1-D81A-425A-BB41-553A44F5BFD9}.Debug|Any CPU.ActiveCfg = Debug|Any CPU
		{CB0264E1-D81A-425A-BB41-553A44F5BFD9}.Debug|Any CPU.Build.0 = Debug|Any CPU
		{CB0264E1-D81A-425A-BB41-553A44F5BFD9}.Debug|ARM.ActiveCfg = Debug|Any CPU
		{CB0264E1-D81A-425A-BB41-553A44F5BFD9}.Debug|ARM.Build.0 = Debug|Any CPU
		{CB0264E1-D81A-425A-BB41-553A44F5BFD9}.Debug|arm64.ActiveCfg = Debug|Any CPU
		{CB0264E1-D81A-425A-BB41-553A44F5BFD9}.Debug|arm64.Build.0 = Debug|Any CPU
		{CB0264E1-D81A-425A-BB41-553A44F5BFD9}.Debug|iPhone.ActiveCfg = Debug|Any CPU
		{CB0264E1-D81A-425A-BB41-553A44F5BFD9}.Debug|iPhone.Build.0 = Debug|Any CPU
		{CB0264E1-D81A-425A-BB41-553A44F5BFD9}.Debug|iPhoneSimulator.ActiveCfg = Debug|Any CPU
		{CB0264E1-D81A-425A-BB41-553A44F5BFD9}.Debug|iPhoneSimulator.Build.0 = Debug|Any CPU
		{CB0264E1-D81A-425A-BB41-553A44F5BFD9}.Debug|x64.ActiveCfg = Debug|Any CPU
		{CB0264E1-D81A-425A-BB41-553A44F5BFD9}.Debug|x64.Build.0 = Debug|Any CPU
		{CB0264E1-D81A-425A-BB41-553A44F5BFD9}.Debug|x86.ActiveCfg = Debug|Any CPU
		{CB0264E1-D81A-425A-BB41-553A44F5BFD9}.Debug|x86.Build.0 = Debug|Any CPU
		{CB0264E1-D81A-425A-BB41-553A44F5BFD9}.Release|Any CPU.ActiveCfg = Release|Any CPU
		{CB0264E1-D81A-425A-BB41-553A44F5BFD9}.Release|Any CPU.Build.0 = Release|Any CPU
		{CB0264E1-D81A-425A-BB41-553A44F5BFD9}.Release|ARM.ActiveCfg = Release|Any CPU
		{CB0264E1-D81A-425A-BB41-553A44F5BFD9}.Release|ARM.Build.0 = Release|Any CPU
		{CB0264E1-D81A-425A-BB41-553A44F5BFD9}.Release|arm64.ActiveCfg = Release|Any CPU
		{CB0264E1-D81A-425A-BB41-553A44F5BFD9}.Release|arm64.Build.0 = Release|Any CPU
		{CB0264E1-D81A-425A-BB41-553A44F5BFD9}.Release|iPhone.ActiveCfg = Release|Any CPU
		{CB0264E1-D81A-425A-BB41-553A44F5BFD9}.Release|iPhone.Build.0 = Release|Any CPU
		{CB0264E1-D81A-425A-BB41-553A44F5BFD9}.Release|iPhoneSimulator.ActiveCfg = Release|Any CPU
		{CB0264E1-D81A-425A-BB41-553A44F5BFD9}.Release|iPhoneSimulator.Build.0 = Release|Any CPU
		{CB0264E1-D81A-425A-BB41-553A44F5BFD9}.Release|x64.ActiveCfg = Release|Any CPU
		{CB0264E1-D81A-425A-BB41-553A44F5BFD9}.Release|x64.Build.0 = Release|Any CPU
		{CB0264E1-D81A-425A-BB41-553A44F5BFD9}.Release|x86.ActiveCfg = Release|Any CPU
		{CB0264E1-D81A-425A-BB41-553A44F5BFD9}.Release|x86.Build.0 = Release|Any CPU
		{C49BE5B6-E867-4688-97A8-ACA029C91EED}.Ad-Hoc|Any CPU.ActiveCfg = Debug|Any CPU
		{C49BE5B6-E867-4688-97A8-ACA029C91EED}.Ad-Hoc|Any CPU.Build.0 = Debug|Any CPU
		{C49BE5B6-E867-4688-97A8-ACA029C91EED}.Ad-Hoc|ARM.ActiveCfg = Debug|Any CPU
		{C49BE5B6-E867-4688-97A8-ACA029C91EED}.Ad-Hoc|ARM.Build.0 = Debug|Any CPU
		{C49BE5B6-E867-4688-97A8-ACA029C91EED}.Ad-Hoc|arm64.ActiveCfg = Release|Any CPU
		{C49BE5B6-E867-4688-97A8-ACA029C91EED}.Ad-Hoc|arm64.Build.0 = Release|Any CPU
		{C49BE5B6-E867-4688-97A8-ACA029C91EED}.Ad-Hoc|iPhone.ActiveCfg = Debug|Any CPU
		{C49BE5B6-E867-4688-97A8-ACA029C91EED}.Ad-Hoc|iPhone.Build.0 = Debug|Any CPU
		{C49BE5B6-E867-4688-97A8-ACA029C91EED}.Ad-Hoc|iPhoneSimulator.ActiveCfg = Debug|Any CPU
		{C49BE5B6-E867-4688-97A8-ACA029C91EED}.Ad-Hoc|iPhoneSimulator.Build.0 = Debug|Any CPU
		{C49BE5B6-E867-4688-97A8-ACA029C91EED}.Ad-Hoc|x64.ActiveCfg = Debug|Any CPU
		{C49BE5B6-E867-4688-97A8-ACA029C91EED}.Ad-Hoc|x64.Build.0 = Debug|Any CPU
		{C49BE5B6-E867-4688-97A8-ACA029C91EED}.Ad-Hoc|x86.ActiveCfg = Debug|Any CPU
		{C49BE5B6-E867-4688-97A8-ACA029C91EED}.Ad-Hoc|x86.Build.0 = Debug|Any CPU
		{C49BE5B6-E867-4688-97A8-ACA029C91EED}.AppStore|Any CPU.ActiveCfg = Debug|Any CPU
		{C49BE5B6-E867-4688-97A8-ACA029C91EED}.AppStore|Any CPU.Build.0 = Debug|Any CPU
		{C49BE5B6-E867-4688-97A8-ACA029C91EED}.AppStore|ARM.ActiveCfg = Debug|Any CPU
		{C49BE5B6-E867-4688-97A8-ACA029C91EED}.AppStore|ARM.Build.0 = Debug|Any CPU
		{C49BE5B6-E867-4688-97A8-ACA029C91EED}.AppStore|arm64.ActiveCfg = Release|Any CPU
		{C49BE5B6-E867-4688-97A8-ACA029C91EED}.AppStore|arm64.Build.0 = Release|Any CPU
		{C49BE5B6-E867-4688-97A8-ACA029C91EED}.AppStore|iPhone.ActiveCfg = Debug|Any CPU
		{C49BE5B6-E867-4688-97A8-ACA029C91EED}.AppStore|iPhone.Build.0 = Debug|Any CPU
		{C49BE5B6-E867-4688-97A8-ACA029C91EED}.AppStore|iPhoneSimulator.ActiveCfg = Debug|Any CPU
		{C49BE5B6-E867-4688-97A8-ACA029C91EED}.AppStore|iPhoneSimulator.Build.0 = Debug|Any CPU
		{C49BE5B6-E867-4688-97A8-ACA029C91EED}.AppStore|x64.ActiveCfg = Debug|Any CPU
		{C49BE5B6-E867-4688-97A8-ACA029C91EED}.AppStore|x64.Build.0 = Debug|Any CPU
		{C49BE5B6-E867-4688-97A8-ACA029C91EED}.AppStore|x86.ActiveCfg = Debug|Any CPU
		{C49BE5B6-E867-4688-97A8-ACA029C91EED}.AppStore|x86.Build.0 = Debug|Any CPU
		{C49BE5B6-E867-4688-97A8-ACA029C91EED}.Debug|Any CPU.ActiveCfg = Debug|Any CPU
		{C49BE5B6-E867-4688-97A8-ACA029C91EED}.Debug|Any CPU.Build.0 = Debug|Any CPU
		{C49BE5B6-E867-4688-97A8-ACA029C91EED}.Debug|ARM.ActiveCfg = Debug|Any CPU
		{C49BE5B6-E867-4688-97A8-ACA029C91EED}.Debug|ARM.Build.0 = Debug|Any CPU
		{C49BE5B6-E867-4688-97A8-ACA029C91EED}.Debug|arm64.ActiveCfg = Debug|Any CPU
		{C49BE5B6-E867-4688-97A8-ACA029C91EED}.Debug|arm64.Build.0 = Debug|Any CPU
		{C49BE5B6-E867-4688-97A8-ACA029C91EED}.Debug|iPhone.ActiveCfg = Debug|Any CPU
		{C49BE5B6-E867-4688-97A8-ACA029C91EED}.Debug|iPhone.Build.0 = Debug|Any CPU
		{C49BE5B6-E867-4688-97A8-ACA029C91EED}.Debug|iPhoneSimulator.ActiveCfg = Debug|Any CPU
		{C49BE5B6-E867-4688-97A8-ACA029C91EED}.Debug|iPhoneSimulator.Build.0 = Debug|Any CPU
		{C49BE5B6-E867-4688-97A8-ACA029C91EED}.Debug|x64.ActiveCfg = Debug|Any CPU
		{C49BE5B6-E867-4688-97A8-ACA029C91EED}.Debug|x64.Build.0 = Debug|Any CPU
		{C49BE5B6-E867-4688-97A8-ACA029C91EED}.Debug|x86.ActiveCfg = Debug|Any CPU
		{C49BE5B6-E867-4688-97A8-ACA029C91EED}.Debug|x86.Build.0 = Debug|Any CPU
		{C49BE5B6-E867-4688-97A8-ACA029C91EED}.Release|Any CPU.ActiveCfg = Release|Any CPU
		{C49BE5B6-E867-4688-97A8-ACA029C91EED}.Release|Any CPU.Build.0 = Release|Any CPU
		{C49BE5B6-E867-4688-97A8-ACA029C91EED}.Release|ARM.ActiveCfg = Release|Any CPU
		{C49BE5B6-E867-4688-97A8-ACA029C91EED}.Release|ARM.Build.0 = Release|Any CPU
		{C49BE5B6-E867-4688-97A8-ACA029C91EED}.Release|arm64.ActiveCfg = Release|Any CPU
		{C49BE5B6-E867-4688-97A8-ACA029C91EED}.Release|arm64.Build.0 = Release|Any CPU
		{C49BE5B6-E867-4688-97A8-ACA029C91EED}.Release|iPhone.ActiveCfg = Release|Any CPU
		{C49BE5B6-E867-4688-97A8-ACA029C91EED}.Release|iPhone.Build.0 = Release|Any CPU
		{C49BE5B6-E867-4688-97A8-ACA029C91EED}.Release|iPhoneSimulator.ActiveCfg = Release|Any CPU
		{C49BE5B6-E867-4688-97A8-ACA029C91EED}.Release|iPhoneSimulator.Build.0 = Release|Any CPU
		{C49BE5B6-E867-4688-97A8-ACA029C91EED}.Release|x64.ActiveCfg = Release|Any CPU
		{C49BE5B6-E867-4688-97A8-ACA029C91EED}.Release|x64.Build.0 = Release|Any CPU
		{C49BE5B6-E867-4688-97A8-ACA029C91EED}.Release|x86.ActiveCfg = Release|Any CPU
		{C49BE5B6-E867-4688-97A8-ACA029C91EED}.Release|x86.Build.0 = Release|Any CPU
		{C2306C90-2667-4F81-BFD0-E4E932B0246E}.Ad-Hoc|Any CPU.ActiveCfg = Debug|Any CPU
		{C2306C90-2667-4F81-BFD0-E4E932B0246E}.Ad-Hoc|Any CPU.Build.0 = Debug|Any CPU
		{C2306C90-2667-4F81-BFD0-E4E932B0246E}.Ad-Hoc|ARM.ActiveCfg = Debug|Any CPU
		{C2306C90-2667-4F81-BFD0-E4E932B0246E}.Ad-Hoc|ARM.Build.0 = Debug|Any CPU
		{C2306C90-2667-4F81-BFD0-E4E932B0246E}.Ad-Hoc|arm64.ActiveCfg = Release|Any CPU
		{C2306C90-2667-4F81-BFD0-E4E932B0246E}.Ad-Hoc|arm64.Build.0 = Release|Any CPU
		{C2306C90-2667-4F81-BFD0-E4E932B0246E}.Ad-Hoc|iPhone.ActiveCfg = Debug|Any CPU
		{C2306C90-2667-4F81-BFD0-E4E932B0246E}.Ad-Hoc|iPhone.Build.0 = Debug|Any CPU
		{C2306C90-2667-4F81-BFD0-E4E932B0246E}.Ad-Hoc|iPhoneSimulator.ActiveCfg = Debug|Any CPU
		{C2306C90-2667-4F81-BFD0-E4E932B0246E}.Ad-Hoc|iPhoneSimulator.Build.0 = Debug|Any CPU
		{C2306C90-2667-4F81-BFD0-E4E932B0246E}.Ad-Hoc|x64.ActiveCfg = Debug|Any CPU
		{C2306C90-2667-4F81-BFD0-E4E932B0246E}.Ad-Hoc|x64.Build.0 = Debug|Any CPU
		{C2306C90-2667-4F81-BFD0-E4E932B0246E}.Ad-Hoc|x86.ActiveCfg = Debug|Any CPU
		{C2306C90-2667-4F81-BFD0-E4E932B0246E}.Ad-Hoc|x86.Build.0 = Debug|Any CPU
		{C2306C90-2667-4F81-BFD0-E4E932B0246E}.AppStore|Any CPU.ActiveCfg = Debug|Any CPU
		{C2306C90-2667-4F81-BFD0-E4E932B0246E}.AppStore|Any CPU.Build.0 = Debug|Any CPU
		{C2306C90-2667-4F81-BFD0-E4E932B0246E}.AppStore|ARM.ActiveCfg = Debug|Any CPU
		{C2306C90-2667-4F81-BFD0-E4E932B0246E}.AppStore|ARM.Build.0 = Debug|Any CPU
		{C2306C90-2667-4F81-BFD0-E4E932B0246E}.AppStore|arm64.ActiveCfg = Release|Any CPU
		{C2306C90-2667-4F81-BFD0-E4E932B0246E}.AppStore|arm64.Build.0 = Release|Any CPU
		{C2306C90-2667-4F81-BFD0-E4E932B0246E}.AppStore|iPhone.ActiveCfg = Debug|Any CPU
		{C2306C90-2667-4F81-BFD0-E4E932B0246E}.AppStore|iPhone.Build.0 = Debug|Any CPU
		{C2306C90-2667-4F81-BFD0-E4E932B0246E}.AppStore|iPhoneSimulator.ActiveCfg = Debug|Any CPU
		{C2306C90-2667-4F81-BFD0-E4E932B0246E}.AppStore|iPhoneSimulator.Build.0 = Debug|Any CPU
		{C2306C90-2667-4F81-BFD0-E4E932B0246E}.AppStore|x64.ActiveCfg = Debug|Any CPU
		{C2306C90-2667-4F81-BFD0-E4E932B0246E}.AppStore|x64.Build.0 = Debug|Any CPU
		{C2306C90-2667-4F81-BFD0-E4E932B0246E}.AppStore|x86.ActiveCfg = Debug|Any CPU
		{C2306C90-2667-4F81-BFD0-E4E932B0246E}.AppStore|x86.Build.0 = Debug|Any CPU
		{C2306C90-2667-4F81-BFD0-E4E932B0246E}.Debug|Any CPU.ActiveCfg = Debug|Any CPU
		{C2306C90-2667-4F81-BFD0-E4E932B0246E}.Debug|Any CPU.Build.0 = Debug|Any CPU
		{C2306C90-2667-4F81-BFD0-E4E932B0246E}.Debug|ARM.ActiveCfg = Debug|Any CPU
		{C2306C90-2667-4F81-BFD0-E4E932B0246E}.Debug|ARM.Build.0 = Debug|Any CPU
		{C2306C90-2667-4F81-BFD0-E4E932B0246E}.Debug|arm64.ActiveCfg = Debug|Any CPU
		{C2306C90-2667-4F81-BFD0-E4E932B0246E}.Debug|arm64.Build.0 = Debug|Any CPU
		{C2306C90-2667-4F81-BFD0-E4E932B0246E}.Debug|iPhone.ActiveCfg = Debug|Any CPU
		{C2306C90-2667-4F81-BFD0-E4E932B0246E}.Debug|iPhone.Build.0 = Debug|Any CPU
		{C2306C90-2667-4F81-BFD0-E4E932B0246E}.Debug|iPhoneSimulator.ActiveCfg = Debug|Any CPU
		{C2306C90-2667-4F81-BFD0-E4E932B0246E}.Debug|iPhoneSimulator.Build.0 = Debug|Any CPU
		{C2306C90-2667-4F81-BFD0-E4E932B0246E}.Debug|x64.ActiveCfg = Debug|Any CPU
		{C2306C90-2667-4F81-BFD0-E4E932B0246E}.Debug|x64.Build.0 = Debug|Any CPU
		{C2306C90-2667-4F81-BFD0-E4E932B0246E}.Debug|x86.ActiveCfg = Debug|Any CPU
		{C2306C90-2667-4F81-BFD0-E4E932B0246E}.Debug|x86.Build.0 = Debug|Any CPU
		{C2306C90-2667-4F81-BFD0-E4E932B0246E}.Release|Any CPU.ActiveCfg = Release|Any CPU
		{C2306C90-2667-4F81-BFD0-E4E932B0246E}.Release|Any CPU.Build.0 = Release|Any CPU
		{C2306C90-2667-4F81-BFD0-E4E932B0246E}.Release|ARM.ActiveCfg = Release|Any CPU
		{C2306C90-2667-4F81-BFD0-E4E932B0246E}.Release|ARM.Build.0 = Release|Any CPU
		{C2306C90-2667-4F81-BFD0-E4E932B0246E}.Release|arm64.ActiveCfg = Release|Any CPU
		{C2306C90-2667-4F81-BFD0-E4E932B0246E}.Release|arm64.Build.0 = Release|Any CPU
		{C2306C90-2667-4F81-BFD0-E4E932B0246E}.Release|iPhone.ActiveCfg = Release|Any CPU
		{C2306C90-2667-4F81-BFD0-E4E932B0246E}.Release|iPhone.Build.0 = Release|Any CPU
		{C2306C90-2667-4F81-BFD0-E4E932B0246E}.Release|iPhoneSimulator.ActiveCfg = Release|Any CPU
		{C2306C90-2667-4F81-BFD0-E4E932B0246E}.Release|iPhoneSimulator.Build.0 = Release|Any CPU
		{C2306C90-2667-4F81-BFD0-E4E932B0246E}.Release|x64.ActiveCfg = Release|Any CPU
		{C2306C90-2667-4F81-BFD0-E4E932B0246E}.Release|x64.Build.0 = Release|Any CPU
		{C2306C90-2667-4F81-BFD0-E4E932B0246E}.Release|x86.ActiveCfg = Release|Any CPU
		{C2306C90-2667-4F81-BFD0-E4E932B0246E}.Release|x86.Build.0 = Release|Any CPU
		{76A92C31-8C3D-4B6B-8795-695747D35BA8}.Ad-Hoc|Any CPU.ActiveCfg = Debug|x86
		{76A92C31-8C3D-4B6B-8795-695747D35BA8}.Ad-Hoc|Any CPU.Build.0 = Debug|x86
		{76A92C31-8C3D-4B6B-8795-695747D35BA8}.Ad-Hoc|ARM.ActiveCfg = Debug|x86
		{76A92C31-8C3D-4B6B-8795-695747D35BA8}.Ad-Hoc|ARM.Build.0 = Debug|x86
		{76A92C31-8C3D-4B6B-8795-695747D35BA8}.Ad-Hoc|arm64.ActiveCfg = Debug|arm64
		{76A92C31-8C3D-4B6B-8795-695747D35BA8}.Ad-Hoc|arm64.Build.0 = Debug|arm64
		{76A92C31-8C3D-4B6B-8795-695747D35BA8}.Ad-Hoc|iPhone.ActiveCfg = Debug|x86
		{76A92C31-8C3D-4B6B-8795-695747D35BA8}.Ad-Hoc|iPhone.Build.0 = Debug|x86
		{76A92C31-8C3D-4B6B-8795-695747D35BA8}.Ad-Hoc|iPhoneSimulator.ActiveCfg = Debug|x86
		{76A92C31-8C3D-4B6B-8795-695747D35BA8}.Ad-Hoc|iPhoneSimulator.Build.0 = Debug|x86
		{76A92C31-8C3D-4B6B-8795-695747D35BA8}.Ad-Hoc|x64.ActiveCfg = Debug|x64
		{76A92C31-8C3D-4B6B-8795-695747D35BA8}.Ad-Hoc|x64.Build.0 = Debug|x64
		{76A92C31-8C3D-4B6B-8795-695747D35BA8}.Ad-Hoc|x86.ActiveCfg = Debug|x86
		{76A92C31-8C3D-4B6B-8795-695747D35BA8}.Ad-Hoc|x86.Build.0 = Debug|x86
		{76A92C31-8C3D-4B6B-8795-695747D35BA8}.AppStore|Any CPU.ActiveCfg = Debug|x86
		{76A92C31-8C3D-4B6B-8795-695747D35BA8}.AppStore|Any CPU.Build.0 = Debug|x86
		{76A92C31-8C3D-4B6B-8795-695747D35BA8}.AppStore|ARM.ActiveCfg = Debug|x86
		{76A92C31-8C3D-4B6B-8795-695747D35BA8}.AppStore|ARM.Build.0 = Debug|x86
		{76A92C31-8C3D-4B6B-8795-695747D35BA8}.AppStore|arm64.ActiveCfg = Debug|arm64
		{76A92C31-8C3D-4B6B-8795-695747D35BA8}.AppStore|arm64.Build.0 = Debug|arm64
		{76A92C31-8C3D-4B6B-8795-695747D35BA8}.AppStore|iPhone.ActiveCfg = Debug|x86
		{76A92C31-8C3D-4B6B-8795-695747D35BA8}.AppStore|iPhone.Build.0 = Debug|x86
		{76A92C31-8C3D-4B6B-8795-695747D35BA8}.AppStore|iPhoneSimulator.ActiveCfg = Debug|x86
		{76A92C31-8C3D-4B6B-8795-695747D35BA8}.AppStore|iPhoneSimulator.Build.0 = Debug|x86
		{76A92C31-8C3D-4B6B-8795-695747D35BA8}.AppStore|x64.ActiveCfg = Debug|x64
		{76A92C31-8C3D-4B6B-8795-695747D35BA8}.AppStore|x64.Build.0 = Debug|x64
		{76A92C31-8C3D-4B6B-8795-695747D35BA8}.AppStore|x86.ActiveCfg = Debug|x86
		{76A92C31-8C3D-4B6B-8795-695747D35BA8}.AppStore|x86.Build.0 = Debug|x86
		{76A92C31-8C3D-4B6B-8795-695747D35BA8}.Debug|Any CPU.ActiveCfg = Debug|x64
		{76A92C31-8C3D-4B6B-8795-695747D35BA8}.Debug|Any CPU.Build.0 = Debug|x64
		{76A92C31-8C3D-4B6B-8795-695747D35BA8}.Debug|ARM.ActiveCfg = Debug|x64
		{76A92C31-8C3D-4B6B-8795-695747D35BA8}.Debug|ARM.Build.0 = Debug|x64
		{76A92C31-8C3D-4B6B-8795-695747D35BA8}.Debug|arm64.ActiveCfg = Debug|arm64
		{76A92C31-8C3D-4B6B-8795-695747D35BA8}.Debug|arm64.Build.0 = Debug|arm64
		{76A92C31-8C3D-4B6B-8795-695747D35BA8}.Debug|iPhone.ActiveCfg = Debug|x64
		{76A92C31-8C3D-4B6B-8795-695747D35BA8}.Debug|iPhone.Build.0 = Debug|x64
		{76A92C31-8C3D-4B6B-8795-695747D35BA8}.Debug|iPhoneSimulator.ActiveCfg = Debug|x64
		{76A92C31-8C3D-4B6B-8795-695747D35BA8}.Debug|iPhoneSimulator.Build.0 = Debug|x64
		{76A92C31-8C3D-4B6B-8795-695747D35BA8}.Debug|x64.ActiveCfg = Debug|x64
		{76A92C31-8C3D-4B6B-8795-695747D35BA8}.Debug|x64.Build.0 = Debug|x64
		{76A92C31-8C3D-4B6B-8795-695747D35BA8}.Debug|x86.ActiveCfg = Debug|x86
		{76A92C31-8C3D-4B6B-8795-695747D35BA8}.Debug|x86.Build.0 = Debug|x86
		{76A92C31-8C3D-4B6B-8795-695747D35BA8}.Release|Any CPU.ActiveCfg = Release|x64
		{76A92C31-8C3D-4B6B-8795-695747D35BA8}.Release|Any CPU.Build.0 = Release|x64
		{76A92C31-8C3D-4B6B-8795-695747D35BA8}.Release|ARM.ActiveCfg = Release|x64
		{76A92C31-8C3D-4B6B-8795-695747D35BA8}.Release|ARM.Build.0 = Release|x64
		{76A92C31-8C3D-4B6B-8795-695747D35BA8}.Release|arm64.ActiveCfg = Release|arm64
		{76A92C31-8C3D-4B6B-8795-695747D35BA8}.Release|arm64.Build.0 = Release|arm64
		{76A92C31-8C3D-4B6B-8795-695747D35BA8}.Release|iPhone.ActiveCfg = Release|x64
		{76A92C31-8C3D-4B6B-8795-695747D35BA8}.Release|iPhone.Build.0 = Release|x64
		{76A92C31-8C3D-4B6B-8795-695747D35BA8}.Release|iPhoneSimulator.ActiveCfg = Release|x64
		{76A92C31-8C3D-4B6B-8795-695747D35BA8}.Release|iPhoneSimulator.Build.0 = Release|x64
		{76A92C31-8C3D-4B6B-8795-695747D35BA8}.Release|x64.ActiveCfg = Release|x64
		{76A92C31-8C3D-4B6B-8795-695747D35BA8}.Release|x64.Build.0 = Release|x64
		{76A92C31-8C3D-4B6B-8795-695747D35BA8}.Release|x86.ActiveCfg = Release|x86
		{76A92C31-8C3D-4B6B-8795-695747D35BA8}.Release|x86.Build.0 = Release|x86
		{950477E4-B5A3-4819-A5AF-D6AD8D787EBE}.Ad-Hoc|Any CPU.ActiveCfg = Debug|arm64
		{950477E4-B5A3-4819-A5AF-D6AD8D787EBE}.Ad-Hoc|Any CPU.Build.0 = Debug|arm64
		{950477E4-B5A3-4819-A5AF-D6AD8D787EBE}.Ad-Hoc|Any CPU.Deploy.0 = Debug|arm64
		{950477E4-B5A3-4819-A5AF-D6AD8D787EBE}.Ad-Hoc|ARM.ActiveCfg = Debug|arm64
		{950477E4-B5A3-4819-A5AF-D6AD8D787EBE}.Ad-Hoc|ARM.Build.0 = Debug|arm64
		{950477E4-B5A3-4819-A5AF-D6AD8D787EBE}.Ad-Hoc|ARM.Deploy.0 = Debug|arm64
		{950477E4-B5A3-4819-A5AF-D6AD8D787EBE}.Ad-Hoc|arm64.ActiveCfg = Debug|arm64
		{950477E4-B5A3-4819-A5AF-D6AD8D787EBE}.Ad-Hoc|arm64.Build.0 = Debug|arm64
		{950477E4-B5A3-4819-A5AF-D6AD8D787EBE}.Ad-Hoc|arm64.Deploy.0 = Debug|arm64
		{950477E4-B5A3-4819-A5AF-D6AD8D787EBE}.Ad-Hoc|iPhone.ActiveCfg = Debug|arm64
		{950477E4-B5A3-4819-A5AF-D6AD8D787EBE}.Ad-Hoc|iPhone.Build.0 = Debug|arm64
		{950477E4-B5A3-4819-A5AF-D6AD8D787EBE}.Ad-Hoc|iPhone.Deploy.0 = Debug|arm64
		{950477E4-B5A3-4819-A5AF-D6AD8D787EBE}.Ad-Hoc|iPhoneSimulator.ActiveCfg = Debug|arm64
		{950477E4-B5A3-4819-A5AF-D6AD8D787EBE}.Ad-Hoc|iPhoneSimulator.Build.0 = Debug|arm64
		{950477E4-B5A3-4819-A5AF-D6AD8D787EBE}.Ad-Hoc|iPhoneSimulator.Deploy.0 = Debug|arm64
		{950477E4-B5A3-4819-A5AF-D6AD8D787EBE}.Ad-Hoc|x64.ActiveCfg = Debug|x64
		{950477E4-B5A3-4819-A5AF-D6AD8D787EBE}.Ad-Hoc|x64.Build.0 = Debug|x64
		{950477E4-B5A3-4819-A5AF-D6AD8D787EBE}.Ad-Hoc|x64.Deploy.0 = Debug|x64
		{950477E4-B5A3-4819-A5AF-D6AD8D787EBE}.Ad-Hoc|x86.ActiveCfg = Debug|x86
		{950477E4-B5A3-4819-A5AF-D6AD8D787EBE}.Ad-Hoc|x86.Build.0 = Debug|x86
		{950477E4-B5A3-4819-A5AF-D6AD8D787EBE}.Ad-Hoc|x86.Deploy.0 = Debug|x86
		{950477E4-B5A3-4819-A5AF-D6AD8D787EBE}.AppStore|Any CPU.ActiveCfg = Debug|arm64
		{950477E4-B5A3-4819-A5AF-D6AD8D787EBE}.AppStore|Any CPU.Build.0 = Debug|arm64
		{950477E4-B5A3-4819-A5AF-D6AD8D787EBE}.AppStore|Any CPU.Deploy.0 = Debug|arm64
		{950477E4-B5A3-4819-A5AF-D6AD8D787EBE}.AppStore|ARM.ActiveCfg = Debug|arm64
		{950477E4-B5A3-4819-A5AF-D6AD8D787EBE}.AppStore|ARM.Build.0 = Debug|arm64
		{950477E4-B5A3-4819-A5AF-D6AD8D787EBE}.AppStore|ARM.Deploy.0 = Debug|arm64
		{950477E4-B5A3-4819-A5AF-D6AD8D787EBE}.AppStore|arm64.ActiveCfg = Debug|arm64
		{950477E4-B5A3-4819-A5AF-D6AD8D787EBE}.AppStore|arm64.Build.0 = Debug|arm64
		{950477E4-B5A3-4819-A5AF-D6AD8D787EBE}.AppStore|arm64.Deploy.0 = Debug|arm64
		{950477E4-B5A3-4819-A5AF-D6AD8D787EBE}.AppStore|iPhone.ActiveCfg = Debug|arm64
		{950477E4-B5A3-4819-A5AF-D6AD8D787EBE}.AppStore|iPhone.Build.0 = Debug|arm64
		{950477E4-B5A3-4819-A5AF-D6AD8D787EBE}.AppStore|iPhone.Deploy.0 = Debug|arm64
		{950477E4-B5A3-4819-A5AF-D6AD8D787EBE}.AppStore|iPhoneSimulator.ActiveCfg = Debug|arm64
		{950477E4-B5A3-4819-A5AF-D6AD8D787EBE}.AppStore|iPhoneSimulator.Build.0 = Debug|arm64
		{950477E4-B5A3-4819-A5AF-D6AD8D787EBE}.AppStore|iPhoneSimulator.Deploy.0 = Debug|arm64
		{950477E4-B5A3-4819-A5AF-D6AD8D787EBE}.AppStore|x64.ActiveCfg = Debug|x64
		{950477E4-B5A3-4819-A5AF-D6AD8D787EBE}.AppStore|x64.Build.0 = Debug|x64
		{950477E4-B5A3-4819-A5AF-D6AD8D787EBE}.AppStore|x64.Deploy.0 = Debug|x64
		{950477E4-B5A3-4819-A5AF-D6AD8D787EBE}.AppStore|x86.ActiveCfg = Debug|x86
		{950477E4-B5A3-4819-A5AF-D6AD8D787EBE}.AppStore|x86.Build.0 = Debug|x86
		{950477E4-B5A3-4819-A5AF-D6AD8D787EBE}.AppStore|x86.Deploy.0 = Debug|x86
		{950477E4-B5A3-4819-A5AF-D6AD8D787EBE}.Debug|Any CPU.ActiveCfg = Debug|x64
		{950477E4-B5A3-4819-A5AF-D6AD8D787EBE}.Debug|Any CPU.Build.0 = Debug|x64
		{950477E4-B5A3-4819-A5AF-D6AD8D787EBE}.Debug|Any CPU.Deploy.0 = Debug|x64
		{950477E4-B5A3-4819-A5AF-D6AD8D787EBE}.Debug|ARM.ActiveCfg = Debug|x64
		{950477E4-B5A3-4819-A5AF-D6AD8D787EBE}.Debug|ARM.Build.0 = Debug|x64
		{950477E4-B5A3-4819-A5AF-D6AD8D787EBE}.Debug|ARM.Deploy.0 = Debug|x64
		{950477E4-B5A3-4819-A5AF-D6AD8D787EBE}.Debug|arm64.ActiveCfg = Debug|arm64
		{950477E4-B5A3-4819-A5AF-D6AD8D787EBE}.Debug|arm64.Build.0 = Debug|arm64
		{950477E4-B5A3-4819-A5AF-D6AD8D787EBE}.Debug|arm64.Deploy.0 = Debug|arm64
		{950477E4-B5A3-4819-A5AF-D6AD8D787EBE}.Debug|iPhone.ActiveCfg = Debug|x64
		{950477E4-B5A3-4819-A5AF-D6AD8D787EBE}.Debug|iPhone.Build.0 = Debug|x64
		{950477E4-B5A3-4819-A5AF-D6AD8D787EBE}.Debug|iPhone.Deploy.0 = Debug|x64
		{950477E4-B5A3-4819-A5AF-D6AD8D787EBE}.Debug|iPhoneSimulator.ActiveCfg = Debug|x64
		{950477E4-B5A3-4819-A5AF-D6AD8D787EBE}.Debug|iPhoneSimulator.Build.0 = Debug|x64
		{950477E4-B5A3-4819-A5AF-D6AD8D787EBE}.Debug|iPhoneSimulator.Deploy.0 = Debug|x64
		{950477E4-B5A3-4819-A5AF-D6AD8D787EBE}.Debug|x64.ActiveCfg = Debug|x64
		{950477E4-B5A3-4819-A5AF-D6AD8D787EBE}.Debug|x64.Build.0 = Debug|x64
		{950477E4-B5A3-4819-A5AF-D6AD8D787EBE}.Debug|x64.Deploy.0 = Debug|x64
		{950477E4-B5A3-4819-A5AF-D6AD8D787EBE}.Debug|x86.ActiveCfg = Debug|x86
		{950477E4-B5A3-4819-A5AF-D6AD8D787EBE}.Debug|x86.Build.0 = Debug|x86
		{950477E4-B5A3-4819-A5AF-D6AD8D787EBE}.Debug|x86.Deploy.0 = Debug|x86
		{950477E4-B5A3-4819-A5AF-D6AD8D787EBE}.Release|Any CPU.ActiveCfg = Release|x64
		{950477E4-B5A3-4819-A5AF-D6AD8D787EBE}.Release|Any CPU.Build.0 = Release|x64
		{950477E4-B5A3-4819-A5AF-D6AD8D787EBE}.Release|Any CPU.Deploy.0 = Release|x64
		{950477E4-B5A3-4819-A5AF-D6AD8D787EBE}.Release|ARM.ActiveCfg = Release|x64
		{950477E4-B5A3-4819-A5AF-D6AD8D787EBE}.Release|ARM.Build.0 = Release|x64
		{950477E4-B5A3-4819-A5AF-D6AD8D787EBE}.Release|ARM.Deploy.0 = Release|x64
		{950477E4-B5A3-4819-A5AF-D6AD8D787EBE}.Release|arm64.ActiveCfg = Release|arm64
		{950477E4-B5A3-4819-A5AF-D6AD8D787EBE}.Release|arm64.Build.0 = Release|arm64
		{950477E4-B5A3-4819-A5AF-D6AD8D787EBE}.Release|arm64.Deploy.0 = Release|arm64
		{950477E4-B5A3-4819-A5AF-D6AD8D787EBE}.Release|iPhone.ActiveCfg = Release|x64
		{950477E4-B5A3-4819-A5AF-D6AD8D787EBE}.Release|iPhone.Build.0 = Release|x64
		{950477E4-B5A3-4819-A5AF-D6AD8D787EBE}.Release|iPhone.Deploy.0 = Release|x64
		{950477E4-B5A3-4819-A5AF-D6AD8D787EBE}.Release|iPhoneSimulator.ActiveCfg = Release|x64
		{950477E4-B5A3-4819-A5AF-D6AD8D787EBE}.Release|iPhoneSimulator.Build.0 = Release|x64
		{950477E4-B5A3-4819-A5AF-D6AD8D787EBE}.Release|iPhoneSimulator.Deploy.0 = Release|x64
		{950477E4-B5A3-4819-A5AF-D6AD8D787EBE}.Release|x64.ActiveCfg = Release|x64
		{950477E4-B5A3-4819-A5AF-D6AD8D787EBE}.Release|x64.Build.0 = Release|x64
		{950477E4-B5A3-4819-A5AF-D6AD8D787EBE}.Release|x64.Deploy.0 = Release|x64
		{950477E4-B5A3-4819-A5AF-D6AD8D787EBE}.Release|x86.ActiveCfg = Release|x86
		{950477E4-B5A3-4819-A5AF-D6AD8D787EBE}.Release|x86.Build.0 = Release|x86
		{950477E4-B5A3-4819-A5AF-D6AD8D787EBE}.Release|x86.Deploy.0 = Release|x86
	EndGlobalSection
	GlobalSection(SolutionProperties) = preSolution
		HideSolutionNode = FALSE
	EndGlobalSection
	GlobalSection(NestedProjects) = preSolution
		{2A53C117-0B2E-490C-81B5-3D6ADCE5735C} = {69A45CC6-0EED-46AE-B025-D180DC94406A}
		{416D6544-D045-479F-A665-A37E8B366F3D} = {69A45CC6-0EED-46AE-B025-D180DC94406A}
		{75E80166-9EF0-42AD-85E7-B4CE9CF97B9E} = {20463135-DA36-40DA-839D-33791F4A04BF}
		{449AF688-39D5-4E86-AB63-39501CF7C41F} = {20463135-DA36-40DA-839D-33791F4A04BF}
		{331F6668-B1FB-4C1C-B3A1-B6F2A0C9A065} = {20463135-DA36-40DA-839D-33791F4A04BF}
		{EFB2CBB2-AF0E-4758-800F-50FA97A49664} = {20463135-DA36-40DA-839D-33791F4A04BF}
		{31425516-1131-49DE-9B6D-2979AB7A44D8} = {20463135-DA36-40DA-839D-33791F4A04BF}
		{CB0264E1-D81A-425A-BB41-553A44F5BFD9} = {20463135-DA36-40DA-839D-33791F4A04BF}
		{C49BE5B6-E867-4688-97A8-ACA029C91EED} = {20463135-DA36-40DA-839D-33791F4A04BF}
		{C2306C90-2667-4F81-BFD0-E4E932B0246E} = {20463135-DA36-40DA-839D-33791F4A04BF}
	EndGlobalSection
	GlobalSection(ExtensibilityGlobals) = postSolution
		SolutionGuid = {0509B40D-2D0E-423A-8856-042EACDA2240}
	EndGlobalSection
EndGlobal
